PODS:
  - CorePlot (2.2)
  - HWExtension (1.0.5):
    - HWExtension/Category (= 1.0.5)
    - HWExtension/UI (= 1.0.5)
  - HWExtension/Category (1.0.5)
  - HWExtension/UI (1.0.5):
    - HWExtension/Category
    - HWExtension/UI/Graphic (= 1.0.5)
    - HWExtension/UI/ModalTransition (= 1.0.5)
    - HWExtension/UI/Router (= 1.0.5)
    - HWExtension/UI/UITableView+ViewModel (= 1.0.5)
  - HWExtension/UI/Graphic (1.0.5):
    - CorePlot (~> 2.2)
    - HWExtension/Category
  - HWExtension/UI/ModalTransition (1.0.5):
    - HWExtension/Category
  - HWExtension/UI/Router (1.0.5):
    - HWExtension/Category
    - JLRoutes (~> 2.1)
  - HWExtension/UI/UITableView+ViewModel (1.0.5):
    - HWExtension/Category
  - JLRoutes (2.1)

DEPENDENCIES:
  - HWExtension (from `../`)

EXTERNAL SOURCES:
  HWExtension:
    :path: ../

SPEC CHECKSUMS:
  CorePlot: cbe0c6e14220705e32e06a89c7d6a5a908b7d7d8
  HWExtension: dee734dbabaeb8cfef25383df7ff759294853e9f
  JLRoutes: d755245322b94227662ea3e43492fdca94e05c5b

PODFILE CHECKSUM: 481ee15298b7045d4ca319188309f30c036ad2d2

COCOAPODS: 1.4.0.rc.1
