// !$*UTF8*$!
{
	archiveVersion = 1;
	classes = {
	};
	objectVersion = 46;
	objects = {

/* Begin PBXBuildFile section */
		5D2A8ED620062B4B003C4BD4 /* NSMutableString+Category.m in Sources */ = {isa = PBXBuildFile; fileRef = 5D2A8E8F20062B4B003C4BD4 /* NSMutableString+Category.m */; };
		5D2A8ED720062B4B003C4BD4 /* UIImageView+Category.m in Sources */ = {isa = PBXBuildFile; fileRef = 5D2A8E9020062B4B003C4BD4 /* UIImageView+Category.m */; };
		5D2A8ED820062B4B003C4BD4 /* NSDate+Category.m in Sources */ = {isa = PBXBuildFile; fileRef = 5D2A8E9320062B4B003C4BD4 /* NSDate+Category.m */; };
		5D2A8ED920062B4B003C4BD4 /* UIView+Utils.m in Sources */ = {isa = PBXBuildFile; fileRef = 5D2A8E9420062B4B003C4BD4 /* UIView+Utils.m */; };
		5D2A8EDA20062B4B003C4BD4 /* NSArray+Category.m in Sources */ = {isa = PBXBuildFile; fileRef = 5D2A8E9720062B4B003C4BD4 /* NSArray+Category.m */; };
		5D2A8EDB20062B4B003C4BD4 /* WKWebView+Category.m in Sources */ = {isa = PBXBuildFile; fileRef = 5D2A8E9820062B4B003C4BD4 /* WKWebView+Category.m */; };
		5D2A8EDC20062B4B003C4BD4 /* UITableView+Category.m in Sources */ = {isa = PBXBuildFile; fileRef = 5D2A8E9920062B4B003C4BD4 /* UITableView+Category.m */; };
		5D2A8EDD20062B4B003C4BD4 /* UIImage+Category.m in Sources */ = {isa = PBXBuildFile; fileRef = 5D2A8E9A20062B4B003C4BD4 /* UIImage+Category.m */; };
		5D2A8EDE20062B4B003C4BD4 /* UINavigationController+Category.m in Sources */ = {isa = PBXBuildFile; fileRef = 5D2A8E9B20062B4B003C4BD4 /* UINavigationController+Category.m */; };
		5D2A8EDF20062B4B003C4BD4 /* UIButton+Category.m in Sources */ = {isa = PBXBuildFile; fileRef = 5D2A8E9F20062B4B003C4BD4 /* UIButton+Category.m */; };
		5D2A8EE020062B4B003C4BD4 /* UIControl+Category.m in Sources */ = {isa = PBXBuildFile; fileRef = 5D2A8EA320062B4B003C4BD4 /* UIControl+Category.m */; };
		5D2A8EE120062B4B003C4BD4 /* UIDevice+Category.m in Sources */ = {isa = PBXBuildFile; fileRef = 5D2A8EA520062B4B003C4BD4 /* UIDevice+Category.m */; };
		5D2A8EE220062B4B003C4BD4 /* UIBarButtonItem+Category.m in Sources */ = {isa = PBXBuildFile; fileRef = 5D2A8EA720062B4B003C4BD4 /* UIBarButtonItem+Category.m */; };
		5D2A8EE320062B4B003C4BD4 /* NSString+Category.m in Sources */ = {isa = PBXBuildFile; fileRef = 5D2A8EAB20062B4B003C4BD4 /* NSString+Category.m */; };
		5D2A8EE420062B4B003C4BD4 /* NSData+Category.m in Sources */ = {isa = PBXBuildFile; fileRef = 5D2A8EAC20062B4B003C4BD4 /* NSData+Category.m */; };
		5D2A8EE520062B4B003C4BD4 /* UIViewController+Category.m in Sources */ = {isa = PBXBuildFile; fileRef = 5D2A8EAF20062B4B003C4BD4 /* UIViewController+Category.m */; };
		5D2A8EE620062B4B003C4BD4 /* UIWebView+Category.m in Sources */ = {isa = PBXBuildFile; fileRef = 5D2A8EB720062B4B003C4BD4 /* UIWebView+Category.m */; };
		5D2A8EE820062B4B003C4BD4 /* NSObject+Category.m in Sources */ = {isa = PBXBuildFile; fileRef = 5D2A8EB920062B4B003C4BD4 /* NSObject+Category.m */; };
		5D2A8EE920062B4B003C4BD4 /* UIColor+Category.m in Sources */ = {isa = PBXBuildFile; fileRef = 5D2A8EBB20062B4B003C4BD4 /* UIColor+Category.m */; };
		5D2A8EEA20062B4B003C4BD4 /* UITableViewCell+Category.m in Sources */ = {isa = PBXBuildFile; fileRef = 5D2A8EBC20062B4B003C4BD4 /* UITableViewCell+Category.m */; };
		5D2A8EED20062B4B003C4BD4 /* NSAttributedString+Category.m in Sources */ = {isa = PBXBuildFile; fileRef = 5D2A8EC020062B4B003C4BD4 /* NSAttributedString+Category.m */; };
		5D2A8EEE20062B4B003C4BD4 /* NSTimer+Category.m in Sources */ = {isa = PBXBuildFile; fileRef = 5D2A8EC120062B4B003C4BD4 /* NSTimer+Category.m */; };
		5D2A8EEF20062B4B003C4BD4 /* NSMutableAttributedString+Category.m in Sources */ = {isa = PBXBuildFile; fileRef = 5D2A8EC220062B4B003C4BD4 /* NSMutableAttributedString+Category.m */; };
		5D2A8EF320062B4B003C4BD4 /* HWWebViewController.m in Sources */ = {isa = PBXBuildFile; fileRef = 5D2A8EC920062B4B003C4BD4 /* HWWebViewController.m */; };
		5D2A8EF420062B4B003C4BD4 /* HWDatePicker.m in Sources */ = {isa = PBXBuildFile; fileRef = 5D2A8ECB20062B4B003C4BD4 /* HWDatePicker.m */; };
		5D686CEA202C78D30049967A /* UIGestureRecognizer+Category.m in Sources */ = {isa = PBXBuildFile; fileRef = 5D686CE9202C78D30049967A /* UIGestureRecognizer+Category.m */; };
		5D68FCFD20468A5F00AEBE93 /* HWSandboxBrowserViewController.m in Sources */ = {isa = PBXBuildFile; fileRef = 5D68FCFC20468A5F00AEBE93 /* HWSandboxBrowserViewController.m */; };
		5D68FD072046A76000AEBE93 /* ToolResources.bundle in Resources */ = {isa = PBXBuildFile; fileRef = 5D68FD062046A76000AEBE93 /* ToolResources.bundle */; };
		5DBD183E200F471E005A94E3 /* HWFileHelper.m in Sources */ = {isa = PBXBuildFile; fileRef = 5DBD1838200F471D005A94E3 /* HWFileHelper.m */; };
		5DBD183F200F471E005A94E3 /* HWDirectoryWatcher.m in Sources */ = {isa = PBXBuildFile; fileRef = 5DBD1839200F471D005A94E3 /* HWDirectoryWatcher.m */; };
		5DCFDE702048FC7A000DF646 /* HWRootViewController.m in Sources */ = {isa = PBXBuildFile; fileRef = 5DCFDE6F2048FC7A000DF646 /* HWRootViewController.m */; };
		5DCFDE732048FD69000DF646 /* HWGraphicViewController.m in Sources */ = {isa = PBXBuildFile; fileRef = 5DCFDE722048FD69000DF646 /* HWGraphicViewController.m */; };
		5DCFDE7B20492CCC000DF646 /* HWInteractiveModalTransitionViewController.m in Sources */ = {isa = PBXBuildFile; fileRef = 5DCFDE7620492CCC000DF646 /* HWInteractiveModalTransitionViewController.m */; };
		5DCFDE7C20492CCC000DF646 /* HWInteractiveModalTransition.m in Sources */ = {isa = PBXBuildFile; fileRef = 5DCFDE7720492CCC000DF646 /* HWInteractiveModalTransition.m */; };
		5DCFDE7D20492CCC000DF646 /* HWInteractiveModalTransitionNavigationController.m in Sources */ = {isa = PBXBuildFile; fileRef = 5DCFDE7820492CCC000DF646 /* HWInteractiveModalTransitionNavigationController.m */; };
		5DCFE97F2011F8FC000C4AF9 /* HWSegmentedControl.m in Sources */ = {isa = PBXBuildFile; fileRef = 5DCFE97D2011F8FC000C4AF9 /* HWSegmentedControl.m */; };
		5DCFE98220120599000C4AF9 /* HWCountDownButton.m in Sources */ = {isa = PBXBuildFile; fileRef = 5DCFE98120120599000C4AF9 /* HWCountDownButton.m */; };
		5DE928D92048153200BCC3E3 /* HWXYGraphInteractionView.m in Sources */ = {isa = PBXBuildFile; fileRef = 5DE928D72048153200BCC3E3 /* HWXYGraphInteractionView.m */; };
		5DE928DA2048153200BCC3E3 /* HWXYGraphHostingView.m in Sources */ = {isa = PBXBuildFile; fileRef = 5DE928D82048153200BCC3E3 /* HWXYGraphHostingView.m */; };
		5DE928DD20481C7D00BCC3E3 /* CPTXYAxis+Category.m in Sources */ = {isa = PBXBuildFile; fileRef = 5DE928DC20481C7D00BCC3E3 /* CPTXYAxis+Category.m */; };
		5DE928E020481F9B00BCC3E3 /* UILabel+Category.m in Sources */ = {isa = PBXBuildFile; fileRef = 5DE928DF20481F9B00BCC3E3 /* UILabel+Category.m */; };
		5DF9EFE120108514001D9306 /* HWTableViewDataSource.m in Sources */ = {isa = PBXBuildFile; fileRef = 5DF9EFD820108514001D9306 /* HWTableViewDataSource.m */; };
		5DF9EFE220108514001D9306 /* HWTableViewViewModel.m in Sources */ = {isa = PBXBuildFile; fileRef = 5DF9EFD920108514001D9306 /* HWTableViewViewModel.m */; };
		5DF9EFE320108514001D9306 /* HWTableViewDelegate.m in Sources */ = {isa = PBXBuildFile; fileRef = 5DF9EFDE20108514001D9306 /* HWTableViewDelegate.m */; };
		5DF9EFE820108E5C001D9306 /* JSBundle.bundle in Resources */ = {isa = PBXBuildFile; fileRef = 5DF9EFE720108E5C001D9306 /* JSBundle.bundle */; };
		5DF9EFEB20109210001D9306 /* UITableView+ViewModel.m in Sources */ = {isa = PBXBuildFile; fileRef = 5DF9EFEA20109210001D9306 /* UITableView+ViewModel.m */; };
		5DF9EFEE20109562001D9306 /* UIGraphics+Extension.m in Sources */ = {isa = PBXBuildFile; fileRef = 5DF9EFED20109562001D9306 /* UIGraphics+Extension.m */; };
		6003F58E195388D20070C39A /* Foundation.framework in Frameworks */ = {isa = PBXBuildFile; fileRef = 6003F58D195388D20070C39A /* Foundation.framework */; };
		6003F590195388D20070C39A /* CoreGraphics.framework in Frameworks */ = {isa = PBXBuildFile; fileRef = 6003F58F195388D20070C39A /* CoreGraphics.framework */; };
		6003F592195388D20070C39A /* UIKit.framework in Frameworks */ = {isa = PBXBuildFile; fileRef = 6003F591195388D20070C39A /* UIKit.framework */; };
		6003F598195388D20070C39A /* InfoPlist.strings in Resources */ = {isa = PBXBuildFile; fileRef = 6003F596195388D20070C39A /* InfoPlist.strings */; };
		6003F59A195388D20070C39A /* main.m in Sources */ = {isa = PBXBuildFile; fileRef = 6003F599195388D20070C39A /* main.m */; };
		6003F59E195388D20070C39A /* HWAppDelegate.m in Sources */ = {isa = PBXBuildFile; fileRef = 6003F59D195388D20070C39A /* HWAppDelegate.m */; };
		6003F5A7195388D20070C39A /* HWViewController.m in Sources */ = {isa = PBXBuildFile; fileRef = 6003F5A6195388D20070C39A /* HWViewController.m */; };
		6003F5A9195388D20070C39A /* Images.xcassets in Resources */ = {isa = PBXBuildFile; fileRef = 6003F5A8195388D20070C39A /* Images.xcassets */; };
		6003F5B0195388D20070C39A /* XCTest.framework in Frameworks */ = {isa = PBXBuildFile; fileRef = 6003F5AF195388D20070C39A /* XCTest.framework */; };
		6003F5B1195388D20070C39A /* Foundation.framework in Frameworks */ = {isa = PBXBuildFile; fileRef = 6003F58D195388D20070C39A /* Foundation.framework */; };
		6003F5B2195388D20070C39A /* UIKit.framework in Frameworks */ = {isa = PBXBuildFile; fileRef = 6003F591195388D20070C39A /* UIKit.framework */; };
		6003F5BA195388D20070C39A /* InfoPlist.strings in Resources */ = {isa = PBXBuildFile; fileRef = 6003F5B8195388D20070C39A /* InfoPlist.strings */; };
		6003F5BC195388D20070C39A /* Tests.m in Sources */ = {isa = PBXBuildFile; fileRef = 6003F5BB195388D20070C39A /* Tests.m */; };
		71719F9F1E33DC2100824A3D /* LaunchScreen.storyboard in Resources */ = {isa = PBXBuildFile; fileRef = 71719F9D1E33DC2100824A3D /* LaunchScreen.storyboard */; };
		725FF6F6DBA16653447C2345 /* Pods_HWExtension_Tests.framework in Frameworks */ = {isa = PBXBuildFile; fileRef = 4E5D1EBC56FB55219C45FA64 /* Pods_HWExtension_Tests.framework */; };
		873B8AEB1B1F5CCA007FD442 /* Main.storyboard in Resources */ = {isa = PBXBuildFile; fileRef = 873B8AEA1B1F5CCA007FD442 /* Main.storyboard */; };
		A1783BB8DA644F88DDC9A7E6 /* Pods_HWExtension_Example.framework in Frameworks */ = {isa = PBXBuildFile; fileRef = 659E817D78D874311EA51AC4 /* Pods_HWExtension_Example.framework */; };
/* End PBXBuildFile section */

/* Begin PBXContainerItemProxy section */
		6003F5B3195388D20070C39A /* PBXContainerItemProxy */ = {
			isa = PBXContainerItemProxy;
			containerPortal = 6003F582195388D10070C39A /* Project object */;
			proxyType = 1;
			remoteGlobalIDString = 6003F589195388D20070C39A;
			remoteInfo = HWExtension;
		};
/* End PBXContainerItemProxy section */

/* Begin PBXFileReference section */
		19D44659F49D27AABC24C560 /* Pods-HWExtension_Tests.debug.xcconfig */ = {isa = PBXFileReference; includeInIndex = 1; lastKnownFileType = text.xcconfig; name = "Pods-HWExtension_Tests.debug.xcconfig"; path = "Pods/Target Support Files/Pods-HWExtension_Tests/Pods-HWExtension_Tests.debug.xcconfig"; sourceTree = "<group>"; };
		49BDB3F65C92762D1D6E1480 /* LICENSE */ = {isa = PBXFileReference; includeInIndex = 1; lastKnownFileType = text; name = LICENSE; path = ../LICENSE; sourceTree = "<group>"; };
		4E5D1EBC56FB55219C45FA64 /* Pods_HWExtension_Tests.framework */ = {isa = PBXFileReference; explicitFileType = wrapper.framework; includeInIndex = 0; path = Pods_HWExtension_Tests.framework; sourceTree = BUILT_PRODUCTS_DIR; };
		5D2A8E8F20062B4B003C4BD4 /* NSMutableString+Category.m */ = {isa = PBXFileReference; fileEncoding = 4; lastKnownFileType = sourcecode.c.objc; path = "NSMutableString+Category.m"; sourceTree = "<group>"; };
		5D2A8E9020062B4B003C4BD4 /* UIImageView+Category.m */ = {isa = PBXFileReference; fileEncoding = 4; lastKnownFileType = sourcecode.c.objc; path = "UIImageView+Category.m"; sourceTree = "<group>"; };
		5D2A8E9120062B4B003C4BD4 /* NSData+Category.h */ = {isa = PBXFileReference; fileEncoding = 4; lastKnownFileType = sourcecode.c.h; path = "NSData+Category.h"; sourceTree = "<group>"; };
		5D2A8E9220062B4B003C4BD4 /* NSString+Category.h */ = {isa = PBXFileReference; fileEncoding = 4; lastKnownFileType = sourcecode.c.h; path = "NSString+Category.h"; sourceTree = "<group>"; };
		5D2A8E9320062B4B003C4BD4 /* NSDate+Category.m */ = {isa = PBXFileReference; fileEncoding = 4; lastKnownFileType = sourcecode.c.objc; path = "NSDate+Category.m"; sourceTree = "<group>"; };
		5D2A8E9420062B4B003C4BD4 /* UIView+Utils.m */ = {isa = PBXFileReference; fileEncoding = 4; lastKnownFileType = sourcecode.c.objc; path = "UIView+Utils.m"; sourceTree = "<group>"; };
		5D2A8E9620062B4B003C4BD4 /* UIWebView+Category.h */ = {isa = PBXFileReference; fileEncoding = 4; lastKnownFileType = sourcecode.c.h; path = "UIWebView+Category.h"; sourceTree = "<group>"; };
		5D2A8E9720062B4B003C4BD4 /* NSArray+Category.m */ = {isa = PBXFileReference; fileEncoding = 4; lastKnownFileType = sourcecode.c.objc; path = "NSArray+Category.m"; sourceTree = "<group>"; };
		5D2A8E9820062B4B003C4BD4 /* WKWebView+Category.m */ = {isa = PBXFileReference; fileEncoding = 4; lastKnownFileType = sourcecode.c.objc; path = "WKWebView+Category.m"; sourceTree = "<group>"; };
		5D2A8E9920062B4B003C4BD4 /* UITableView+Category.m */ = {isa = PBXFileReference; fileEncoding = 4; lastKnownFileType = sourcecode.c.objc; path = "UITableView+Category.m"; sourceTree = "<group>"; };
		5D2A8E9A20062B4B003C4BD4 /* UIImage+Category.m */ = {isa = PBXFileReference; fileEncoding = 4; lastKnownFileType = sourcecode.c.objc; path = "UIImage+Category.m"; sourceTree = "<group>"; };
		5D2A8E9B20062B4B003C4BD4 /* UINavigationController+Category.m */ = {isa = PBXFileReference; fileEncoding = 4; lastKnownFileType = sourcecode.c.objc; path = "UINavigationController+Category.m"; sourceTree = "<group>"; };
		5D2A8E9C20062B4B003C4BD4 /* UIViewController+Category.h */ = {isa = PBXFileReference; fileEncoding = 4; lastKnownFileType = sourcecode.c.h; path = "UIViewController+Category.h"; sourceTree = "<group>"; };
		5D2A8E9D20062B4B003C4BD4 /* NSAttributedString+Category.h */ = {isa = PBXFileReference; fileEncoding = 4; lastKnownFileType = sourcecode.c.h; path = "NSAttributedString+Category.h"; sourceTree = "<group>"; };
		5D2A8E9E20062B4B003C4BD4 /* NSTimer+Category.h */ = {isa = PBXFileReference; fileEncoding = 4; lastKnownFileType = sourcecode.c.h; path = "NSTimer+Category.h"; sourceTree = "<group>"; };
		5D2A8E9F20062B4B003C4BD4 /* UIButton+Category.m */ = {isa = PBXFileReference; fileEncoding = 4; lastKnownFileType = sourcecode.c.objc; path = "UIButton+Category.m"; sourceTree = "<group>"; };
		5D2A8EA120062B4B003C4BD4 /* UITableViewCell+Category.h */ = {isa = PBXFileReference; fileEncoding = 4; lastKnownFileType = sourcecode.c.h; path = "UITableViewCell+Category.h"; sourceTree = "<group>"; };
		5D2A8EA220062B4B003C4BD4 /* UIColor+Category.h */ = {isa = PBXFileReference; fileEncoding = 4; lastKnownFileType = sourcecode.c.h; path = "UIColor+Category.h"; sourceTree = "<group>"; };
		5D2A8EA320062B4B003C4BD4 /* UIControl+Category.m */ = {isa = PBXFileReference; fileEncoding = 4; lastKnownFileType = sourcecode.c.objc; path = "UIControl+Category.m"; sourceTree = "<group>"; };
		5D2A8EA420062B4B003C4BD4 /* NSObject+Category.h */ = {isa = PBXFileReference; fileEncoding = 4; lastKnownFileType = sourcecode.c.h; path = "NSObject+Category.h"; sourceTree = "<group>"; };
		5D2A8EA520062B4B003C4BD4 /* UIDevice+Category.m */ = {isa = PBXFileReference; fileEncoding = 4; lastKnownFileType = sourcecode.c.objc; path = "UIDevice+Category.m"; sourceTree = "<group>"; };
		5D2A8EA620062B4B003C4BD4 /* HWEvaluateJavaScriptError.h */ = {isa = PBXFileReference; fileEncoding = 4; lastKnownFileType = sourcecode.c.h; path = HWEvaluateJavaScriptError.h; sourceTree = "<group>"; };
		5D2A8EA720062B4B003C4BD4 /* UIBarButtonItem+Category.m */ = {isa = PBXFileReference; fileEncoding = 4; lastKnownFileType = sourcecode.c.objc; path = "UIBarButtonItem+Category.m"; sourceTree = "<group>"; };
		5D2A8EA820062B4B003C4BD4 /* NSMutableAttributedString+Category.h */ = {isa = PBXFileReference; fileEncoding = 4; lastKnownFileType = sourcecode.c.h; path = "NSMutableAttributedString+Category.h"; sourceTree = "<group>"; };
		5D2A8EA920062B4B003C4BD4 /* NSDate+Category.h */ = {isa = PBXFileReference; fileEncoding = 4; lastKnownFileType = sourcecode.c.h; path = "NSDate+Category.h"; sourceTree = "<group>"; };
		5D2A8EAA20062B4B003C4BD4 /* UIView+Utils.h */ = {isa = PBXFileReference; fileEncoding = 4; lastKnownFileType = sourcecode.c.h; path = "UIView+Utils.h"; sourceTree = "<group>"; };
		5D2A8EAB20062B4B003C4BD4 /* NSString+Category.m */ = {isa = PBXFileReference; fileEncoding = 4; lastKnownFileType = sourcecode.c.objc; path = "NSString+Category.m"; sourceTree = "<group>"; };
		5D2A8EAC20062B4B003C4BD4 /* NSData+Category.m */ = {isa = PBXFileReference; fileEncoding = 4; lastKnownFileType = sourcecode.c.objc; path = "NSData+Category.m"; sourceTree = "<group>"; };
		5D2A8EAD20062B4B003C4BD4 /* UIImageView+Category.h */ = {isa = PBXFileReference; fileEncoding = 4; lastKnownFileType = sourcecode.c.h; path = "UIImageView+Category.h"; sourceTree = "<group>"; };
		5D2A8EAE20062B4B003C4BD4 /* NSMutableString+Category.h */ = {isa = PBXFileReference; fileEncoding = 4; lastKnownFileType = sourcecode.c.h; path = "NSMutableString+Category.h"; sourceTree = "<group>"; };
		5D2A8EAF20062B4B003C4BD4 /* UIViewController+Category.m */ = {isa = PBXFileReference; fileEncoding = 4; lastKnownFileType = sourcecode.c.objc; path = "UIViewController+Category.m"; sourceTree = "<group>"; };
		5D2A8EB020062B4B003C4BD4 /* HWHTTPCookieRuntimeSupport.h */ = {isa = PBXFileReference; fileEncoding = 4; lastKnownFileType = sourcecode.c.h; path = HWHTTPCookieRuntimeSupport.h; sourceTree = "<group>"; };
		5D2A8EB120062B4B003C4BD4 /* UINavigationController+Category.h */ = {isa = PBXFileReference; fileEncoding = 4; lastKnownFileType = sourcecode.c.h; path = "UINavigationController+Category.h"; sourceTree = "<group>"; };
		5D2A8EB220062B4B003C4BD4 /* HWCategorys.h */ = {isa = PBXFileReference; fileEncoding = 4; lastKnownFileType = sourcecode.c.h; path = HWCategorys.h; sourceTree = "<group>"; };
		5D2A8EB320062B4B003C4BD4 /* UIImage+Category.h */ = {isa = PBXFileReference; fileEncoding = 4; lastKnownFileType = sourcecode.c.h; path = "UIImage+Category.h"; sourceTree = "<group>"; };
		5D2A8EB420062B4B003C4BD4 /* UITableView+Category.h */ = {isa = PBXFileReference; fileEncoding = 4; lastKnownFileType = sourcecode.c.h; path = "UITableView+Category.h"; sourceTree = "<group>"; };
		5D2A8EB520062B4B003C4BD4 /* WKWebView+Category.h */ = {isa = PBXFileReference; fileEncoding = 4; lastKnownFileType = sourcecode.c.h; path = "WKWebView+Category.h"; sourceTree = "<group>"; };
		5D2A8EB620062B4B003C4BD4 /* NSArray+Category.h */ = {isa = PBXFileReference; fileEncoding = 4; lastKnownFileType = sourcecode.c.h; path = "NSArray+Category.h"; sourceTree = "<group>"; };
		5D2A8EB720062B4B003C4BD4 /* UIWebView+Category.m */ = {isa = PBXFileReference; fileEncoding = 4; lastKnownFileType = sourcecode.c.objc; path = "UIWebView+Category.m"; sourceTree = "<group>"; };
		5D2A8EB920062B4B003C4BD4 /* NSObject+Category.m */ = {isa = PBXFileReference; fileEncoding = 4; lastKnownFileType = sourcecode.c.objc; path = "NSObject+Category.m"; sourceTree = "<group>"; };
		5D2A8EBA20062B4B003C4BD4 /* UIControl+Category.h */ = {isa = PBXFileReference; fileEncoding = 4; lastKnownFileType = sourcecode.c.h; path = "UIControl+Category.h"; sourceTree = "<group>"; };
		5D2A8EBB20062B4B003C4BD4 /* UIColor+Category.m */ = {isa = PBXFileReference; fileEncoding = 4; lastKnownFileType = sourcecode.c.objc; path = "UIColor+Category.m"; sourceTree = "<group>"; };
		5D2A8EBC20062B4B003C4BD4 /* UITableViewCell+Category.m */ = {isa = PBXFileReference; fileEncoding = 4; lastKnownFileType = sourcecode.c.objc; path = "UITableViewCell+Category.m"; sourceTree = "<group>"; };
		5D2A8EBD20062B4B003C4BD4 /* UIButton+Category.h */ = {isa = PBXFileReference; fileEncoding = 4; lastKnownFileType = sourcecode.c.h; path = "UIButton+Category.h"; sourceTree = "<group>"; };
		5D2A8EC020062B4B003C4BD4 /* NSAttributedString+Category.m */ = {isa = PBXFileReference; fileEncoding = 4; lastKnownFileType = sourcecode.c.objc; path = "NSAttributedString+Category.m"; sourceTree = "<group>"; };
		5D2A8EC120062B4B003C4BD4 /* NSTimer+Category.m */ = {isa = PBXFileReference; fileEncoding = 4; lastKnownFileType = sourcecode.c.objc; path = "NSTimer+Category.m"; sourceTree = "<group>"; };
		5D2A8EC220062B4B003C4BD4 /* NSMutableAttributedString+Category.m */ = {isa = PBXFileReference; fileEncoding = 4; lastKnownFileType = sourcecode.c.objc; path = "NSMutableAttributedString+Category.m"; sourceTree = "<group>"; };
		5D2A8EC320062B4B003C4BD4 /* UIDevice+Category.h */ = {isa = PBXFileReference; fileEncoding = 4; lastKnownFileType = sourcecode.c.h; path = "UIDevice+Category.h"; sourceTree = "<group>"; };
		5D2A8EC420062B4B003C4BD4 /* UIBarButtonItem+Category.h */ = {isa = PBXFileReference; fileEncoding = 4; lastKnownFileType = sourcecode.c.h; path = "UIBarButtonItem+Category.h"; sourceTree = "<group>"; };
		5D2A8EC920062B4B003C4BD4 /* HWWebViewController.m */ = {isa = PBXFileReference; fileEncoding = 4; lastKnownFileType = sourcecode.c.objc; path = HWWebViewController.m; sourceTree = "<group>"; };
		5D2A8ECB20062B4B003C4BD4 /* HWDatePicker.m */ = {isa = PBXFileReference; fileEncoding = 4; lastKnownFileType = sourcecode.c.objc; path = HWDatePicker.m; sourceTree = "<group>"; };
		5D2A8ECF20062B4B003C4BD4 /* HWDatePicker.h */ = {isa = PBXFileReference; fileEncoding = 4; lastKnownFileType = sourcecode.c.h; path = HWDatePicker.h; sourceTree = "<group>"; };
		5D2A8ED120062B4B003C4BD4 /* HWWebViewController.h */ = {isa = PBXFileReference; fileEncoding = 4; lastKnownFileType = sourcecode.c.h; path = HWWebViewController.h; sourceTree = "<group>"; };
		5D686CE8202C78D30049967A /* UIGestureRecognizer+Category.h */ = {isa = PBXFileReference; lastKnownFileType = sourcecode.c.h; path = "UIGestureRecognizer+Category.h"; sourceTree = "<group>"; };
		5D686CE9202C78D30049967A /* UIGestureRecognizer+Category.m */ = {isa = PBXFileReference; lastKnownFileType = sourcecode.c.objc; path = "UIGestureRecognizer+Category.m"; sourceTree = "<group>"; };
		5D68FCFB20468A5F00AEBE93 /* HWSandboxBrowserViewController.h */ = {isa = PBXFileReference; fileEncoding = 4; lastKnownFileType = sourcecode.c.h; path = HWSandboxBrowserViewController.h; sourceTree = "<group>"; };
		5D68FCFC20468A5F00AEBE93 /* HWSandboxBrowserViewController.m */ = {isa = PBXFileReference; fileEncoding = 4; lastKnownFileType = sourcecode.c.objc; path = HWSandboxBrowserViewController.m; sourceTree = "<group>"; };
		5D68FD062046A76000AEBE93 /* ToolResources.bundle */ = {isa = PBXFileReference; lastKnownFileType = "wrapper.plug-in"; path = ToolResources.bundle; sourceTree = "<group>"; };
		5D68FD092046BBFC00AEBE93 /* HWDefines.h */ = {isa = PBXFileReference; lastKnownFileType = sourcecode.c.h; path = HWDefines.h; sourceTree = "<group>"; };
		5DBD1838200F471D005A94E3 /* HWFileHelper.m */ = {isa = PBXFileReference; fileEncoding = 4; lastKnownFileType = sourcecode.c.objc; path = HWFileHelper.m; sourceTree = "<group>"; };
		5DBD1839200F471D005A94E3 /* HWDirectoryWatcher.m */ = {isa = PBXFileReference; fileEncoding = 4; lastKnownFileType = sourcecode.c.objc; path = HWDirectoryWatcher.m; sourceTree = "<group>"; };
		5DBD183C200F471D005A94E3 /* HWFileHelper.h */ = {isa = PBXFileReference; fileEncoding = 4; lastKnownFileType = sourcecode.c.h; path = HWFileHelper.h; sourceTree = "<group>"; };
		5DBD183D200F471D005A94E3 /* HWDirectoryWatcher.h */ = {isa = PBXFileReference; fileEncoding = 4; lastKnownFileType = sourcecode.c.h; path = HWDirectoryWatcher.h; sourceTree = "<group>"; };
		5DCFDE6E2048FC7A000DF646 /* HWRootViewController.h */ = {isa = PBXFileReference; lastKnownFileType = sourcecode.c.h; path = HWRootViewController.h; sourceTree = "<group>"; };
		5DCFDE6F2048FC7A000DF646 /* HWRootViewController.m */ = {isa = PBXFileReference; lastKnownFileType = sourcecode.c.objc; path = HWRootViewController.m; sourceTree = "<group>"; };
		5DCFDE712048FD69000DF646 /* HWGraphicViewController.h */ = {isa = PBXFileReference; lastKnownFileType = sourcecode.c.h; path = HWGraphicViewController.h; sourceTree = "<group>"; };
		5DCFDE722048FD69000DF646 /* HWGraphicViewController.m */ = {isa = PBXFileReference; lastKnownFileType = sourcecode.c.objc; path = HWGraphicViewController.m; sourceTree = "<group>"; };
		5DCFDE7520492CCC000DF646 /* HWInteractiveModalTransitionNavigationController.h */ = {isa = PBXFileReference; fileEncoding = 4; lastKnownFileType = sourcecode.c.h; path = HWInteractiveModalTransitionNavigationController.h; sourceTree = "<group>"; };
		5DCFDE7620492CCC000DF646 /* HWInteractiveModalTransitionViewController.m */ = {isa = PBXFileReference; fileEncoding = 4; lastKnownFileType = sourcecode.c.objc; path = HWInteractiveModalTransitionViewController.m; sourceTree = "<group>"; };
		5DCFDE7720492CCC000DF646 /* HWInteractiveModalTransition.m */ = {isa = PBXFileReference; fileEncoding = 4; lastKnownFileType = sourcecode.c.objc; path = HWInteractiveModalTransition.m; sourceTree = "<group>"; };
		5DCFDE7820492CCC000DF646 /* HWInteractiveModalTransitionNavigationController.m */ = {isa = PBXFileReference; fileEncoding = 4; lastKnownFileType = sourcecode.c.objc; path = HWInteractiveModalTransitionNavigationController.m; sourceTree = "<group>"; };
		5DCFDE7920492CCC000DF646 /* HWInteractiveModalTransition.h */ = {isa = PBXFileReference; fileEncoding = 4; lastKnownFileType = sourcecode.c.h; path = HWInteractiveModalTransition.h; sourceTree = "<group>"; };
		5DCFDE7A20492CCC000DF646 /* HWInteractiveModalTransitionViewController.h */ = {isa = PBXFileReference; fileEncoding = 4; lastKnownFileType = sourcecode.c.h; path = HWInteractiveModalTransitionViewController.h; sourceTree = "<group>"; };
		5DCFE97D2011F8FC000C4AF9 /* HWSegmentedControl.m */ = {isa = PBXFileReference; fileEncoding = 4; lastKnownFileType = sourcecode.c.objc; path = HWSegmentedControl.m; sourceTree = "<group>"; };
		5DCFE97E2011F8FC000C4AF9 /* HWSegmentedControl.h */ = {isa = PBXFileReference; fileEncoding = 4; lastKnownFileType = sourcecode.c.h; path = HWSegmentedControl.h; sourceTree = "<group>"; };
		5DCFE98120120599000C4AF9 /* HWCountDownButton.m */ = {isa = PBXFileReference; fileEncoding = 4; lastKnownFileType = sourcecode.c.objc; path = HWCountDownButton.m; sourceTree = "<group>"; };
		5DCFE983201205F2000C4AF9 /* HWCountDownButton.h */ = {isa = PBXFileReference; fileEncoding = 4; lastKnownFileType = sourcecode.c.h; path = HWCountDownButton.h; sourceTree = "<group>"; };
		5DE928D52048153200BCC3E3 /* HWXYGraphInteractionView.h */ = {isa = PBXFileReference; fileEncoding = 4; lastKnownFileType = sourcecode.c.h; path = HWXYGraphInteractionView.h; sourceTree = "<group>"; };
		5DE928D62048153200BCC3E3 /* HWXYGraphHostingView.h */ = {isa = PBXFileReference; fileEncoding = 4; lastKnownFileType = sourcecode.c.h; path = HWXYGraphHostingView.h; sourceTree = "<group>"; };
		5DE928D72048153200BCC3E3 /* HWXYGraphInteractionView.m */ = {isa = PBXFileReference; fileEncoding = 4; lastKnownFileType = sourcecode.c.objc; path = HWXYGraphInteractionView.m; sourceTree = "<group>"; };
		5DE928D82048153200BCC3E3 /* HWXYGraphHostingView.m */ = {isa = PBXFileReference; fileEncoding = 4; lastKnownFileType = sourcecode.c.objc; path = HWXYGraphHostingView.m; sourceTree = "<group>"; };
		5DE928DB20481C7C00BCC3E3 /* CPTXYAxis+Category.h */ = {isa = PBXFileReference; fileEncoding = 4; lastKnownFileType = sourcecode.c.h; path = "CPTXYAxis+Category.h"; sourceTree = "<group>"; };
		5DE928DC20481C7D00BCC3E3 /* CPTXYAxis+Category.m */ = {isa = PBXFileReference; fileEncoding = 4; lastKnownFileType = sourcecode.c.objc; path = "CPTXYAxis+Category.m"; sourceTree = "<group>"; };
		5DE928DE20481F9B00BCC3E3 /* UILabel+Category.h */ = {isa = PBXFileReference; fileEncoding = 4; lastKnownFileType = sourcecode.c.h; path = "UILabel+Category.h"; sourceTree = "<group>"; };
		5DE928DF20481F9B00BCC3E3 /* UILabel+Category.m */ = {isa = PBXFileReference; fileEncoding = 4; lastKnownFileType = sourcecode.c.objc; path = "UILabel+Category.m"; sourceTree = "<group>"; };
		5DF9EFD820108514001D9306 /* HWTableViewDataSource.m */ = {isa = PBXFileReference; fileEncoding = 4; lastKnownFileType = sourcecode.c.objc; path = HWTableViewDataSource.m; sourceTree = "<group>"; };
		5DF9EFD920108514001D9306 /* HWTableViewViewModel.m */ = {isa = PBXFileReference; fileEncoding = 4; lastKnownFileType = sourcecode.c.objc; path = HWTableViewViewModel.m; sourceTree = "<group>"; };
		5DF9EFDA20108514001D9306 /* HWTableViewDelegate.h */ = {isa = PBXFileReference; fileEncoding = 4; lastKnownFileType = sourcecode.c.h; path = HWTableViewDelegate.h; sourceTree = "<group>"; };
		5DF9EFDC20108514001D9306 /* HWTableViewDataSource.h */ = {isa = PBXFileReference; fileEncoding = 4; lastKnownFileType = sourcecode.c.h; path = HWTableViewDataSource.h; sourceTree = "<group>"; };
		5DF9EFDD20108514001D9306 /* HWTableViewViewModel.h */ = {isa = PBXFileReference; fileEncoding = 4; lastKnownFileType = sourcecode.c.h; path = HWTableViewViewModel.h; sourceTree = "<group>"; };
		5DF9EFDE20108514001D9306 /* HWTableViewDelegate.m */ = {isa = PBXFileReference; fileEncoding = 4; lastKnownFileType = sourcecode.c.objc; path = HWTableViewDelegate.m; sourceTree = "<group>"; };
		5DF9EFDF20108514001D9306 /* HWTableViewBlocks.h */ = {isa = PBXFileReference; fileEncoding = 4; lastKnownFileType = sourcecode.c.h; path = HWTableViewBlocks.h; sourceTree = "<group>"; };
		5DF9EFE720108E5C001D9306 /* JSBundle.bundle */ = {isa = PBXFileReference; lastKnownFileType = "wrapper.plug-in"; path = JSBundle.bundle; sourceTree = "<group>"; };
		5DF9EFE920109210001D9306 /* UITableView+ViewModel.h */ = {isa = PBXFileReference; lastKnownFileType = sourcecode.c.h; path = "UITableView+ViewModel.h"; sourceTree = "<group>"; };
		5DF9EFEA20109210001D9306 /* UITableView+ViewModel.m */ = {isa = PBXFileReference; lastKnownFileType = sourcecode.c.objc; path = "UITableView+ViewModel.m"; sourceTree = "<group>"; };
		5DF9EFEC20109562001D9306 /* UIGraphics+Extension.h */ = {isa = PBXFileReference; fileEncoding = 4; lastKnownFileType = sourcecode.c.h; path = "UIGraphics+Extension.h"; sourceTree = "<group>"; };
		5DF9EFED20109562001D9306 /* UIGraphics+Extension.m */ = {isa = PBXFileReference; fileEncoding = 4; lastKnownFileType = sourcecode.c.objc; path = "UIGraphics+Extension.m"; sourceTree = "<group>"; };
		6003F58A195388D20070C39A /* HWExtension_Example.app */ = {isa = PBXFileReference; explicitFileType = wrapper.application; includeInIndex = 0; path = HWExtension_Example.app; sourceTree = BUILT_PRODUCTS_DIR; };
		6003F58D195388D20070C39A /* Foundation.framework */ = {isa = PBXFileReference; lastKnownFileType = wrapper.framework; name = Foundation.framework; path = System/Library/Frameworks/Foundation.framework; sourceTree = SDKROOT; };
		6003F58F195388D20070C39A /* CoreGraphics.framework */ = {isa = PBXFileReference; lastKnownFileType = wrapper.framework; name = CoreGraphics.framework; path = System/Library/Frameworks/CoreGraphics.framework; sourceTree = SDKROOT; };
		6003F591195388D20070C39A /* UIKit.framework */ = {isa = PBXFileReference; lastKnownFileType = wrapper.framework; name = UIKit.framework; path = System/Library/Frameworks/UIKit.framework; sourceTree = SDKROOT; };
		6003F595195388D20070C39A /* HWExtension-Info.plist */ = {isa = PBXFileReference; lastKnownFileType = text.plist.xml; path = "HWExtension-Info.plist"; sourceTree = "<group>"; };
		6003F597195388D20070C39A /* en */ = {isa = PBXFileReference; lastKnownFileType = text.plist.strings; name = en; path = en.lproj/InfoPlist.strings; sourceTree = "<group>"; };
		6003F599195388D20070C39A /* main.m */ = {isa = PBXFileReference; lastKnownFileType = sourcecode.c.objc; path = main.m; sourceTree = "<group>"; };
		6003F59B195388D20070C39A /* HWExtension-Prefix.pch */ = {isa = PBXFileReference; lastKnownFileType = sourcecode.c.h; path = "HWExtension-Prefix.pch"; sourceTree = "<group>"; };
		6003F59C195388D20070C39A /* HWAppDelegate.h */ = {isa = PBXFileReference; lastKnownFileType = sourcecode.c.h; path = HWAppDelegate.h; sourceTree = "<group>"; };
		6003F59D195388D20070C39A /* HWAppDelegate.m */ = {isa = PBXFileReference; lastKnownFileType = sourcecode.c.objc; path = HWAppDelegate.m; sourceTree = "<group>"; };
		6003F5A5195388D20070C39A /* HWViewController.h */ = {isa = PBXFileReference; lastKnownFileType = sourcecode.c.h; path = HWViewController.h; sourceTree = "<group>"; };
		6003F5A6195388D20070C39A /* HWViewController.m */ = {isa = PBXFileReference; lastKnownFileType = sourcecode.c.objc; path = HWViewController.m; sourceTree = "<group>"; };
		6003F5A8195388D20070C39A /* Images.xcassets */ = {isa = PBXFileReference; lastKnownFileType = folder.assetcatalog; path = Images.xcassets; sourceTree = "<group>"; };
		6003F5AE195388D20070C39A /* HWExtension_Tests.xctest */ = {isa = PBXFileReference; explicitFileType = wrapper.cfbundle; includeInIndex = 0; path = HWExtension_Tests.xctest; sourceTree = BUILT_PRODUCTS_DIR; };
		6003F5AF195388D20070C39A /* XCTest.framework */ = {isa = PBXFileReference; lastKnownFileType = wrapper.framework; name = XCTest.framework; path = Library/Frameworks/XCTest.framework; sourceTree = DEVELOPER_DIR; };
		6003F5B7195388D20070C39A /* Tests-Info.plist */ = {isa = PBXFileReference; lastKnownFileType = text.plist.xml; path = "Tests-Info.plist"; sourceTree = "<group>"; };
		6003F5B9195388D20070C39A /* en */ = {isa = PBXFileReference; lastKnownFileType = text.plist.strings; name = en; path = en.lproj/InfoPlist.strings; sourceTree = "<group>"; };
		6003F5BB195388D20070C39A /* Tests.m */ = {isa = PBXFileReference; lastKnownFileType = sourcecode.c.objc; path = Tests.m; sourceTree = "<group>"; };
		606FC2411953D9B200FFA9A0 /* Tests-Prefix.pch */ = {isa = PBXFileReference; lastKnownFileType = sourcecode.c.h; path = "Tests-Prefix.pch"; sourceTree = "<group>"; };
		659E817D78D874311EA51AC4 /* Pods_HWExtension_Example.framework */ = {isa = PBXFileReference; explicitFileType = wrapper.framework; includeInIndex = 0; path = Pods_HWExtension_Example.framework; sourceTree = BUILT_PRODUCTS_DIR; };
		71719F9E1E33DC2100824A3D /* Base */ = {isa = PBXFileReference; lastKnownFileType = file.storyboard; name = Base; path = Base.lproj/LaunchScreen.storyboard; sourceTree = "<group>"; };
		7CB1FE25F73CF540978F8D0C /* Pods-HWExtension_Example.release.xcconfig */ = {isa = PBXFileReference; includeInIndex = 1; lastKnownFileType = text.xcconfig; name = "Pods-HWExtension_Example.release.xcconfig"; path = "Pods/Target Support Files/Pods-HWExtension_Example/Pods-HWExtension_Example.release.xcconfig"; sourceTree = "<group>"; };
		873B8AEA1B1F5CCA007FD442 /* Main.storyboard */ = {isa = PBXFileReference; fileEncoding = 4; lastKnownFileType = file.storyboard; name = Main.storyboard; path = Base.lproj/Main.storyboard; sourceTree = "<group>"; };
		994230EAEC37E09DC490AD61 /* HWExtension.podspec */ = {isa = PBXFileReference; includeInIndex = 1; lastKnownFileType = text; name = HWExtension.podspec; path = ../HWExtension.podspec; sourceTree = "<group>"; xcLanguageSpecificationIdentifier = xcode.lang.ruby; };
		D6EBF08E5B80CB83815053D5 /* Pods-HWExtension_Example.debug.xcconfig */ = {isa = PBXFileReference; includeInIndex = 1; lastKnownFileType = text.xcconfig; name = "Pods-HWExtension_Example.debug.xcconfig"; path = "Pods/Target Support Files/Pods-HWExtension_Example/Pods-HWExtension_Example.debug.xcconfig"; sourceTree = "<group>"; };
		E97EF5B26AC82232D8E66A62 /* README.md */ = {isa = PBXFileReference; includeInIndex = 1; lastKnownFileType = net.daringfireball.markdown; name = README.md; path = ../README.md; sourceTree = "<group>"; };
		FD5C99D83DBE25687467D07D /* Pods-HWExtension_Tests.release.xcconfig */ = {isa = PBXFileReference; includeInIndex = 1; lastKnownFileType = text.xcconfig; name = "Pods-HWExtension_Tests.release.xcconfig"; path = "Pods/Target Support Files/Pods-HWExtension_Tests/Pods-HWExtension_Tests.release.xcconfig"; sourceTree = "<group>"; };
/* End PBXFileReference section */

/* Begin PBXFrameworksBuildPhase section */
		6003F587195388D20070C39A /* Frameworks */ = {
			isa = PBXFrameworksBuildPhase;
			buildActionMask = 2147483647;
			files = (
				6003F590195388D20070C39A /* CoreGraphics.framework in Frameworks */,
				6003F592195388D20070C39A /* UIKit.framework in Frameworks */,
				6003F58E195388D20070C39A /* Foundation.framework in Frameworks */,
				A1783BB8DA644F88DDC9A7E6 /* Pods_HWExtension_Example.framework in Frameworks */,
			);
			runOnlyForDeploymentPostprocessing = 0;
		};
		6003F5AB195388D20070C39A /* Frameworks */ = {
			isa = PBXFrameworksBuildPhase;
			buildActionMask = 2147483647;
			files = (
				6003F5B0195388D20070C39A /* XCTest.framework in Frameworks */,
				6003F5B2195388D20070C39A /* UIKit.framework in Frameworks */,
				6003F5B1195388D20070C39A /* Foundation.framework in Frameworks */,
				725FF6F6DBA16653447C2345 /* Pods_HWExtension_Tests.framework in Frameworks */,
			);
			runOnlyForDeploymentPostprocessing = 0;
		};
/* End PBXFrameworksBuildPhase section */

/* Begin PBXGroup section */
		11F8E4D09546919409AC5709 /* Pods */ = {
			isa = PBXGroup;
			children = (
				D6EBF08E5B80CB83815053D5 /* Pods-HWExtension_Example.debug.xcconfig */,
				7CB1FE25F73CF540978F8D0C /* Pods-HWExtension_Example.release.xcconfig */,
				19D44659F49D27AABC24C560 /* Pods-HWExtension_Tests.debug.xcconfig */,
				FD5C99D83DBE25687467D07D /* Pods-HWExtension_Tests.release.xcconfig */,
			);
			name = Pods;
			sourceTree = "<group>";
		};
		5D2A8E8E20062B4B003C4BD4 /* Category */ = {
			isa = PBXGroup;
			children = (
				5D2A8EB220062B4B003C4BD4 /* HWCategorys.h */,
				5D2A8EA420062B4B003C4BD4 /* NSObject+Category.h */,
				5D2A8EB920062B4B003C4BD4 /* NSObject+Category.m */,
				5D2A8EB620062B4B003C4BD4 /* NSArray+Category.h */,
				5D2A8E9720062B4B003C4BD4 /* NSArray+Category.m */,
				5D2A8E9120062B4B003C4BD4 /* NSData+Category.h */,
				5D2A8EAC20062B4B003C4BD4 /* NSData+Category.m */,
				5D2A8E9220062B4B003C4BD4 /* NSString+Category.h */,
				5D2A8EAB20062B4B003C4BD4 /* NSString+Category.m */,
				5D2A8EAE20062B4B003C4BD4 /* NSMutableString+Category.h */,
				5D2A8E8F20062B4B003C4BD4 /* NSMutableString+Category.m */,
				5D2A8E9D20062B4B003C4BD4 /* NSAttributedString+Category.h */,
				5D2A8EC020062B4B003C4BD4 /* NSAttributedString+Category.m */,
				5D2A8EA820062B4B003C4BD4 /* NSMutableAttributedString+Category.h */,
				5D2A8EC220062B4B003C4BD4 /* NSMutableAttributedString+Category.m */,
				5D2A8EA920062B4B003C4BD4 /* NSDate+Category.h */,
				5D2A8E9320062B4B003C4BD4 /* NSDate+Category.m */,
				5D2A8EC320062B4B003C4BD4 /* UIDevice+Category.h */,
				5D2A8EA520062B4B003C4BD4 /* UIDevice+Category.m */,
				5D2A8EA220062B4B003C4BD4 /* UIColor+Category.h */,
				5D2A8EBB20062B4B003C4BD4 /* UIColor+Category.m */,
				5D2A8EB320062B4B003C4BD4 /* UIImage+Category.h */,
				5D2A8E9A20062B4B003C4BD4 /* UIImage+Category.m */,
				5D2A8E9E20062B4B003C4BD4 /* NSTimer+Category.h */,
				5D2A8EC120062B4B003C4BD4 /* NSTimer+Category.m */,
				5D686CE8202C78D30049967A /* UIGestureRecognizer+Category.h */,
				5D686CE9202C78D30049967A /* UIGestureRecognizer+Category.m */,
				5D2A8EAA20062B4B003C4BD4 /* UIView+Utils.h */,
				5D2A8E9420062B4B003C4BD4 /* UIView+Utils.m */,
				5DE928DE20481F9B00BCC3E3 /* UILabel+Category.h */,
				5DE928DF20481F9B00BCC3E3 /* UILabel+Category.m */,
				5D2A8EBA20062B4B003C4BD4 /* UIControl+Category.h */,
				5D2A8EA320062B4B003C4BD4 /* UIControl+Category.m */,
				5D2A8EBD20062B4B003C4BD4 /* UIButton+Category.h */,
				5D2A8E9F20062B4B003C4BD4 /* UIButton+Category.m */,
				5D2A8EC420062B4B003C4BD4 /* UIBarButtonItem+Category.h */,
				5D2A8EA720062B4B003C4BD4 /* UIBarButtonItem+Category.m */,
				5D2A8EAD20062B4B003C4BD4 /* UIImageView+Category.h */,
				5D2A8E9020062B4B003C4BD4 /* UIImageView+Category.m */,
				5D2A8EB420062B4B003C4BD4 /* UITableView+Category.h */,
				5D2A8E9920062B4B003C4BD4 /* UITableView+Category.m */,
				5D2A8EA120062B4B003C4BD4 /* UITableViewCell+Category.h */,
				5D2A8EBC20062B4B003C4BD4 /* UITableViewCell+Category.m */,
				5D2A8EA620062B4B003C4BD4 /* HWEvaluateJavaScriptError.h */,
				5D2A8EB020062B4B003C4BD4 /* HWHTTPCookieRuntimeSupport.h */,
				5D2A8E9620062B4B003C4BD4 /* UIWebView+Category.h */,
				5D2A8EB720062B4B003C4BD4 /* UIWebView+Category.m */,
				5D2A8E9820062B4B003C4BD4 /* WKWebView+Category.m */,
				5D2A8EB520062B4B003C4BD4 /* WKWebView+Category.h */,
				5D2A8E9C20062B4B003C4BD4 /* UIViewController+Category.h */,
				5D2A8EAF20062B4B003C4BD4 /* UIViewController+Category.m */,
				5D2A8EB120062B4B003C4BD4 /* UINavigationController+Category.h */,
				5D2A8E9B20062B4B003C4BD4 /* UINavigationController+Category.m */,
				5DF9EFEC20109562001D9306 /* UIGraphics+Extension.h */,
				5DF9EFED20109562001D9306 /* UIGraphics+Extension.m */,
				5DF9EFE720108E5C001D9306 /* JSBundle.bundle */,
			);
			name = Category;
			path = ../HWExtension/Classes/Category;
			sourceTree = "<group>";
		};
		5D2A8EC520062B4B003C4BD4 /* UI */ = {
			isa = PBXGroup;
			children = (
				5D2A8ECF20062B4B003C4BD4 /* HWDatePicker.h */,
				5D2A8ECB20062B4B003C4BD4 /* HWDatePicker.m */,
				5DCFE97E2011F8FC000C4AF9 /* HWSegmentedControl.h */,
				5DCFE97D2011F8FC000C4AF9 /* HWSegmentedControl.m */,
				5DCFE983201205F2000C4AF9 /* HWCountDownButton.h */,
				5DCFE98120120599000C4AF9 /* HWCountDownButton.m */,
				5D2A8ED120062B4B003C4BD4 /* HWWebViewController.h */,
				5D2A8EC920062B4B003C4BD4 /* HWWebViewController.m */,
				5DE928D42048153200BCC3E3 /* Graphic */,
				5DCFDE7420492CCC000DF646 /* ModalTransition */,
				5DF9EFD720108514001D9306 /* UITableView+ViewModel */,
			);
			name = UI;
			path = ../HWExtension/Classes/UI;
			sourceTree = "<group>";
		};
		5DBD1837200F471D005A94E3 /* Tool */ = {
			isa = PBXGroup;
			children = (
				5D68FD092046BBFC00AEBE93 /* HWDefines.h */,
				5DBD183C200F471D005A94E3 /* HWFileHelper.h */,
				5DBD1838200F471D005A94E3 /* HWFileHelper.m */,
				5DBD183D200F471D005A94E3 /* HWDirectoryWatcher.h */,
				5DBD1839200F471D005A94E3 /* HWDirectoryWatcher.m */,
				5D68FCFB20468A5F00AEBE93 /* HWSandboxBrowserViewController.h */,
				5D68FCFC20468A5F00AEBE93 /* HWSandboxBrowserViewController.m */,
				5D68FD062046A76000AEBE93 /* ToolResources.bundle */,
			);
			name = Tool;
			path = ../HWExtension/Classes/Tool;
			sourceTree = "<group>";
		};
		5DCFDE7420492CCC000DF646 /* ModalTransition */ = {
			isa = PBXGroup;
			children = (
				5DCFDE7520492CCC000DF646 /* HWInteractiveModalTransitionNavigationController.h */,
				5DCFDE7620492CCC000DF646 /* HWInteractiveModalTransitionViewController.m */,
				5DCFDE7720492CCC000DF646 /* HWInteractiveModalTransition.m */,
				5DCFDE7820492CCC000DF646 /* HWInteractiveModalTransitionNavigationController.m */,
				5DCFDE7920492CCC000DF646 /* HWInteractiveModalTransition.h */,
				5DCFDE7A20492CCC000DF646 /* HWInteractiveModalTransitionViewController.h */,
			);
			path = ModalTransition;
			sourceTree = "<group>";
		};
		5DE928D42048153200BCC3E3 /* Graphic */ = {
			isa = PBXGroup;
			children = (
				5DE928DB20481C7C00BCC3E3 /* CPTXYAxis+Category.h */,
				5DE928DC20481C7D00BCC3E3 /* CPTXYAxis+Category.m */,
				5DE928D52048153200BCC3E3 /* HWXYGraphInteractionView.h */,
				5DE928D72048153200BCC3E3 /* HWXYGraphInteractionView.m */,
				5DE928D62048153200BCC3E3 /* HWXYGraphHostingView.h */,
				5DE928D82048153200BCC3E3 /* HWXYGraphHostingView.m */,
			);
			path = Graphic;
			sourceTree = "<group>";
		};
		5DF9EFD720108514001D9306 /* UITableView+ViewModel */ = {
			isa = PBXGroup;
			children = (
				5DF9EFDF20108514001D9306 /* HWTableViewBlocks.h */,
				5DF9EFDC20108514001D9306 /* HWTableViewDataSource.h */,
				5DF9EFD820108514001D9306 /* HWTableViewDataSource.m */,
				5DF9EFDA20108514001D9306 /* HWTableViewDelegate.h */,
				5DF9EFDE20108514001D9306 /* HWTableViewDelegate.m */,
				5DF9EFDD20108514001D9306 /* HWTableViewViewModel.h */,
				5DF9EFD920108514001D9306 /* HWTableViewViewModel.m */,
				5DF9EFE920109210001D9306 /* UITableView+ViewModel.h */,
				5DF9EFEA20109210001D9306 /* UITableView+ViewModel.m */,
			);
			path = "UITableView+ViewModel";
			sourceTree = "<group>";
		};
		6003F581195388D10070C39A = {
			isa = PBXGroup;
			children = (
				60FF7A9C1954A5C5007DD14C /* Podspec Metadata */,
				6003F593195388D20070C39A /* Example for HWExtension */,
				6003F5B5195388D20070C39A /* Tests */,
				6003F58C195388D20070C39A /* Frameworks */,
				6003F58B195388D20070C39A /* Products */,
				11F8E4D09546919409AC5709 /* Pods */,
			);
			sourceTree = "<group>";
		};
		6003F58B195388D20070C39A /* Products */ = {
			isa = PBXGroup;
			children = (
				6003F58A195388D20070C39A /* HWExtension_Example.app */,
				6003F5AE195388D20070C39A /* HWExtension_Tests.xctest */,
			);
			name = Products;
			sourceTree = "<group>";
		};
		6003F58C195388D20070C39A /* Frameworks */ = {
			isa = PBXGroup;
			children = (
				6003F58D195388D20070C39A /* Foundation.framework */,
				6003F58F195388D20070C39A /* CoreGraphics.framework */,
				6003F591195388D20070C39A /* UIKit.framework */,
				6003F5AF195388D20070C39A /* XCTest.framework */,
				659E817D78D874311EA51AC4 /* Pods_HWExtension_Example.framework */,
				4E5D1EBC56FB55219C45FA64 /* Pods_HWExtension_Tests.framework */,
			);
			name = Frameworks;
			sourceTree = "<group>";
		};
		6003F593195388D20070C39A /* Example for HWExtension */ = {
			isa = PBXGroup;
			children = (
				6003F59C195388D20070C39A /* HWAppDelegate.h */,
				6003F59D195388D20070C39A /* HWAppDelegate.m */,
				5DCFDE6E2048FC7A000DF646 /* HWRootViewController.h */,
				5DCFDE6F2048FC7A000DF646 /* HWRootViewController.m */,
				5DCFDE712048FD69000DF646 /* HWGraphicViewController.h */,
				5DCFDE722048FD69000DF646 /* HWGraphicViewController.m */,
				6003F5A5195388D20070C39A /* HWViewController.h */,
				6003F5A6195388D20070C39A /* HWViewController.m */,
				873B8AEA1B1F5CCA007FD442 /* Main.storyboard */,
				71719F9D1E33DC2100824A3D /* LaunchScreen.storyboard */,
				6003F5A8195388D20070C39A /* Images.xcassets */,
				6003F594195388D20070C39A /* Supporting Files */,
			);
			name = "Example for HWExtension";
			path = HWExtension;
			sourceTree = "<group>";
		};
		6003F594195388D20070C39A /* Supporting Files */ = {
			isa = PBXGroup;
			children = (
				6003F595195388D20070C39A /* HWExtension-Info.plist */,
				6003F596195388D20070C39A /* InfoPlist.strings */,
				6003F599195388D20070C39A /* main.m */,
				6003F59B195388D20070C39A /* HWExtension-Prefix.pch */,
			);
			name = "Supporting Files";
			sourceTree = "<group>";
		};
		6003F5B5195388D20070C39A /* Tests */ = {
			isa = PBXGroup;
			children = (
				6003F5BB195388D20070C39A /* Tests.m */,
				6003F5B6195388D20070C39A /* Supporting Files */,
			);
			path = Tests;
			sourceTree = "<group>";
		};
		6003F5B6195388D20070C39A /* Supporting Files */ = {
			isa = PBXGroup;
			children = (
				6003F5B7195388D20070C39A /* Tests-Info.plist */,
				6003F5B8195388D20070C39A /* InfoPlist.strings */,
				606FC2411953D9B200FFA9A0 /* Tests-Prefix.pch */,
			);
			name = "Supporting Files";
			sourceTree = "<group>";
		};
		60FF7A9C1954A5C5007DD14C /* Podspec Metadata */ = {
			isa = PBXGroup;
			children = (
				5D2A8E8E20062B4B003C4BD4 /* Category */,
				5D2A8EC520062B4B003C4BD4 /* UI */,
				5DBD1837200F471D005A94E3 /* Tool */,
				994230EAEC37E09DC490AD61 /* HWExtension.podspec */,
				E97EF5B26AC82232D8E66A62 /* README.md */,
				49BDB3F65C92762D1D6E1480 /* LICENSE */,
			);
			name = "Podspec Metadata";
			sourceTree = "<group>";
		};
/* End PBXGroup section */

/* Begin PBXNativeTarget section */
		6003F589195388D20070C39A /* HWExtension_Example */ = {
			isa = PBXNativeTarget;
			buildConfigurationList = 6003F5BF195388D20070C39A /* Build configuration list for PBXNativeTarget "HWExtension_Example" */;
			buildPhases = (
				CAB1AD63562BC4E04425127F /* [CP] Check Pods Manifest.lock */,
				6003F586195388D20070C39A /* Sources */,
				6003F587195388D20070C39A /* Frameworks */,
				6003F588195388D20070C39A /* Resources */,
				A7CFC2F4D2446FD36E7E8E9A /* [CP] Embed Pods Frameworks */,
				A86AF2B26770C81CBF366BEF /* [CP] Copy Pods Resources */,
			);
			buildRules = (
			);
			dependencies = (
			);
			name = HWExtension_Example;
			productName = HWExtension;
			productReference = 6003F58A195388D20070C39A /* HWExtension_Example.app */;
			productType = "com.apple.product-type.application";
		};
		6003F5AD195388D20070C39A /* HWExtension_Tests */ = {
			isa = PBXNativeTarget;
			buildConfigurationList = 6003F5C2195388D20070C39A /* Build configuration list for PBXNativeTarget "HWExtension_Tests" */;
			buildPhases = (
				DBA721ED86856953C9B51E71 /* [CP] Check Pods Manifest.lock */,
				6003F5AA195388D20070C39A /* Sources */,
				6003F5AB195388D20070C39A /* Frameworks */,
				6003F5AC195388D20070C39A /* Resources */,
				D996A4289B910E11F9474F89 /* [CP] Embed Pods Frameworks */,
				70B05AB8DCD706AF6939D176 /* [CP] Copy Pods Resources */,
			);
			buildRules = (
			);
			dependencies = (
				6003F5B4195388D20070C39A /* PBXTargetDependency */,
			);
			name = HWExtension_Tests;
			productName = HWExtensionTests;
			productReference = 6003F5AE195388D20070C39A /* HWExtension_Tests.xctest */;
			productType = "com.apple.product-type.bundle.unit-test";
		};
/* End PBXNativeTarget section */

/* Begin PBXProject section */
		6003F582195388D10070C39A /* Project object */ = {
			isa = PBXProject;
			attributes = {
				CLASSPREFIX = HW;
				LastUpgradeCheck = 0920;
				ORGANIZATIONNAME = wanghouwen;
				TargetAttributes = {
					6003F589195388D20070C39A = {
						ProvisioningStyle = Manual;
					};
					6003F5AD195388D20070C39A = {
						TestTargetID = 6003F589195388D20070C39A;
					};
				};
			};
			buildConfigurationList = 6003F585195388D10070C39A /* Build configuration list for PBXProject "HWExtension" */;
			compatibilityVersion = "Xcode 3.2";
			developmentRegion = English;
			hasScannedForEncodings = 0;
			knownRegions = (
				en,
				Base,
			);
			mainGroup = 6003F581195388D10070C39A;
			productRefGroup = 6003F58B195388D20070C39A /* Products */;
			projectDirPath = "";
			projectRoot = "";
			targets = (
				6003F589195388D20070C39A /* HWExtension_Example */,
				6003F5AD195388D20070C39A /* HWExtension_Tests */,
			);
		};
/* End PBXProject section */

/* Begin PBXResourcesBuildPhase section */
		6003F588195388D20070C39A /* Resources */ = {
			isa = PBXResourcesBuildPhase;
			buildActionMask = 2147483647;
			files = (
				873B8AEB1B1F5CCA007FD442 /* Main.storyboard in Resources */,
				71719F9F1E33DC2100824A3D /* LaunchScreen.storyboard in Resources */,
				6003F5A9195388D20070C39A /* Images.xcassets in Resources */,
				5DF9EFE820108E5C001D9306 /* JSBundle.bundle in Resources */,
				6003F598195388D20070C39A /* InfoPlist.strings in Resources */,
				5D68FD072046A76000AEBE93 /* ToolResources.bundle in Resources */,
			);
			runOnlyForDeploymentPostprocessing = 0;
		};
		6003F5AC195388D20070C39A /* Resources */ = {
			isa = PBXResourcesBuildPhase;
			buildActionMask = 2147483647;
			files = (
				6003F5BA195388D20070C39A /* InfoPlist.strings in Resources */,
			);
			runOnlyForDeploymentPostprocessing = 0;
		};
/* End PBXResourcesBuildPhase section */

/* Begin PBXShellScriptBuildPhase section */
		70B05AB8DCD706AF6939D176 /* [CP] Copy Pods Resources */ = {
			isa = PBXShellScriptBuildPhase;
			buildActionMask = 2147483647;
			files = (
			);
			inputPaths = (
			);
			name = "[CP] Copy Pods Resources";
			outputPaths = (
			);
			runOnlyForDeploymentPostprocessing = 0;
			shellPath = /bin/sh;
			shellScript = "\"${SRCROOT}/Pods/Target Support Files/Pods-HWExtension_Tests/Pods-HWExtension_Tests-resources.sh\"\n";
			showEnvVarsInLog = 0;
		};
		A7CFC2F4D2446FD36E7E8E9A /* [CP] Embed Pods Frameworks */ = {
			isa = PBXShellScriptBuildPhase;
			buildActionMask = 2147483647;
			files = (
			);
			inputPaths = (
				"${SRCROOT}/Pods/Target Support Files/Pods-HWExtension_Example/Pods-HWExtension_Example-frameworks.sh",
				"${BUILT_PRODUCTS_DIR}/CorePlot/CorePlot.framework",
				"${BUILT_PRODUCTS_DIR}/HWExtension/HWExtension.framework",
			);
			name = "[CP] Embed Pods Frameworks";
			outputPaths = (
				"${TARGET_BUILD_DIR}/${FRAMEWORKS_FOLDER_PATH}/CorePlot.framework",
				"${TARGET_BUILD_DIR}/${FRAMEWORKS_FOLDER_PATH}/HWExtension.framework",
			);
			runOnlyForDeploymentPostprocessing = 0;
			shellPath = /bin/sh;
			shellScript = "\"${SRCROOT}/Pods/Target Support Files/Pods-HWExtension_Example/Pods-HWExtension_Example-frameworks.sh\"\n";
			showEnvVarsInLog = 0;
		};
		A86AF2B26770C81CBF366BEF /* [CP] Copy Pods Resources */ = {
			isa = PBXShellScriptBuildPhase;
			buildActionMask = 2147483647;
			files = (
			);
			inputPaths = (
			);
			name = "[CP] Copy Pods Resources";
			outputPaths = (
			);
			runOnlyForDeploymentPostprocessing = 0;
			shellPath = /bin/sh;
			shellScript = "\"${SRCROOT}/Pods/Target Support Files/Pods-HWExtension_Example/Pods-HWExtension_Example-resources.sh\"\n";
			showEnvVarsInLog = 0;
		};
		CAB1AD63562BC4E04425127F /* [CP] Check Pods Manifest.lock */ = {
			isa = PBXShellScriptBuildPhase;
			buildActionMask = 2147483647;
			files = (
			);
			inputPaths = (
				"${PODS_PODFILE_DIR_PATH}/Podfile.lock",
				"${PODS_ROOT}/Manifest.lock",
			);
			name = "[CP] Check Pods Manifest.lock";
			outputPaths = (
				"$(DERIVED_FILE_DIR)/Pods-HWExtension_Example-checkManifestLockResult.txt",
			);
			runOnlyForDeploymentPostprocessing = 0;
			shellPath = /bin/sh;
			shellScript = "diff \"${PODS_PODFILE_DIR_PATH}/Podfile.lock\" \"${PODS_ROOT}/Manifest.lock\" > /dev/null\nif [ $? != 0 ] ; then\n    # print error to STDERR\n    echo \"error: The sandbox is not in sync with the Podfile.lock. Run 'pod install' or update your CocoaPods installation.\" >&2\n    exit 1\nfi\n# This output is used by Xcode 'outputs' to avoid re-running this script phase.\necho \"SUCCESS\" > \"${SCRIPT_OUTPUT_FILE_0}\"\n";
			showEnvVarsInLog = 0;
		};
		D996A4289B910E11F9474F89 /* [CP] Embed Pods Frameworks */ = {
			isa = PBXShellScriptBuildPhase;
			buildActionMask = 2147483647;
			files = (
			);
			inputPaths = (
				"${SRCROOT}/Pods/Target Support Files/Pods-HWExtension_Tests/Pods-HWExtension_Tests-frameworks.sh",
				"${BUILT_PRODUCTS_DIR}/CorePlot/CorePlot.framework",
			);
			name = "[CP] Embed Pods Frameworks";
			outputPaths = (
				"${TARGET_BUILD_DIR}/${FRAMEWORKS_FOLDER_PATH}/CorePlot.framework",
			);
			runOnlyForDeploymentPostprocessing = 0;
			shellPath = /bin/sh;
			shellScript = "\"${SRCROOT}/Pods/Target Support Files/Pods-HWExtension_Tests/Pods-HWExtension_Tests-frameworks.sh\"\n";
			showEnvVarsInLog = 0;
		};
		DBA721ED86856953C9B51E71 /* [CP] Check Pods Manifest.lock */ = {
			isa = PBXShellScriptBuildPhase;
			buildActionMask = 2147483647;
			files = (
			);
			inputPaths = (
				"${PODS_PODFILE_DIR_PATH}/Podfile.lock",
				"${PODS_ROOT}/Manifest.lock",
			);
			name = "[CP] Check Pods Manifest.lock";
			outputPaths = (
				"$(DERIVED_FILE_DIR)/Pods-HWExtension_Tests-checkManifestLockResult.txt",
			);
			runOnlyForDeploymentPostprocessing = 0;
			shellPath = /bin/sh;
			shellScript = "diff \"${PODS_PODFILE_DIR_PATH}/Podfile.lock\" \"${PODS_ROOT}/Manifest.lock\" > /dev/null\nif [ $? != 0 ] ; then\n    # print error to STDERR\n    echo \"error: The sandbox is not in sync with the Podfile.lock. Run 'pod install' or update your CocoaPods installation.\" >&2\n    exit 1\nfi\n# This output is used by Xcode 'outputs' to avoid re-running this script phase.\necho \"SUCCESS\" > \"${SCRIPT_OUTPUT_FILE_0}\"\n";
			showEnvVarsInLog = 0;
		};
/* End PBXShellScriptBuildPhase section */

/* Begin PBXSourcesBuildPhase section */
		6003F586195388D20070C39A /* Sources */ = {
			isa = PBXSourcesBuildPhase;
			buildActionMask = 2147483647;
			files = (
				5D2A8EDF20062B4B003C4BD4 /* UIButton+Category.m in Sources */,
				5DCFDE702048FC7A000DF646 /* HWRootViewController.m in Sources */,
				5D2A8ED620062B4B003C4BD4 /* NSMutableString+Category.m in Sources */,
				5DF9EFE120108514001D9306 /* HWTableViewDataSource.m in Sources */,
				5DCFE98220120599000C4AF9 /* HWCountDownButton.m in Sources */,
				5D2A8EE320062B4B003C4BD4 /* NSString+Category.m in Sources */,
				5DF9EFE320108514001D9306 /* HWTableViewDelegate.m in Sources */,
				5D2A8EE920062B4B003C4BD4 /* UIColor+Category.m in Sources */,
				5D2A8EEF20062B4B003C4BD4 /* NSMutableAttributedString+Category.m in Sources */,
				5D2A8EE020062B4B003C4BD4 /* UIControl+Category.m in Sources */,
				5D2A8EEA20062B4B003C4BD4 /* UITableViewCell+Category.m in Sources */,
				5DF9EFE220108514001D9306 /* HWTableViewViewModel.m in Sources */,
				5D68FCFD20468A5F00AEBE93 /* HWSandboxBrowserViewController.m in Sources */,
				6003F59E195388D20070C39A /* HWAppDelegate.m in Sources */,
				5D2A8EE820062B4B003C4BD4 /* NSObject+Category.m in Sources */,
				6003F5A7195388D20070C39A /* HWViewController.m in Sources */,
				5DE928E020481F9B00BCC3E3 /* UILabel+Category.m in Sources */,
				5D2A8EED20062B4B003C4BD4 /* NSAttributedString+Category.m in Sources */,
				5DCFE97F2011F8FC000C4AF9 /* HWSegmentedControl.m in Sources */,
				5D2A8EE620062B4B003C4BD4 /* UIWebView+Category.m in Sources */,
				5DE928D92048153200BCC3E3 /* HWXYGraphInteractionView.m in Sources */,
				5D686CEA202C78D30049967A /* UIGestureRecognizer+Category.m in Sources */,
				5DBD183F200F471E005A94E3 /* HWDirectoryWatcher.m in Sources */,
				5DCFDE7C20492CCC000DF646 /* HWInteractiveModalTransition.m in Sources */,
				5DCFDE7B20492CCC000DF646 /* HWInteractiveModalTransitionViewController.m in Sources */,
				5D2A8EDE20062B4B003C4BD4 /* UINavigationController+Category.m in Sources */,
				5D2A8EE420062B4B003C4BD4 /* NSData+Category.m in Sources */,
				5D2A8ED720062B4B003C4BD4 /* UIImageView+Category.m in Sources */,
				5D2A8EDB20062B4B003C4BD4 /* WKWebView+Category.m in Sources */,
				5DE928DA2048153200BCC3E3 /* HWXYGraphHostingView.m in Sources */,
				5D2A8EE120062B4B003C4BD4 /* UIDevice+Category.m in Sources */,
				5DF9EFEB20109210001D9306 /* UITableView+ViewModel.m in Sources */,
				5DCFDE732048FD69000DF646 /* HWGraphicViewController.m in Sources */,
				5DBD183E200F471E005A94E3 /* HWFileHelper.m in Sources */,
				5D2A8EDA20062B4B003C4BD4 /* NSArray+Category.m in Sources */,
				5D2A8EDD20062B4B003C4BD4 /* UIImage+Category.m in Sources */,
				5D2A8EE520062B4B003C4BD4 /* UIViewController+Category.m in Sources */,
				5D2A8EEE20062B4B003C4BD4 /* NSTimer+Category.m in Sources */,
				5DCFDE7D20492CCC000DF646 /* HWInteractiveModalTransitionNavigationController.m in Sources */,
				6003F59A195388D20070C39A /* main.m in Sources */,
				5D2A8EDC20062B4B003C4BD4 /* UITableView+Category.m in Sources */,
				5D2A8ED920062B4B003C4BD4 /* UIView+Utils.m in Sources */,
				5DF9EFEE20109562001D9306 /* UIGraphics+Extension.m in Sources */,
				5D2A8EE220062B4B003C4BD4 /* UIBarButtonItem+Category.m in Sources */,
				5D2A8EF420062B4B003C4BD4 /* HWDatePicker.m in Sources */,
				5D2A8ED820062B4B003C4BD4 /* NSDate+Category.m in Sources */,
				5D2A8EF320062B4B003C4BD4 /* HWWebViewController.m in Sources */,
				5DE928DD20481C7D00BCC3E3 /* CPTXYAxis+Category.m in Sources */,
			);
			runOnlyForDeploymentPostprocessing = 0;
		};
		6003F5AA195388D20070C39A /* Sources */ = {
			isa = PBXSourcesBuildPhase;
			buildActionMask = 2147483647;
			files = (
				6003F5BC195388D20070C39A /* Tests.m in Sources */,
			);
			runOnlyForDeploymentPostprocessing = 0;
		};
/* End PBXSourcesBuildPhase section */

/* Begin PBXTargetDependency section */
		6003F5B4195388D20070C39A /* PBXTargetDependency */ = {
			isa = PBXTargetDependency;
			target = 6003F589195388D20070C39A /* HWExtension_Example */;
			targetProxy = 6003F5B3195388D20070C39A /* PBXContainerItemProxy */;
		};
/* End PBXTargetDependency section */

/* Begin PBXVariantGroup section */
		6003F596195388D20070C39A /* InfoPlist.strings */ = {
			isa = PBXVariantGroup;
			children = (
				6003F597195388D20070C39A /* en */,
			);
			name = InfoPlist.strings;
			sourceTree = "<group>";
		};
		6003F5B8195388D20070C39A /* InfoPlist.strings */ = {
			isa = PBXVariantGroup;
			children = (
				6003F5B9195388D20070C39A /* en */,
			);
			name = InfoPlist.strings;
			sourceTree = "<group>";
		};
		71719F9D1E33DC2100824A3D /* LaunchScreen.storyboard */ = {
			isa = PBXVariantGroup;
			children = (
				71719F9E1E33DC2100824A3D /* Base */,
			);
			name = LaunchScreen.storyboard;
			sourceTree = "<group>";
		};
/* End PBXVariantGroup section */

/* Begin XCBuildConfiguration section */
		6003F5BD195388D20070C39A /* Debug */ = {
			isa = XCBuildConfiguration;
			buildSettings = {
				ALWAYS_SEARCH_USER_PATHS = NO;
				CLANG_CXX_LANGUAGE_STANDARD = "gnu++0x";
				CLANG_CXX_LIBRARY = "libc++";
				CLANG_ENABLE_MODULES = YES;
				CLANG_ENABLE_OBJC_ARC = YES;
				CLANG_WARN_BLOCK_CAPTURE_AUTORELEASING = YES;
				CLANG_WARN_BOOL_CONVERSION = YES;
				CLANG_WARN_COMMA = YES;
				CLANG_WARN_CONSTANT_CONVERSION = YES;
				CLANG_WARN_DIRECT_OBJC_ISA_USAGE = YES_ERROR;
				CLANG_WARN_EMPTY_BODY = YES;
				CLANG_WARN_ENUM_CONVERSION = YES;
				CLANG_WARN_INFINITE_RECURSION = YES;
				CLANG_WARN_INT_CONVERSION = YES;
				CLANG_WARN_NON_LITERAL_NULL_CONVERSION = YES;
				CLANG_WARN_OBJC_LITERAL_CONVERSION = YES;
				CLANG_WARN_OBJC_ROOT_CLASS = YES_ERROR;
				CLANG_WARN_RANGE_LOOP_ANALYSIS = YES;
				CLANG_WARN_STRICT_PROTOTYPES = YES;
				CLANG_WARN_SUSPICIOUS_MOVE = YES;
				CLANG_WARN_UNREACHABLE_CODE = YES;
				CLANG_WARN__DUPLICATE_METHOD_MATCH = YES;
				"CODE_SIGN_IDENTITY[sdk=iphoneos*]" = "iPhone Developer";
				COPY_PHASE_STRIP = NO;
				ENABLE_STRICT_OBJC_MSGSEND = YES;
				ENABLE_TESTABILITY = YES;
				GCC_C_LANGUAGE_STANDARD = gnu99;
				GCC_DYNAMIC_NO_PIC = NO;
				GCC_NO_COMMON_BLOCKS = YES;
				GCC_OPTIMIZATION_LEVEL = 0;
				GCC_PREPROCESSOR_DEFINITIONS = (
					"DEBUG=1",
					"$(inherited)",
				);
				GCC_SYMBOLS_PRIVATE_EXTERN = NO;
				GCC_WARN_64_TO_32_BIT_CONVERSION = YES;
				GCC_WARN_ABOUT_RETURN_TYPE = YES_ERROR;
				GCC_WARN_UNDECLARED_SELECTOR = YES;
				GCC_WARN_UNINITIALIZED_AUTOS = YES_AGGRESSIVE;
				GCC_WARN_UNUSED_FUNCTION = YES;
				GCC_WARN_UNUSED_VARIABLE = YES;
				IPHONEOS_DEPLOYMENT_TARGET = 8.0;
				ONLY_ACTIVE_ARCH = YES;
				SDKROOT = iphoneos;
				TARGETED_DEVICE_FAMILY = "1,2";
			};
			name = Debug;
		};
		6003F5BE195388D20070C39A /* Release */ = {
			isa = XCBuildConfiguration;
			buildSettings = {
				ALWAYS_SEARCH_USER_PATHS = NO;
				CLANG_CXX_LANGUAGE_STANDARD = "gnu++0x";
				CLANG_CXX_LIBRARY = "libc++";
				CLANG_ENABLE_MODULES = YES;
				CLANG_ENABLE_OBJC_ARC = YES;
				CLANG_WARN_BLOCK_CAPTURE_AUTORELEASING = YES;
				CLANG_WARN_BOOL_CONVERSION = YES;
				CLANG_WARN_COMMA = YES;
				CLANG_WARN_CONSTANT_CONVERSION = YES;
				CLANG_WARN_DIRECT_OBJC_ISA_USAGE = YES_ERROR;
				CLANG_WARN_EMPTY_BODY = YES;
				CLANG_WARN_ENUM_CONVERSION = YES;
				CLANG_WARN_INFINITE_RECURSION = YES;
				CLANG_WARN_INT_CONVERSION = YES;
				CLANG_WARN_NON_LITERAL_NULL_CONVERSION = YES;
				CLANG_WARN_OBJC_LITERAL_CONVERSION = YES;
				CLANG_WARN_OBJC_ROOT_CLASS = YES_ERROR;
				CLANG_WARN_RANGE_LOOP_ANALYSIS = YES;
				CLANG_WARN_STRICT_PROTOTYPES = YES;
				CLANG_WARN_SUSPICIOUS_MOVE = YES;
				CLANG_WARN_UNREACHABLE_CODE = YES;
				CLANG_WARN__DUPLICATE_METHOD_MATCH = YES;
				"CODE_SIGN_IDENTITY[sdk=iphoneos*]" = "iPhone Developer";
				COPY_PHASE_STRIP = YES;
				ENABLE_NS_ASSERTIONS = NO;
				ENABLE_STRICT_OBJC_MSGSEND = YES;
				GCC_C_LANGUAGE_STANDARD = gnu99;
				GCC_NO_COMMON_BLOCKS = YES;
				GCC_WARN_64_TO_32_BIT_CONVERSION = YES;
				GCC_WARN_ABOUT_RETURN_TYPE = YES_ERROR;
				GCC_WARN_UNDECLARED_SELECTOR = YES;
				GCC_WARN_UNINITIALIZED_AUTOS = YES_AGGRESSIVE;
				GCC_WARN_UNUSED_FUNCTION = YES;
				GCC_WARN_UNUSED_VARIABLE = YES;
				IPHONEOS_DEPLOYMENT_TARGET = 8.0;
				SDKROOT = iphoneos;
				TARGETED_DEVICE_FAMILY = "1,2";
				VALIDATE_PRODUCT = YES;
			};
			name = Release;
		};
		6003F5C0195388D20070C39A /* Debug */ = {
			isa = XCBuildConfiguration;
			baseConfigurationReference = D6EBF08E5B80CB83815053D5 /* Pods-HWExtension_Example.debug.xcconfig */;
			buildSettings = {
				ALWAYS_SEARCH_USER_PATHS = NO;
				ASSETCATALOG_COMPILER_APPICON_NAME = AppIcon;
				CODE_SIGN_STYLE = Manual;
				DEVELOPMENT_TEAM = "";
				GCC_PRECOMPILE_PREFIX_HEADER = YES;
				GCC_PREFIX_HEADER = "HWExtension/HWExtension-Prefix.pch";
				INFOPLIST_FILE = "HWExtension/HWExtension-Info.plist";
				IPHONEOS_DEPLOYMENT_TARGET = 8.0;
				MODULE_NAME = ExampleApp;
				PRODUCT_BUNDLE_IDENTIFIER = "HWExtension-Example";
				PRODUCT_NAME = "$(TARGET_NAME)";
				PROVISIONING_PROFILE_SPECIFIER = "";
				WRAPPER_EXTENSION = app;
			};
			name = Debug;
		};
		6003F5C1195388D20070C39A /* Release */ = {
			isa = XCBuildConfiguration;
			baseConfigurationReference = 7CB1FE25F73CF540978F8D0C /* Pods-HWExtension_Example.release.xcconfig */;
			buildSettings = {
				ALWAYS_SEARCH_USER_PATHS = NO;
				ASSETCATALOG_COMPILER_APPICON_NAME = AppIcon;
				CODE_SIGN_STYLE = Manual;
				DEVELOPMENT_TEAM = "";
				GCC_PRECOMPILE_PREFIX_HEADER = YES;
				GCC_PREFIX_HEADER = "HWExtension/HWExtension-Prefix.pch";
				INFOPLIST_FILE = "HWExtension/HWExtension-Info.plist";
				IPHONEOS_DEPLOYMENT_TARGET = 8.0;
				MODULE_NAME = ExampleApp;
				PRODUCT_BUNDLE_IDENTIFIER = "HWExtension-Example";
				PRODUCT_NAME = "$(TARGET_NAME)";
				PROVISIONING_PROFILE_SPECIFIER = "";
				WRAPPER_EXTENSION = app;
			};
			name = Release;
		};
		6003F5C3195388D20070C39A /* Debug */ = {
			isa = XCBuildConfiguration;
			baseConfigurationReference = 19D44659F49D27AABC24C560 /* Pods-HWExtension_Tests.debug.xcconfig */;
			buildSettings = {
				BUNDLE_LOADER = "$(TEST_HOST)";
				FRAMEWORK_SEARCH_PATHS = (
					"$(SDKROOT)/Developer/Library/Frameworks",
					"$(inherited)",
					"$(DEVELOPER_FRAMEWORKS_DIR)",
				);
				GCC_PRECOMPILE_PREFIX_HEADER = YES;
				GCC_PREFIX_HEADER = "Tests/Tests-Prefix.pch";
				GCC_PREPROCESSOR_DEFINITIONS = (
					"DEBUG=1",
					"$(inherited)",
				);
				INFOPLIST_FILE = "Tests/Tests-Info.plist";
				PRODUCT_BUNDLE_IDENTIFIER = "org.cocoapods.demo.${PRODUCT_NAME:rfc1034identifier}";
				PRODUCT_NAME = "$(TARGET_NAME)";
				TEST_HOST = "$(BUILT_PRODUCTS_DIR)/HWExtension_Example.app/HWExtension_Example";
				WRAPPER_EXTENSION = xctest;
			};
			name = Debug;
		};
		6003F5C4195388D20070C39A /* Release */ = {
			isa = XCBuildConfiguration;
			baseConfigurationReference = FD5C99D83DBE25687467D07D /* Pods-HWExtension_Tests.release.xcconfig */;
			buildSettings = {
				BUNDLE_LOADER = "$(TEST_HOST)";
				FRAMEWORK_SEARCH_PATHS = (
					"$(SDKROOT)/Developer/Library/Frameworks",
					"$(inherited)",
					"$(DEVELOPER_FRAMEWORKS_DIR)",
				);
				GCC_PRECOMPILE_PREFIX_HEADER = YES;
				GCC_PREFIX_HEADER = "Tests/Tests-Prefix.pch";
				INFOPLIST_FILE = "Tests/Tests-Info.plist";
				PRODUCT_BUNDLE_IDENTIFIER = "org.cocoapods.demo.${PRODUCT_NAME:rfc1034identifier}";
				PRODUCT_NAME = "$(TARGET_NAME)";
				TEST_HOST = "$(BUILT_PRODUCTS_DIR)/HWExtension_Example.app/HWExtension_Example";
				WRAPPER_EXTENSION = xctest;
			};
			name = Release;
		};
/* End XCBuildConfiguration section */

/* Begin XCConfigurationList section */
		6003F585195388D10070C39A /* Build configuration list for PBXProject "HWExtension" */ = {
			isa = XCConfigurationList;
			buildConfigurations = (
				6003F5BD195388D20070C39A /* Debug */,
				6003F5BE195388D20070C39A /* Release */,
			);
			defaultConfigurationIsVisible = 0;
			defaultConfigurationName = Release;
		};
		6003F5BF195388D20070C39A /* Build configuration list for PBXNativeTarget "HWExtension_Example" */ = {
			isa = XCConfigurationList;
			buildConfigurations = (
				6003F5C0195388D20070C39A /* Debug */,
				6003F5C1195388D20070C39A /* Release */,
			);
			defaultConfigurationIsVisible = 0;
			defaultConfigurationName = Release;
		};
		6003F5C2195388D20070C39A /* Build configuration list for PBXNativeTarget "HWExtension_Tests" */ = {
			isa = XCConfigurationList;
			buildConfigurations = (
				6003F5C3195388D20070C39A /* Debug */,
				6003F5C4195388D20070C39A /* Release */,
			);
			defaultConfigurationIsVisible = 0;
			defaultConfigurationName = Release;
		};
/* End XCConfigurationList section */
	};
	rootObject = 6003F582195388D10070C39A /* Project object */;
}
