// !$*UTF8*$!
{
	archiveVersion = 1;
	classes = {
	};
	objectVersion = 46;
	objects = {

/* Begin PBXBuildFile section */
		5D121F262488F0AE0016E773 /* NSObject+Rumtime.m in Sources */ = {isa = PBXBuildFile; fileRef = 5D121F242488F0AE0016E773 /* NSObject+Rumtime.m */; };
		5D121F3024892D120016E773 /* HWDB.m in Sources */ = {isa = PBXBuildFile; fileRef = 5D121F2824892D120016E773 /* HWDB.m */; };
		5D121F3124892D120016E773 /* HWDBTypes.m in Sources */ = {isa = PBXBuildFile; fileRef = 5D121F2C24892D120016E773 /* HWDBTypes.m */; };
		5D121F3224892D120016E773 /* HWDB+NSObject.m in Sources */ = {isa = PBXBuildFile; fileRef = 5D121F2E24892D120016E773 /* HWDB+NSObject.m */; };
		5D121F3324892D120016E773 /* NSString+SQL.m in Sources */ = {isa = PBXBuildFile; fileRef = 5D121F2F24892D120016E773 /* NSString+SQL.m */; };
		5D121F37248936390016E773 /* HWRouter.m in Sources */ = {isa = PBXBuildFile; fileRef = 5D121F36248936390016E773 /* HWRouter.m */; };
		5D1A493523CEC6200047DC26 /* HWStuckMonitor.m in Sources */ = {isa = PBXBuildFile; fileRef = 5D1A493423CEC6200047DC26 /* HWStuckMonitor.m */; };
		5D1A493823CF13F60047DC26 /* BSBacktraceLogger.m in Sources */ = {isa = PBXBuildFile; fileRef = 5D1A493623CF13F60047DC26 /* BSBacktraceLogger.m */; };
		5D26D110204EB23A00DDDEE9 /* HWRouterViewController.m in Sources */ = {isa = PBXBuildFile; fileRef = 5D26D10F204EB23A00DDDEE9 /* HWRouterViewController.m */; };
		5D26D113204EB5F200DDDEE9 /* HWRouterSubViewController1.m in Sources */ = {isa = PBXBuildFile; fileRef = 5D26D112204EB5F200DDDEE9 /* HWRouterSubViewController1.m */; };
		5D26D116204EB5FC00DDDEE9 /* HWRouterSubViewController2.m in Sources */ = {isa = PBXBuildFile; fileRef = 5D26D115204EB5FC00DDDEE9 /* HWRouterSubViewController2.m */; };
		5D26D119204EB60A00DDDEE9 /* HWRouterSubViewController3.m in Sources */ = {isa = PBXBuildFile; fileRef = 5D26D118204EB60A00DDDEE9 /* HWRouterSubViewController3.m */; };
		5D2F6BDE21FAFDC400105E55 /* HWWebViewController.m in Sources */ = {isa = PBXBuildFile; fileRef = 5D2F6BCA21FAFDC300105E55 /* HWWebViewController.m */; };
		5D2F6BE021FAFDC400105E55 /* JSBundle.bundle in Resources */ = {isa = PBXBuildFile; fileRef = 5D2F6BD121FAFDC300105E55 /* JSBundle.bundle */; };
		5D2F6BE321FAFDC400105E55 /* UIWebView+Category.m in Sources */ = {isa = PBXBuildFile; fileRef = 5D2F6BD821FAFDC400105E55 /* UIWebView+Category.m */; };
		5D2F6BE621FAFDC400105E55 /* WKWebView+Category.m in Sources */ = {isa = PBXBuildFile; fileRef = 5D2F6BDD21FAFDC400105E55 /* WKWebView+Category.m */; };
		5D2F6BF421FB038900105E55 /* HWWebViewController+JavaScript.m in Sources */ = {isa = PBXBuildFile; fileRef = 5D2F6BE721FB038700105E55 /* HWWebViewController+JavaScript.m */; };
		5D2F6BF521FB038900105E55 /* HWWebViewController+UIGestureRecognizer.m in Sources */ = {isa = PBXBuildFile; fileRef = 5D2F6BE921FB038700105E55 /* HWWebViewController+UIGestureRecognizer.m */; };
		5D2F6BF621FB038900105E55 /* HWWebViewController+Cookie.m in Sources */ = {isa = PBXBuildFile; fileRef = 5D2F6BED21FB038800105E55 /* HWWebViewController+Cookie.m */; };
		5D2F6BF721FB038900105E55 /* HWWebViewController+Router.m in Sources */ = {isa = PBXBuildFile; fileRef = 5D2F6BF121FB038900105E55 /* HWWebViewController+Router.m */; };
		5D32E7AF204958B100ED235A /* HWTableViewDataSource.m in Sources */ = {isa = PBXBuildFile; fileRef = 5D32E74E204958B000ED235A /* HWTableViewDataSource.m */; };
		5D32E7B0204958B100ED235A /* HWTableViewViewModel.m in Sources */ = {isa = PBXBuildFile; fileRef = 5D32E74F204958B000ED235A /* HWTableViewViewModel.m */; };
		5D32E7B1204958B100ED235A /* HWTableViewDelegate.m in Sources */ = {isa = PBXBuildFile; fileRef = 5D32E754204958B000ED235A /* HWTableViewDelegate.m */; };
		5D32E7B2204958B100ED235A /* UITableView+ViewModel.m in Sources */ = {isa = PBXBuildFile; fileRef = 5D32E756204958B000ED235A /* UITableView+ViewModel.m */; };
		5D32E7B4204958B100ED235A /* HWDatePicker.m in Sources */ = {isa = PBXBuildFile; fileRef = 5D32E758204958B000ED235A /* HWDatePicker.m */; };
		5D32E7B5204958B100ED235A /* HWCountDownButton.m in Sources */ = {isa = PBXBuildFile; fileRef = 5D32E75A204958B000ED235A /* HWCountDownButton.m */; };
		5D32E7B6204958B100ED235A /* HWInteractiveModalTransitionViewController.m in Sources */ = {isa = PBXBuildFile; fileRef = 5D32E75D204958B000ED235A /* HWInteractiveModalTransitionViewController.m */; };
		5D32E7B7204958B100ED235A /* HWInteractiveModalTransition.m in Sources */ = {isa = PBXBuildFile; fileRef = 5D32E75E204958B000ED235A /* HWInteractiveModalTransition.m */; };
		5D32E7B8204958B100ED235A /* HWInteractiveModalTransitionNavigationController.m in Sources */ = {isa = PBXBuildFile; fileRef = 5D32E75F204958B000ED235A /* HWInteractiveModalTransitionNavigationController.m */; };
		5D32E7B9204958B100ED235A /* CPTXYAxis+Category.m in Sources */ = {isa = PBXBuildFile; fileRef = 5D32E766204958B000ED235A /* CPTXYAxis+Category.m */; };
		5D32E7BA204958B100ED235A /* HWXYGraphInteractionView.m in Sources */ = {isa = PBXBuildFile; fileRef = 5D32E767204958B000ED235A /* HWXYGraphInteractionView.m */; };
		5D32E7BB204958B100ED235A /* HWXYGraphHostingView.m in Sources */ = {isa = PBXBuildFile; fileRef = 5D32E768204958B000ED235A /* HWXYGraphHostingView.m */; };
		5D32E7BD204958B100ED235A /* NSMutableString+Category.m in Sources */ = {isa = PBXBuildFile; fileRef = 5D32E76E204958B000ED235A /* NSMutableString+Category.m */; };
		5D32E7BE204958B100ED235A /* UIImageView+Category.m in Sources */ = {isa = PBXBuildFile; fileRef = 5D32E76F204958B000ED235A /* UIImageView+Category.m */; };
		5D32E7BF204958B100ED235A /* NSDate+Category.m in Sources */ = {isa = PBXBuildFile; fileRef = 5D32E773204958B000ED235A /* NSDate+Category.m */; };
		5D32E7C0204958B100ED235A /* UIView+Utils.m in Sources */ = {isa = PBXBuildFile; fileRef = 5D32E774204958B000ED235A /* UIView+Utils.m */; };
		5D32E7C1204958B100ED235A /* NSArray+Category.m in Sources */ = {isa = PBXBuildFile; fileRef = 5D32E776204958B000ED235A /* NSArray+Category.m */; };
		5D32E7C3204958B100ED235A /* UITableView+Category.m in Sources */ = {isa = PBXBuildFile; fileRef = 5D32E778204958B000ED235A /* UITableView+Category.m */; };
		5D32E7C4204958B100ED235A /* UIImage+Category.m in Sources */ = {isa = PBXBuildFile; fileRef = 5D32E779204958B000ED235A /* UIImage+Category.m */; };
		5D32E7C5204958B100ED235A /* UINavigationController+Category.m in Sources */ = {isa = PBXBuildFile; fileRef = 5D32E77A204958B000ED235A /* UINavigationController+Category.m */; };
		5D32E7C6204958B100ED235A /* UIButton+Category.m in Sources */ = {isa = PBXBuildFile; fileRef = 5D32E77E204958B000ED235A /* UIButton+Category.m */; };
		5D32E7C7204958B100ED235A /* UIControl+Category.m in Sources */ = {isa = PBXBuildFile; fileRef = 5D32E781204958B000ED235A /* UIControl+Category.m */; };
		5D32E7C9204958B100ED235A /* UIDevice+Category.m in Sources */ = {isa = PBXBuildFile; fileRef = 5D32E785204958B000ED235A /* UIDevice+Category.m */; };
		5D32E7CA204958B100ED235A /* UIBarButtonItem+Category.m in Sources */ = {isa = PBXBuildFile; fileRef = 5D32E787204958B000ED235A /* UIBarButtonItem+Category.m */; };
		5D32E7CB204958B100ED235A /* UIGestureRecognizer+Category.m in Sources */ = {isa = PBXBuildFile; fileRef = 5D32E78B204958B000ED235A /* UIGestureRecognizer+Category.m */; };
		5D32E7CC204958B100ED235A /* NSString+Category.m in Sources */ = {isa = PBXBuildFile; fileRef = 5D32E78C204958B000ED235A /* NSString+Category.m */; };
		5D32E7CD204958B100ED235A /* NSData+Category.m in Sources */ = {isa = PBXBuildFile; fileRef = 5D32E78D204958B000ED235A /* NSData+Category.m */; };
		5D32E7CE204958B100ED235A /* UIViewController+Category.m in Sources */ = {isa = PBXBuildFile; fileRef = 5D32E790204958B000ED235A /* UIViewController+Category.m */; };
		5D32E7D1204958B100ED235A /* UIGraphics+Extension.m in Sources */ = {isa = PBXBuildFile; fileRef = 5D32E79A204958B100ED235A /* UIGraphics+Extension.m */; };
		5D32E7D2204958B100ED235A /* NSObject+Category.m in Sources */ = {isa = PBXBuildFile; fileRef = 5D32E79B204958B100ED235A /* NSObject+Category.m */; };
		5D32E7D3204958B100ED235A /* UIColor+Category.m in Sources */ = {isa = PBXBuildFile; fileRef = 5D32E79D204958B100ED235A /* UIColor+Category.m */; };
		5D32E7D4204958B100ED235A /* UITableViewCell+Category.m in Sources */ = {isa = PBXBuildFile; fileRef = 5D32E79E204958B100ED235A /* UITableViewCell+Category.m */; };
		5D32E7D5204958B100ED235A /* NSAttributedString+Category.m in Sources */ = {isa = PBXBuildFile; fileRef = 5D32E7A0204958B100ED235A /* NSAttributedString+Category.m */; };
		5D32E7D6204958B100ED235A /* NSTimer+Category.m in Sources */ = {isa = PBXBuildFile; fileRef = 5D32E7A1204958B100ED235A /* NSTimer+Category.m */; };
		5D32E7D7204958B100ED235A /* NSMutableAttributedString+Category.m in Sources */ = {isa = PBXBuildFile; fileRef = 5D32E7A2204958B100ED235A /* NSMutableAttributedString+Category.m */; };
		5D32E7D8204958B100ED235A /* HWSandboxBrowserViewController.m in Sources */ = {isa = PBXBuildFile; fileRef = 5D32E7A7204958B100ED235A /* HWSandboxBrowserViewController.m */; };
		5D32E7D9204958B100ED235A /* ToolResources.bundle in Resources */ = {isa = PBXBuildFile; fileRef = 5D32E7A9204958B100ED235A /* ToolResources.bundle */; };
		5D32E7DA204958B100ED235A /* HWFileHelper.m in Sources */ = {isa = PBXBuildFile; fileRef = 5D32E7AA204958B100ED235A /* HWFileHelper.m */; };
		5D32E7DB204958B100ED235A /* HWDirectoryWatcher.m in Sources */ = {isa = PBXBuildFile; fileRef = 5D32E7AB204958B100ED235A /* HWDirectoryWatcher.m */; };
		5D424C03204D395B000214C3 /* UIApplication+Category.m in Sources */ = {isa = PBXBuildFile; fileRef = 5D424C02204D395B000214C3 /* UIApplication+Category.m */; };
		5D57EBEF22642C030035112B /* HWWebBrowser.m in Sources */ = {isa = PBXBuildFile; fileRef = 5D57EBEE22642C030035112B /* HWWebBrowser.m */; };
		5D959E9620B2A07800B98F33 /* HWOperationGroup.m in Sources */ = {isa = PBXBuildFile; fileRef = 5D959E9520B2A07700B98F33 /* HWOperationGroup.m */; };
		5DB0A7082489EBEA00B1D263 /* HWTabBar.m in Sources */ = {isa = PBXBuildFile; fileRef = 5DB0A7062489EBEA00B1D263 /* HWTabBar.m */; };
		5DCFDE702048FC7A000DF646 /* HWRootViewController.m in Sources */ = {isa = PBXBuildFile; fileRef = 5DCFDE6F2048FC7A000DF646 /* HWRootViewController.m */; };
		5DCFDE732048FD69000DF646 /* HWGraphicViewController.m in Sources */ = {isa = PBXBuildFile; fileRef = 5DCFDE722048FD69000DF646 /* HWGraphicViewController.m */; };
		5DEAD548248E25DE00D5D595 /* NSObject+Hook.m in Sources */ = {isa = PBXBuildFile; fileRef = 5DEAD547248E25DE00D5D595 /* NSObject+Hook.m */; };
		5DEAD566248E33A400D5D595 /* ToolResources.bundle in Resources */ = {isa = PBXBuildFile; fileRef = 5DEAD54B248E33A300D5D595 /* ToolResources.bundle */; };
		5DEAD568248E33A400D5D595 /* HWFileBrowserViewController.m in Sources */ = {isa = PBXBuildFile; fileRef = 5DEAD54D248E33A300D5D595 /* HWFileBrowserViewController.m */; };
		5DEAD569248E33A400D5D595 /* HWFileContentBrowserViewController.m in Sources */ = {isa = PBXBuildFile; fileRef = 5DEAD54E248E33A300D5D595 /* HWFileContentBrowserViewController.m */; };
		5DEAD584248E33E900D5D595 /* ServiceInfo.m in Sources */ = {isa = PBXBuildFile; fileRef = 5DEAD575248E33E900D5D595 /* ServiceInfo.m */; };
		5DEAD585248E33E900D5D595 /* ServiceInfoViewController.m in Sources */ = {isa = PBXBuildFile; fileRef = 5DEAD576248E33E900D5D595 /* ServiceInfoViewController.m */; };
		5DEAD586248E33E900D5D595 /* WebServer.bundle in Resources */ = {isa = PBXBuildFile; fileRef = 5DEAD577248E33E900D5D595 /* WebServer.bundle */; };
		5DEAD588248E33E900D5D595 /* FindServiceViewController.m in Sources */ = {isa = PBXBuildFile; fileRef = 5DEAD579248E33E900D5D595 /* FindServiceViewController.m */; };
		5DEAD58B248E33E900D5D595 /* ServerMangerViewController.m in Sources */ = {isa = PBXBuildFile; fileRef = 5DEAD582248E33E900D5D595 /* ServerMangerViewController.m */; };
		5DEAD592248E374E00D5D595 /* HWNetServiceBrowser.m in Sources */ = {isa = PBXBuildFile; fileRef = 5DEAD58D248E374E00D5D595 /* HWNetServiceBrowser.m */; };
		5DEAD593248E374E00D5D595 /* HWHTTPServer.m in Sources */ = {isa = PBXBuildFile; fileRef = 5DEAD58E248E374E00D5D595 /* HWHTTPServer.m */; };
		5DEAD594248E374E00D5D595 /* HWHTTPServerManager.m in Sources */ = {isa = PBXBuildFile; fileRef = 5DEAD590248E374E00D5D595 /* HWHTTPServerManager.m */; };
		5DFF06D420C540FD0023F3A2 /* HWRunLoopObserver.m in Sources */ = {isa = PBXBuildFile; fileRef = 5DFF06D220C540FD0023F3A2 /* HWRunLoopObserver.m */; };
		5DFF06D720C544270023F3A2 /* HWRunLoopSource.m in Sources */ = {isa = PBXBuildFile; fileRef = 5DFF06D620C544270023F3A2 /* HWRunLoopSource.m */; };
		6003F58E195388D20070C39A /* Foundation.framework in Frameworks */ = {isa = PBXBuildFile; fileRef = 6003F58D195388D20070C39A /* Foundation.framework */; };
		6003F590195388D20070C39A /* CoreGraphics.framework in Frameworks */ = {isa = PBXBuildFile; fileRef = 6003F58F195388D20070C39A /* CoreGraphics.framework */; };
		6003F592195388D20070C39A /* UIKit.framework in Frameworks */ = {isa = PBXBuildFile; fileRef = 6003F591195388D20070C39A /* UIKit.framework */; };
		6003F598195388D20070C39A /* InfoPlist.strings in Resources */ = {isa = PBXBuildFile; fileRef = 6003F596195388D20070C39A /* InfoPlist.strings */; };
		6003F59A195388D20070C39A /* main.m in Sources */ = {isa = PBXBuildFile; fileRef = 6003F599195388D20070C39A /* main.m */; };
		6003F59E195388D20070C39A /* HWAppDelegate.m in Sources */ = {isa = PBXBuildFile; fileRef = 6003F59D195388D20070C39A /* HWAppDelegate.m */; };
		6003F5A7195388D20070C39A /* HWViewController.m in Sources */ = {isa = PBXBuildFile; fileRef = 6003F5A6195388D20070C39A /* HWViewController.m */; };
		6003F5A9195388D20070C39A /* Images.xcassets in Resources */ = {isa = PBXBuildFile; fileRef = 6003F5A8195388D20070C39A /* Images.xcassets */; };
		6003F5B0195388D20070C39A /* XCTest.framework in Frameworks */ = {isa = PBXBuildFile; fileRef = 6003F5AF195388D20070C39A /* XCTest.framework */; };
		6003F5B1195388D20070C39A /* Foundation.framework in Frameworks */ = {isa = PBXBuildFile; fileRef = 6003F58D195388D20070C39A /* Foundation.framework */; };
		6003F5B2195388D20070C39A /* UIKit.framework in Frameworks */ = {isa = PBXBuildFile; fileRef = 6003F591195388D20070C39A /* UIKit.framework */; };
		6003F5BA195388D20070C39A /* InfoPlist.strings in Resources */ = {isa = PBXBuildFile; fileRef = 6003F5B8195388D20070C39A /* InfoPlist.strings */; };
		6003F5BC195388D20070C39A /* Tests.m in Sources */ = {isa = PBXBuildFile; fileRef = 6003F5BB195388D20070C39A /* Tests.m */; };
		71719F9F1E33DC2100824A3D /* LaunchScreen.storyboard in Resources */ = {isa = PBXBuildFile; fileRef = 71719F9D1E33DC2100824A3D /* LaunchScreen.storyboard */; };
		725FF6F6DBA16653447C2345 /* Pods_HWExtension_Tests.framework in Frameworks */ = {isa = PBXBuildFile; fileRef = 4E5D1EBC56FB55219C45FA64 /* Pods_HWExtension_Tests.framework */; };
		873B8AEB1B1F5CCA007FD442 /* Main.storyboard in Resources */ = {isa = PBXBuildFile; fileRef = 873B8AEA1B1F5CCA007FD442 /* Main.storyboard */; };
		A1783BB8DA644F88DDC9A7E6 /* Pods_HWExtension_Example.framework in Frameworks */ = {isa = PBXBuildFile; fileRef = 659E817D78D874311EA51AC4 /* Pods_HWExtension_Example.framework */; };
/* End PBXBuildFile section */

/* Begin PBXContainerItemProxy section */
		6003F5B3195388D20070C39A /* PBXContainerItemProxy */ = {
			isa = PBXContainerItemProxy;
			containerPortal = 6003F582195388D10070C39A /* Project object */;
			proxyType = 1;
			remoteGlobalIDString = 6003F589195388D20070C39A;
			remoteInfo = HWExtension;
		};
/* End PBXContainerItemProxy section */

/* Begin PBXFileReference section */
		19D44659F49D27AABC24C560 /* Pods-HWExtension_Tests.debug.xcconfig */ = {isa = PBXFileReference; includeInIndex = 1; lastKnownFileType = text.xcconfig; name = "Pods-HWExtension_Tests.debug.xcconfig"; path = "Pods/Target Support Files/Pods-HWExtension_Tests/Pods-HWExtension_Tests.debug.xcconfig"; sourceTree = "<group>"; };
		49BDB3F65C92762D1D6E1480 /* LICENSE */ = {isa = PBXFileReference; includeInIndex = 1; lastKnownFileType = text; name = LICENSE; path = ../LICENSE; sourceTree = "<group>"; };
		4E5D1EBC56FB55219C45FA64 /* Pods_HWExtension_Tests.framework */ = {isa = PBXFileReference; explicitFileType = wrapper.framework; includeInIndex = 0; path = Pods_HWExtension_Tests.framework; sourceTree = BUILT_PRODUCTS_DIR; };
		5D121F242488F0AE0016E773 /* NSObject+Rumtime.m */ = {isa = PBXFileReference; fileEncoding = 4; lastKnownFileType = sourcecode.c.objc; path = "NSObject+Rumtime.m"; sourceTree = "<group>"; };
		5D121F252488F0AE0016E773 /* NSObject+Rumtime.h */ = {isa = PBXFileReference; fileEncoding = 4; lastKnownFileType = sourcecode.c.h; path = "NSObject+Rumtime.h"; sourceTree = "<group>"; };
		5D121F2824892D120016E773 /* HWDB.m */ = {isa = PBXFileReference; fileEncoding = 4; lastKnownFileType = sourcecode.c.objc; path = HWDB.m; sourceTree = "<group>"; };
		5D121F2924892D120016E773 /* HWDBTypes.h */ = {isa = PBXFileReference; fileEncoding = 4; lastKnownFileType = sourcecode.c.h; path = HWDBTypes.h; sourceTree = "<group>"; };
		5D121F2A24892D120016E773 /* HWDB+NSObject.h */ = {isa = PBXFileReference; fileEncoding = 4; lastKnownFileType = sourcecode.c.h; path = "HWDB+NSObject.h"; sourceTree = "<group>"; };
		5D121F2B24892D120016E773 /* NSString+SQL.h */ = {isa = PBXFileReference; fileEncoding = 4; lastKnownFileType = sourcecode.c.h; path = "NSString+SQL.h"; sourceTree = "<group>"; };
		5D121F2C24892D120016E773 /* HWDBTypes.m */ = {isa = PBXFileReference; fileEncoding = 4; lastKnownFileType = sourcecode.c.objc; path = HWDBTypes.m; sourceTree = "<group>"; };
		5D121F2D24892D120016E773 /* HWDB.h */ = {isa = PBXFileReference; fileEncoding = 4; lastKnownFileType = sourcecode.c.h; path = HWDB.h; sourceTree = "<group>"; };
		5D121F2E24892D120016E773 /* HWDB+NSObject.m */ = {isa = PBXFileReference; fileEncoding = 4; lastKnownFileType = sourcecode.c.objc; path = "HWDB+NSObject.m"; sourceTree = "<group>"; };
		5D121F2F24892D120016E773 /* NSString+SQL.m */ = {isa = PBXFileReference; fileEncoding = 4; lastKnownFileType = sourcecode.c.objc; path = "NSString+SQL.m"; sourceTree = "<group>"; };
		5D121F35248936390016E773 /* HWRouter.h */ = {isa = PBXFileReference; fileEncoding = 4; lastKnownFileType = sourcecode.c.h; path = HWRouter.h; sourceTree = "<group>"; };
		5D121F36248936390016E773 /* HWRouter.m */ = {isa = PBXFileReference; fileEncoding = 4; lastKnownFileType = sourcecode.c.objc; path = HWRouter.m; sourceTree = "<group>"; };
		5D1A493323CEC6200047DC26 /* HWStuckMonitor.h */ = {isa = PBXFileReference; lastKnownFileType = sourcecode.c.h; path = HWStuckMonitor.h; sourceTree = "<group>"; };
		5D1A493423CEC6200047DC26 /* HWStuckMonitor.m */ = {isa = PBXFileReference; lastKnownFileType = sourcecode.c.objc; path = HWStuckMonitor.m; sourceTree = "<group>"; };
		5D1A493623CF13F60047DC26 /* BSBacktraceLogger.m */ = {isa = PBXFileReference; fileEncoding = 4; lastKnownFileType = sourcecode.c.objc; path = BSBacktraceLogger.m; sourceTree = "<group>"; };
		5D1A493723CF13F60047DC26 /* BSBacktraceLogger.h */ = {isa = PBXFileReference; fileEncoding = 4; lastKnownFileType = sourcecode.c.h; path = BSBacktraceLogger.h; sourceTree = "<group>"; };
		5D26D10E204EB23A00DDDEE9 /* HWRouterViewController.h */ = {isa = PBXFileReference; lastKnownFileType = sourcecode.c.h; path = HWRouterViewController.h; sourceTree = "<group>"; };
		5D26D10F204EB23A00DDDEE9 /* HWRouterViewController.m */ = {isa = PBXFileReference; lastKnownFileType = sourcecode.c.objc; path = HWRouterViewController.m; sourceTree = "<group>"; };
		5D26D111204EB5F200DDDEE9 /* HWRouterSubViewController1.h */ = {isa = PBXFileReference; lastKnownFileType = sourcecode.c.h; path = HWRouterSubViewController1.h; sourceTree = "<group>"; };
		5D26D112204EB5F200DDDEE9 /* HWRouterSubViewController1.m */ = {isa = PBXFileReference; lastKnownFileType = sourcecode.c.objc; path = HWRouterSubViewController1.m; sourceTree = "<group>"; };
		5D26D114204EB5FC00DDDEE9 /* HWRouterSubViewController2.h */ = {isa = PBXFileReference; lastKnownFileType = sourcecode.c.h; path = HWRouterSubViewController2.h; sourceTree = "<group>"; };
		5D26D115204EB5FC00DDDEE9 /* HWRouterSubViewController2.m */ = {isa = PBXFileReference; lastKnownFileType = sourcecode.c.objc; path = HWRouterSubViewController2.m; sourceTree = "<group>"; };
		5D26D117204EB60A00DDDEE9 /* HWRouterSubViewController3.h */ = {isa = PBXFileReference; lastKnownFileType = sourcecode.c.h; path = HWRouterSubViewController3.h; sourceTree = "<group>"; };
		5D26D118204EB60A00DDDEE9 /* HWRouterSubViewController3.m */ = {isa = PBXFileReference; lastKnownFileType = sourcecode.c.objc; path = HWRouterSubViewController3.m; sourceTree = "<group>"; };
		5D2F6BCA21FAFDC300105E55 /* HWWebViewController.m */ = {isa = PBXFileReference; fileEncoding = 4; lastKnownFileType = sourcecode.c.objc; path = HWWebViewController.m; sourceTree = "<group>"; };
		5D2F6BCC21FAFDC300105E55 /* UIWebView+Category.h */ = {isa = PBXFileReference; fileEncoding = 4; lastKnownFileType = sourcecode.c.h; path = "UIWebView+Category.h"; sourceTree = "<group>"; };
		5D2F6BCF21FAFDC300105E55 /* HWWebViewController.h */ = {isa = PBXFileReference; fileEncoding = 4; lastKnownFileType = sourcecode.c.h; path = HWWebViewController.h; sourceTree = "<group>"; };
		5D2F6BD121FAFDC300105E55 /* JSBundle.bundle */ = {isa = PBXFileReference; lastKnownFileType = "wrapper.plug-in"; path = JSBundle.bundle; sourceTree = "<group>"; };
		5D2F6BD821FAFDC400105E55 /* UIWebView+Category.m */ = {isa = PBXFileReference; fileEncoding = 4; lastKnownFileType = sourcecode.c.objc; path = "UIWebView+Category.m"; sourceTree = "<group>"; };
		5D2F6BDC21FAFDC400105E55 /* WKWebView+Category.h */ = {isa = PBXFileReference; fileEncoding = 4; lastKnownFileType = sourcecode.c.h; path = "WKWebView+Category.h"; sourceTree = "<group>"; };
		5D2F6BDD21FAFDC400105E55 /* WKWebView+Category.m */ = {isa = PBXFileReference; fileEncoding = 4; lastKnownFileType = sourcecode.c.objc; path = "WKWebView+Category.m"; sourceTree = "<group>"; };
		5D2F6BE721FB038700105E55 /* HWWebViewController+JavaScript.m */ = {isa = PBXFileReference; fileEncoding = 4; lastKnownFileType = sourcecode.c.objc; path = "HWWebViewController+JavaScript.m"; sourceTree = "<group>"; };
		5D2F6BE821FB038700105E55 /* HWWebViewController+Cookie.h */ = {isa = PBXFileReference; fileEncoding = 4; lastKnownFileType = sourcecode.c.h; path = "HWWebViewController+Cookie.h"; sourceTree = "<group>"; };
		5D2F6BE921FB038700105E55 /* HWWebViewController+UIGestureRecognizer.m */ = {isa = PBXFileReference; fileEncoding = 4; lastKnownFileType = sourcecode.c.objc; path = "HWWebViewController+UIGestureRecognizer.m"; sourceTree = "<group>"; };
		5D2F6BEA21FB038700105E55 /* HWHTTPCookieRuntimeSupport.h */ = {isa = PBXFileReference; fileEncoding = 4; lastKnownFileType = sourcecode.c.h; path = HWHTTPCookieRuntimeSupport.h; sourceTree = "<group>"; };
		5D2F6BEB21FB038700105E55 /* HWEvaluateJavaScriptError.h */ = {isa = PBXFileReference; fileEncoding = 4; lastKnownFileType = sourcecode.c.h; path = HWEvaluateJavaScriptError.h; sourceTree = "<group>"; };
		5D2F6BED21FB038800105E55 /* HWWebViewController+Cookie.m */ = {isa = PBXFileReference; fileEncoding = 4; lastKnownFileType = sourcecode.c.objc; path = "HWWebViewController+Cookie.m"; sourceTree = "<group>"; };
		5D2F6BEE21FB038800105E55 /* HWWebViewControllerHeader.h */ = {isa = PBXFileReference; fileEncoding = 4; lastKnownFileType = sourcecode.c.h; path = HWWebViewControllerHeader.h; sourceTree = "<group>"; };
		5D2F6BEF21FB038800105E55 /* HWWebViewController+Router.h */ = {isa = PBXFileReference; fileEncoding = 4; lastKnownFileType = sourcecode.c.h; path = "HWWebViewController+Router.h"; sourceTree = "<group>"; };
		5D2F6BF021FB038800105E55 /* HWWebViewController+UIGestureRecognizer.h */ = {isa = PBXFileReference; fileEncoding = 4; lastKnownFileType = sourcecode.c.h; path = "HWWebViewController+UIGestureRecognizer.h"; sourceTree = "<group>"; };
		5D2F6BF121FB038900105E55 /* HWWebViewController+Router.m */ = {isa = PBXFileReference; fileEncoding = 4; lastKnownFileType = sourcecode.c.objc; path = "HWWebViewController+Router.m"; sourceTree = "<group>"; };
		5D2F6BF321FB038900105E55 /* HWWebViewController+JavaScript.h */ = {isa = PBXFileReference; fileEncoding = 4; lastKnownFileType = sourcecode.c.h; path = "HWWebViewController+JavaScript.h"; sourceTree = "<group>"; };
		5D32E74E204958B000ED235A /* HWTableViewDataSource.m */ = {isa = PBXFileReference; fileEncoding = 4; lastKnownFileType = sourcecode.c.objc; path = HWTableViewDataSource.m; sourceTree = "<group>"; };
		5D32E74F204958B000ED235A /* HWTableViewViewModel.m */ = {isa = PBXFileReference; fileEncoding = 4; lastKnownFileType = sourcecode.c.objc; path = HWTableViewViewModel.m; sourceTree = "<group>"; };
		5D32E750204958B000ED235A /* HWTableViewDelegate.h */ = {isa = PBXFileReference; fileEncoding = 4; lastKnownFileType = sourcecode.c.h; path = HWTableViewDelegate.h; sourceTree = "<group>"; };
		5D32E751204958B000ED235A /* UITableView+ViewModel.h */ = {isa = PBXFileReference; fileEncoding = 4; lastKnownFileType = sourcecode.c.h; path = "UITableView+ViewModel.h"; sourceTree = "<group>"; };
		5D32E752204958B000ED235A /* HWTableViewDataSource.h */ = {isa = PBXFileReference; fileEncoding = 4; lastKnownFileType = sourcecode.c.h; path = HWTableViewDataSource.h; sourceTree = "<group>"; };
		5D32E753204958B000ED235A /* HWTableViewViewModel.h */ = {isa = PBXFileReference; fileEncoding = 4; lastKnownFileType = sourcecode.c.h; path = HWTableViewViewModel.h; sourceTree = "<group>"; };
		5D32E754204958B000ED235A /* HWTableViewDelegate.m */ = {isa = PBXFileReference; fileEncoding = 4; lastKnownFileType = sourcecode.c.objc; path = HWTableViewDelegate.m; sourceTree = "<group>"; };
		5D32E755204958B000ED235A /* HWTableViewBlocks.h */ = {isa = PBXFileReference; fileEncoding = 4; lastKnownFileType = sourcecode.c.h; path = HWTableViewBlocks.h; sourceTree = "<group>"; };
		5D32E756204958B000ED235A /* UITableView+ViewModel.m */ = {isa = PBXFileReference; fileEncoding = 4; lastKnownFileType = sourcecode.c.objc; path = "UITableView+ViewModel.m"; sourceTree = "<group>"; };
		5D32E758204958B000ED235A /* HWDatePicker.m */ = {isa = PBXFileReference; fileEncoding = 4; lastKnownFileType = sourcecode.c.objc; path = HWDatePicker.m; sourceTree = "<group>"; };
		5D32E75A204958B000ED235A /* HWCountDownButton.m */ = {isa = PBXFileReference; fileEncoding = 4; lastKnownFileType = sourcecode.c.objc; path = HWCountDownButton.m; sourceTree = "<group>"; };
		5D32E75C204958B000ED235A /* HWInteractiveModalTransitionNavigationController.h */ = {isa = PBXFileReference; fileEncoding = 4; lastKnownFileType = sourcecode.c.h; path = HWInteractiveModalTransitionNavigationController.h; sourceTree = "<group>"; };
		5D32E75D204958B000ED235A /* HWInteractiveModalTransitionViewController.m */ = {isa = PBXFileReference; fileEncoding = 4; lastKnownFileType = sourcecode.c.objc; path = HWInteractiveModalTransitionViewController.m; sourceTree = "<group>"; };
		5D32E75E204958B000ED235A /* HWInteractiveModalTransition.m */ = {isa = PBXFileReference; fileEncoding = 4; lastKnownFileType = sourcecode.c.objc; path = HWInteractiveModalTransition.m; sourceTree = "<group>"; };
		5D32E75F204958B000ED235A /* HWInteractiveModalTransitionNavigationController.m */ = {isa = PBXFileReference; fileEncoding = 4; lastKnownFileType = sourcecode.c.objc; path = HWInteractiveModalTransitionNavigationController.m; sourceTree = "<group>"; };
		5D32E760204958B000ED235A /* HWInteractiveModalTransition.h */ = {isa = PBXFileReference; fileEncoding = 4; lastKnownFileType = sourcecode.c.h; path = HWInteractiveModalTransition.h; sourceTree = "<group>"; };
		5D32E761204958B000ED235A /* HWInteractiveModalTransitionViewController.h */ = {isa = PBXFileReference; fileEncoding = 4; lastKnownFileType = sourcecode.c.h; path = HWInteractiveModalTransitionViewController.h; sourceTree = "<group>"; };
		5D32E763204958B000ED235A /* HWXYGraphInteractionView.h */ = {isa = PBXFileReference; fileEncoding = 4; lastKnownFileType = sourcecode.c.h; path = HWXYGraphInteractionView.h; sourceTree = "<group>"; };
		5D32E764204958B000ED235A /* CPTXYAxis+Category.h */ = {isa = PBXFileReference; fileEncoding = 4; lastKnownFileType = sourcecode.c.h; path = "CPTXYAxis+Category.h"; sourceTree = "<group>"; };
		5D32E765204958B000ED235A /* HWXYGraphHostingView.h */ = {isa = PBXFileReference; fileEncoding = 4; lastKnownFileType = sourcecode.c.h; path = HWXYGraphHostingView.h; sourceTree = "<group>"; };
		5D32E766204958B000ED235A /* CPTXYAxis+Category.m */ = {isa = PBXFileReference; fileEncoding = 4; lastKnownFileType = sourcecode.c.objc; path = "CPTXYAxis+Category.m"; sourceTree = "<group>"; };
		5D32E767204958B000ED235A /* HWXYGraphInteractionView.m */ = {isa = PBXFileReference; fileEncoding = 4; lastKnownFileType = sourcecode.c.objc; path = HWXYGraphInteractionView.m; sourceTree = "<group>"; };
		5D32E768204958B000ED235A /* HWXYGraphHostingView.m */ = {isa = PBXFileReference; fileEncoding = 4; lastKnownFileType = sourcecode.c.objc; path = HWXYGraphHostingView.m; sourceTree = "<group>"; };
		5D32E769204958B000ED235A /* HWDatePicker.h */ = {isa = PBXFileReference; fileEncoding = 4; lastKnownFileType = sourcecode.c.h; path = HWDatePicker.h; sourceTree = "<group>"; };
		5D32E76B204958B000ED235A /* HWCountDownButton.h */ = {isa = PBXFileReference; fileEncoding = 4; lastKnownFileType = sourcecode.c.h; path = HWCountDownButton.h; sourceTree = "<group>"; };
		5D32E76E204958B000ED235A /* NSMutableString+Category.m */ = {isa = PBXFileReference; fileEncoding = 4; lastKnownFileType = sourcecode.c.objc; path = "NSMutableString+Category.m"; sourceTree = "<group>"; };
		5D32E76F204958B000ED235A /* UIImageView+Category.m */ = {isa = PBXFileReference; fileEncoding = 4; lastKnownFileType = sourcecode.c.objc; path = "UIImageView+Category.m"; sourceTree = "<group>"; };
		5D32E770204958B000ED235A /* NSData+Category.h */ = {isa = PBXFileReference; fileEncoding = 4; lastKnownFileType = sourcecode.c.h; path = "NSData+Category.h"; sourceTree = "<group>"; };
		5D32E771204958B000ED235A /* NSString+Category.h */ = {isa = PBXFileReference; fileEncoding = 4; lastKnownFileType = sourcecode.c.h; path = "NSString+Category.h"; sourceTree = "<group>"; };
		5D32E772204958B000ED235A /* UIGestureRecognizer+Category.h */ = {isa = PBXFileReference; fileEncoding = 4; lastKnownFileType = sourcecode.c.h; path = "UIGestureRecognizer+Category.h"; sourceTree = "<group>"; };
		5D32E773204958B000ED235A /* NSDate+Category.m */ = {isa = PBXFileReference; fileEncoding = 4; lastKnownFileType = sourcecode.c.objc; path = "NSDate+Category.m"; sourceTree = "<group>"; };
		5D32E774204958B000ED235A /* UIView+Utils.m */ = {isa = PBXFileReference; fileEncoding = 4; lastKnownFileType = sourcecode.c.objc; path = "UIView+Utils.m"; sourceTree = "<group>"; };
		5D32E776204958B000ED235A /* NSArray+Category.m */ = {isa = PBXFileReference; fileEncoding = 4; lastKnownFileType = sourcecode.c.objc; path = "NSArray+Category.m"; sourceTree = "<group>"; };
		5D32E778204958B000ED235A /* UITableView+Category.m */ = {isa = PBXFileReference; fileEncoding = 4; lastKnownFileType = sourcecode.c.objc; path = "UITableView+Category.m"; sourceTree = "<group>"; };
		5D32E779204958B000ED235A /* UIImage+Category.m */ = {isa = PBXFileReference; fileEncoding = 4; lastKnownFileType = sourcecode.c.objc; path = "UIImage+Category.m"; sourceTree = "<group>"; };
		5D32E77A204958B000ED235A /* UINavigationController+Category.m */ = {isa = PBXFileReference; fileEncoding = 4; lastKnownFileType = sourcecode.c.objc; path = "UINavigationController+Category.m"; sourceTree = "<group>"; };
		5D32E77B204958B000ED235A /* UIViewController+Category.h */ = {isa = PBXFileReference; fileEncoding = 4; lastKnownFileType = sourcecode.c.h; path = "UIViewController+Category.h"; sourceTree = "<group>"; };
		5D32E77C204958B000ED235A /* NSAttributedString+Category.h */ = {isa = PBXFileReference; fileEncoding = 4; lastKnownFileType = sourcecode.c.h; path = "NSAttributedString+Category.h"; sourceTree = "<group>"; };
		5D32E77D204958B000ED235A /* NSTimer+Category.h */ = {isa = PBXFileReference; fileEncoding = 4; lastKnownFileType = sourcecode.c.h; path = "NSTimer+Category.h"; sourceTree = "<group>"; };
		5D32E77E204958B000ED235A /* UIButton+Category.m */ = {isa = PBXFileReference; fileEncoding = 4; lastKnownFileType = sourcecode.c.objc; path = "UIButton+Category.m"; sourceTree = "<group>"; };
		5D32E77F204958B000ED235A /* UITableViewCell+Category.h */ = {isa = PBXFileReference; fileEncoding = 4; lastKnownFileType = sourcecode.c.h; path = "UITableViewCell+Category.h"; sourceTree = "<group>"; };
		5D32E780204958B000ED235A /* UIColor+Category.h */ = {isa = PBXFileReference; fileEncoding = 4; lastKnownFileType = sourcecode.c.h; path = "UIColor+Category.h"; sourceTree = "<group>"; };
		5D32E781204958B000ED235A /* UIControl+Category.m */ = {isa = PBXFileReference; fileEncoding = 4; lastKnownFileType = sourcecode.c.objc; path = "UIControl+Category.m"; sourceTree = "<group>"; };
		5D32E782204958B000ED235A /* NSObject+Category.h */ = {isa = PBXFileReference; fileEncoding = 4; lastKnownFileType = sourcecode.c.h; path = "NSObject+Category.h"; sourceTree = "<group>"; };
		5D32E783204958B000ED235A /* UIGraphics+Extension.h */ = {isa = PBXFileReference; fileEncoding = 4; lastKnownFileType = sourcecode.c.h; path = "UIGraphics+Extension.h"; sourceTree = "<group>"; };
		5D32E785204958B000ED235A /* UIDevice+Category.m */ = {isa = PBXFileReference; fileEncoding = 4; lastKnownFileType = sourcecode.c.objc; path = "UIDevice+Category.m"; sourceTree = "<group>"; };
		5D32E787204958B000ED235A /* UIBarButtonItem+Category.m */ = {isa = PBXFileReference; fileEncoding = 4; lastKnownFileType = sourcecode.c.objc; path = "UIBarButtonItem+Category.m"; sourceTree = "<group>"; };
		5D32E788204958B000ED235A /* NSMutableAttributedString+Category.h */ = {isa = PBXFileReference; fileEncoding = 4; lastKnownFileType = sourcecode.c.h; path = "NSMutableAttributedString+Category.h"; sourceTree = "<group>"; };
		5D32E789204958B000ED235A /* NSDate+Category.h */ = {isa = PBXFileReference; fileEncoding = 4; lastKnownFileType = sourcecode.c.h; path = "NSDate+Category.h"; sourceTree = "<group>"; };
		5D32E78A204958B000ED235A /* UIView+Utils.h */ = {isa = PBXFileReference; fileEncoding = 4; lastKnownFileType = sourcecode.c.h; path = "UIView+Utils.h"; sourceTree = "<group>"; };
		5D32E78B204958B000ED235A /* UIGestureRecognizer+Category.m */ = {isa = PBXFileReference; fileEncoding = 4; lastKnownFileType = sourcecode.c.objc; path = "UIGestureRecognizer+Category.m"; sourceTree = "<group>"; };
		5D32E78C204958B000ED235A /* NSString+Category.m */ = {isa = PBXFileReference; fileEncoding = 4; lastKnownFileType = sourcecode.c.objc; path = "NSString+Category.m"; sourceTree = "<group>"; };
		5D32E78D204958B000ED235A /* NSData+Category.m */ = {isa = PBXFileReference; fileEncoding = 4; lastKnownFileType = sourcecode.c.objc; path = "NSData+Category.m"; sourceTree = "<group>"; };
		5D32E78E204958B000ED235A /* UIImageView+Category.h */ = {isa = PBXFileReference; fileEncoding = 4; lastKnownFileType = sourcecode.c.h; path = "UIImageView+Category.h"; sourceTree = "<group>"; };
		5D32E78F204958B000ED235A /* NSMutableString+Category.h */ = {isa = PBXFileReference; fileEncoding = 4; lastKnownFileType = sourcecode.c.h; path = "NSMutableString+Category.h"; sourceTree = "<group>"; };
		5D32E790204958B000ED235A /* UIViewController+Category.m */ = {isa = PBXFileReference; fileEncoding = 4; lastKnownFileType = sourcecode.c.objc; path = "UIViewController+Category.m"; sourceTree = "<group>"; };
		5D32E793204958B000ED235A /* UINavigationController+Category.h */ = {isa = PBXFileReference; fileEncoding = 4; lastKnownFileType = sourcecode.c.h; path = "UINavigationController+Category.h"; sourceTree = "<group>"; };
		5D32E794204958B000ED235A /* HWCategorys.h */ = {isa = PBXFileReference; fileEncoding = 4; lastKnownFileType = sourcecode.c.h; path = HWCategorys.h; sourceTree = "<group>"; };
		5D32E795204958B000ED235A /* UIImage+Category.h */ = {isa = PBXFileReference; fileEncoding = 4; lastKnownFileType = sourcecode.c.h; path = "UIImage+Category.h"; sourceTree = "<group>"; };
		5D32E796204958B000ED235A /* UITableView+Category.h */ = {isa = PBXFileReference; fileEncoding = 4; lastKnownFileType = sourcecode.c.h; path = "UITableView+Category.h"; sourceTree = "<group>"; };
		5D32E798204958B100ED235A /* NSArray+Category.h */ = {isa = PBXFileReference; fileEncoding = 4; lastKnownFileType = sourcecode.c.h; path = "NSArray+Category.h"; sourceTree = "<group>"; };
		5D32E79A204958B100ED235A /* UIGraphics+Extension.m */ = {isa = PBXFileReference; fileEncoding = 4; lastKnownFileType = sourcecode.c.objc; path = "UIGraphics+Extension.m"; sourceTree = "<group>"; };
		5D32E79B204958B100ED235A /* NSObject+Category.m */ = {isa = PBXFileReference; fileEncoding = 4; lastKnownFileType = sourcecode.c.objc; path = "NSObject+Category.m"; sourceTree = "<group>"; };
		5D32E79C204958B100ED235A /* UIControl+Category.h */ = {isa = PBXFileReference; fileEncoding = 4; lastKnownFileType = sourcecode.c.h; path = "UIControl+Category.h"; sourceTree = "<group>"; };
		5D32E79D204958B100ED235A /* UIColor+Category.m */ = {isa = PBXFileReference; fileEncoding = 4; lastKnownFileType = sourcecode.c.objc; path = "UIColor+Category.m"; sourceTree = "<group>"; };
		5D32E79E204958B100ED235A /* UITableViewCell+Category.m */ = {isa = PBXFileReference; fileEncoding = 4; lastKnownFileType = sourcecode.c.objc; path = "UITableViewCell+Category.m"; sourceTree = "<group>"; };
		5D32E79F204958B100ED235A /* UIButton+Category.h */ = {isa = PBXFileReference; fileEncoding = 4; lastKnownFileType = sourcecode.c.h; path = "UIButton+Category.h"; sourceTree = "<group>"; };
		5D32E7A0204958B100ED235A /* NSAttributedString+Category.m */ = {isa = PBXFileReference; fileEncoding = 4; lastKnownFileType = sourcecode.c.objc; path = "NSAttributedString+Category.m"; sourceTree = "<group>"; };
		5D32E7A1204958B100ED235A /* NSTimer+Category.m */ = {isa = PBXFileReference; fileEncoding = 4; lastKnownFileType = sourcecode.c.objc; path = "NSTimer+Category.m"; sourceTree = "<group>"; };
		5D32E7A2204958B100ED235A /* NSMutableAttributedString+Category.m */ = {isa = PBXFileReference; fileEncoding = 4; lastKnownFileType = sourcecode.c.objc; path = "NSMutableAttributedString+Category.m"; sourceTree = "<group>"; };
		5D32E7A3204958B100ED235A /* UIDevice+Category.h */ = {isa = PBXFileReference; fileEncoding = 4; lastKnownFileType = sourcecode.c.h; path = "UIDevice+Category.h"; sourceTree = "<group>"; };
		5D32E7A4204958B100ED235A /* UIBarButtonItem+Category.h */ = {isa = PBXFileReference; fileEncoding = 4; lastKnownFileType = sourcecode.c.h; path = "UIBarButtonItem+Category.h"; sourceTree = "<group>"; };
		5D32E7A7204958B100ED235A /* HWSandboxBrowserViewController.m */ = {isa = PBXFileReference; fileEncoding = 4; lastKnownFileType = sourcecode.c.objc; path = HWSandboxBrowserViewController.m; sourceTree = "<group>"; };
		5D32E7A8204958B100ED235A /* HWDefines.h */ = {isa = PBXFileReference; fileEncoding = 4; lastKnownFileType = sourcecode.c.h; path = HWDefines.h; sourceTree = "<group>"; };
		5D32E7A9204958B100ED235A /* ToolResources.bundle */ = {isa = PBXFileReference; lastKnownFileType = "wrapper.plug-in"; path = ToolResources.bundle; sourceTree = "<group>"; };
		5D32E7AA204958B100ED235A /* HWFileHelper.m */ = {isa = PBXFileReference; fileEncoding = 4; lastKnownFileType = sourcecode.c.objc; path = HWFileHelper.m; sourceTree = "<group>"; };
		5D32E7AB204958B100ED235A /* HWDirectoryWatcher.m */ = {isa = PBXFileReference; fileEncoding = 4; lastKnownFileType = sourcecode.c.objc; path = HWDirectoryWatcher.m; sourceTree = "<group>"; };
		5D32E7AC204958B100ED235A /* HWSandboxBrowserViewController.h */ = {isa = PBXFileReference; fileEncoding = 4; lastKnownFileType = sourcecode.c.h; path = HWSandboxBrowserViewController.h; sourceTree = "<group>"; };
		5D32E7AD204958B100ED235A /* HWFileHelper.h */ = {isa = PBXFileReference; fileEncoding = 4; lastKnownFileType = sourcecode.c.h; path = HWFileHelper.h; sourceTree = "<group>"; };
		5D424C01204D395B000214C3 /* UIApplication+Category.h */ = {isa = PBXFileReference; lastKnownFileType = sourcecode.c.h; path = "UIApplication+Category.h"; sourceTree = "<group>"; };
		5D424C02204D395B000214C3 /* UIApplication+Category.m */ = {isa = PBXFileReference; lastKnownFileType = sourcecode.c.objc; path = "UIApplication+Category.m"; sourceTree = "<group>"; };
		5D51B5F520A72C8B0016B0D2 /* HWExtension_Example.entitlements */ = {isa = PBXFileReference; lastKnownFileType = text.plist.entitlements; path = HWExtension_Example.entitlements; sourceTree = "<group>"; };
		5D57EBED22642C030035112B /* HWWebBrowser.h */ = {isa = PBXFileReference; lastKnownFileType = sourcecode.c.h; path = HWWebBrowser.h; sourceTree = "<group>"; };
		5D57EBEE22642C030035112B /* HWWebBrowser.m */ = {isa = PBXFileReference; lastKnownFileType = sourcecode.c.objc; path = HWWebBrowser.m; sourceTree = "<group>"; };
		5D959E9120B2A05300B98F33 /* HWDirectoryWatcher.h */ = {isa = PBXFileReference; fileEncoding = 4; lastKnownFileType = sourcecode.c.h; path = HWDirectoryWatcher.h; sourceTree = "<group>"; };
		5D959E9420B2A07700B98F33 /* HWOperationGroup.h */ = {isa = PBXFileReference; fileEncoding = 4; lastKnownFileType = sourcecode.c.h; path = HWOperationGroup.h; sourceTree = "<group>"; };
		5D959E9520B2A07700B98F33 /* HWOperationGroup.m */ = {isa = PBXFileReference; fileEncoding = 4; lastKnownFileType = sourcecode.c.objc; path = HWOperationGroup.m; sourceTree = "<group>"; };
		5DB0A7062489EBEA00B1D263 /* HWTabBar.m */ = {isa = PBXFileReference; fileEncoding = 4; lastKnownFileType = sourcecode.c.objc; path = HWTabBar.m; sourceTree = "<group>"; };
		5DB0A7072489EBEA00B1D263 /* HWTabBar.h */ = {isa = PBXFileReference; fileEncoding = 4; lastKnownFileType = sourcecode.c.h; path = HWTabBar.h; sourceTree = "<group>"; };
		5DCFDE6E2048FC7A000DF646 /* HWRootViewController.h */ = {isa = PBXFileReference; lastKnownFileType = sourcecode.c.h; path = HWRootViewController.h; sourceTree = "<group>"; };
		5DCFDE6F2048FC7A000DF646 /* HWRootViewController.m */ = {isa = PBXFileReference; lastKnownFileType = sourcecode.c.objc; path = HWRootViewController.m; sourceTree = "<group>"; };
		5DCFDE712048FD69000DF646 /* HWGraphicViewController.h */ = {isa = PBXFileReference; lastKnownFileType = sourcecode.c.h; path = HWGraphicViewController.h; sourceTree = "<group>"; };
		5DCFDE722048FD69000DF646 /* HWGraphicViewController.m */ = {isa = PBXFileReference; lastKnownFileType = sourcecode.c.objc; path = HWGraphicViewController.m; sourceTree = "<group>"; };
		5DEAD546248E25DD00D5D595 /* NSObject+Hook.h */ = {isa = PBXFileReference; fileEncoding = 4; lastKnownFileType = sourcecode.c.h; path = "NSObject+Hook.h"; sourceTree = "<group>"; };
		5DEAD547248E25DE00D5D595 /* NSObject+Hook.m */ = {isa = PBXFileReference; fileEncoding = 4; lastKnownFileType = sourcecode.c.objc; path = "NSObject+Hook.m"; sourceTree = "<group>"; };
		5DEAD54A248E33A300D5D595 /* HWFileContentBrowserViewController.h */ = {isa = PBXFileReference; fileEncoding = 4; lastKnownFileType = sourcecode.c.h; path = HWFileContentBrowserViewController.h; sourceTree = "<group>"; };
		5DEAD54B248E33A300D5D595 /* ToolResources.bundle */ = {isa = PBXFileReference; lastKnownFileType = "wrapper.plug-in"; path = ToolResources.bundle; sourceTree = "<group>"; };
		5DEAD54D248E33A300D5D595 /* HWFileBrowserViewController.m */ = {isa = PBXFileReference; fileEncoding = 4; lastKnownFileType = sourcecode.c.objc; path = HWFileBrowserViewController.m; sourceTree = "<group>"; };
		5DEAD54E248E33A300D5D595 /* HWFileContentBrowserViewController.m */ = {isa = PBXFileReference; fileEncoding = 4; lastKnownFileType = sourcecode.c.objc; path = HWFileContentBrowserViewController.m; sourceTree = "<group>"; };
		5DEAD550248E33A300D5D595 /* HWFileBrowserViewController.h */ = {isa = PBXFileReference; fileEncoding = 4; lastKnownFileType = sourcecode.c.h; path = HWFileBrowserViewController.h; sourceTree = "<group>"; };
		5DEAD575248E33E900D5D595 /* ServiceInfo.m */ = {isa = PBXFileReference; fileEncoding = 4; lastKnownFileType = sourcecode.c.objc; path = ServiceInfo.m; sourceTree = "<group>"; };
		5DEAD576248E33E900D5D595 /* ServiceInfoViewController.m */ = {isa = PBXFileReference; fileEncoding = 4; lastKnownFileType = sourcecode.c.objc; path = ServiceInfoViewController.m; sourceTree = "<group>"; };
		5DEAD577248E33E900D5D595 /* WebServer.bundle */ = {isa = PBXFileReference; lastKnownFileType = "wrapper.plug-in"; path = WebServer.bundle; sourceTree = "<group>"; };
		5DEAD579248E33E900D5D595 /* FindServiceViewController.m */ = {isa = PBXFileReference; fileEncoding = 4; lastKnownFileType = sourcecode.c.objc; path = FindServiceViewController.m; sourceTree = "<group>"; };
		5DEAD57A248E33E900D5D595 /* ServerMangerViewController.h */ = {isa = PBXFileReference; fileEncoding = 4; lastKnownFileType = sourcecode.c.h; path = ServerMangerViewController.h; sourceTree = "<group>"; };
		5DEAD57D248E33E900D5D595 /* ServiceInfoViewController.h */ = {isa = PBXFileReference; fileEncoding = 4; lastKnownFileType = sourcecode.c.h; path = ServiceInfoViewController.h; sourceTree = "<group>"; };
		5DEAD57E248E33E900D5D595 /* ServiceInfo.h */ = {isa = PBXFileReference; fileEncoding = 4; lastKnownFileType = sourcecode.c.h; path = ServiceInfo.h; sourceTree = "<group>"; };
		5DEAD57F248E33E900D5D595 /* FindServiceViewController.h */ = {isa = PBXFileReference; fileEncoding = 4; lastKnownFileType = sourcecode.c.h; path = FindServiceViewController.h; sourceTree = "<group>"; };
		5DEAD582248E33E900D5D595 /* ServerMangerViewController.m */ = {isa = PBXFileReference; fileEncoding = 4; lastKnownFileType = sourcecode.c.objc; path = ServerMangerViewController.m; sourceTree = "<group>"; };
		5DEAD58C248E374D00D5D595 /* HWHTTPServerManager.h */ = {isa = PBXFileReference; fileEncoding = 4; lastKnownFileType = sourcecode.c.h; path = HWHTTPServerManager.h; sourceTree = "<group>"; };
		5DEAD58D248E374E00D5D595 /* HWNetServiceBrowser.m */ = {isa = PBXFileReference; fileEncoding = 4; lastKnownFileType = sourcecode.c.objc; path = HWNetServiceBrowser.m; sourceTree = "<group>"; };
		5DEAD58E248E374E00D5D595 /* HWHTTPServer.m */ = {isa = PBXFileReference; fileEncoding = 4; lastKnownFileType = sourcecode.c.objc; path = HWHTTPServer.m; sourceTree = "<group>"; };
		5DEAD58F248E374E00D5D595 /* HWHTTPServer.h */ = {isa = PBXFileReference; fileEncoding = 4; lastKnownFileType = sourcecode.c.h; path = HWHTTPServer.h; sourceTree = "<group>"; };
		5DEAD590248E374E00D5D595 /* HWHTTPServerManager.m */ = {isa = PBXFileReference; fileEncoding = 4; lastKnownFileType = sourcecode.c.objc; path = HWHTTPServerManager.m; sourceTree = "<group>"; };
		5DEAD591248E374E00D5D595 /* HWNetServiceBrowser.h */ = {isa = PBXFileReference; fileEncoding = 4; lastKnownFileType = sourcecode.c.h; path = HWNetServiceBrowser.h; sourceTree = "<group>"; };
		5DFF06D220C540FD0023F3A2 /* HWRunLoopObserver.m */ = {isa = PBXFileReference; fileEncoding = 4; lastKnownFileType = sourcecode.c.objc; path = HWRunLoopObserver.m; sourceTree = "<group>"; };
		5DFF06D320C540FD0023F3A2 /* HWRunLoopObserver.h */ = {isa = PBXFileReference; fileEncoding = 4; lastKnownFileType = sourcecode.c.h; path = HWRunLoopObserver.h; sourceTree = "<group>"; };
		5DFF06D520C544270023F3A2 /* HWRunLoopSource.h */ = {isa = PBXFileReference; lastKnownFileType = sourcecode.c.h; path = HWRunLoopSource.h; sourceTree = "<group>"; };
		5DFF06D620C544270023F3A2 /* HWRunLoopSource.m */ = {isa = PBXFileReference; lastKnownFileType = sourcecode.c.objc; path = HWRunLoopSource.m; sourceTree = "<group>"; };
		6003F58A195388D20070C39A /* HWExtension_Example.app */ = {isa = PBXFileReference; explicitFileType = wrapper.application; includeInIndex = 0; path = HWExtension_Example.app; sourceTree = BUILT_PRODUCTS_DIR; };
		6003F58D195388D20070C39A /* Foundation.framework */ = {isa = PBXFileReference; lastKnownFileType = wrapper.framework; name = Foundation.framework; path = System/Library/Frameworks/Foundation.framework; sourceTree = SDKROOT; };
		6003F58F195388D20070C39A /* CoreGraphics.framework */ = {isa = PBXFileReference; lastKnownFileType = wrapper.framework; name = CoreGraphics.framework; path = System/Library/Frameworks/CoreGraphics.framework; sourceTree = SDKROOT; };
		6003F591195388D20070C39A /* UIKit.framework */ = {isa = PBXFileReference; lastKnownFileType = wrapper.framework; name = UIKit.framework; path = System/Library/Frameworks/UIKit.framework; sourceTree = SDKROOT; };
		6003F595195388D20070C39A /* HWExtension-Info.plist */ = {isa = PBXFileReference; lastKnownFileType = text.plist.xml; path = "HWExtension-Info.plist"; sourceTree = "<group>"; };
		6003F597195388D20070C39A /* en */ = {isa = PBXFileReference; lastKnownFileType = text.plist.strings; name = en; path = en.lproj/InfoPlist.strings; sourceTree = "<group>"; };
		6003F599195388D20070C39A /* main.m */ = {isa = PBXFileReference; lastKnownFileType = sourcecode.c.objc; path = main.m; sourceTree = "<group>"; };
		6003F59B195388D20070C39A /* HWExtension-Prefix.pch */ = {isa = PBXFileReference; lastKnownFileType = sourcecode.c.h; path = "HWExtension-Prefix.pch"; sourceTree = "<group>"; };
		6003F59C195388D20070C39A /* HWAppDelegate.h */ = {isa = PBXFileReference; lastKnownFileType = sourcecode.c.h; path = HWAppDelegate.h; sourceTree = "<group>"; };
		6003F59D195388D20070C39A /* HWAppDelegate.m */ = {isa = PBXFileReference; lastKnownFileType = sourcecode.c.objc; path = HWAppDelegate.m; sourceTree = "<group>"; };
		6003F5A5195388D20070C39A /* HWViewController.h */ = {isa = PBXFileReference; lastKnownFileType = sourcecode.c.h; path = HWViewController.h; sourceTree = "<group>"; };
		6003F5A6195388D20070C39A /* HWViewController.m */ = {isa = PBXFileReference; lastKnownFileType = sourcecode.c.objc; path = HWViewController.m; sourceTree = "<group>"; };
		6003F5A8195388D20070C39A /* Images.xcassets */ = {isa = PBXFileReference; lastKnownFileType = folder.assetcatalog; path = Images.xcassets; sourceTree = "<group>"; };
		6003F5AE195388D20070C39A /* HWExtension_Tests.xctest */ = {isa = PBXFileReference; explicitFileType = wrapper.cfbundle; includeInIndex = 0; path = HWExtension_Tests.xctest; sourceTree = BUILT_PRODUCTS_DIR; };
		6003F5AF195388D20070C39A /* XCTest.framework */ = {isa = PBXFileReference; lastKnownFileType = wrapper.framework; name = XCTest.framework; path = Library/Frameworks/XCTest.framework; sourceTree = DEVELOPER_DIR; };
		6003F5B7195388D20070C39A /* Tests-Info.plist */ = {isa = PBXFileReference; lastKnownFileType = text.plist.xml; path = "Tests-Info.plist"; sourceTree = "<group>"; };
		6003F5B9195388D20070C39A /* en */ = {isa = PBXFileReference; lastKnownFileType = text.plist.strings; name = en; path = en.lproj/InfoPlist.strings; sourceTree = "<group>"; };
		6003F5BB195388D20070C39A /* Tests.m */ = {isa = PBXFileReference; lastKnownFileType = sourcecode.c.objc; path = Tests.m; sourceTree = "<group>"; };
		606FC2411953D9B200FFA9A0 /* Tests-Prefix.pch */ = {isa = PBXFileReference; lastKnownFileType = sourcecode.c.h; path = "Tests-Prefix.pch"; sourceTree = "<group>"; };
		659E817D78D874311EA51AC4 /* Pods_HWExtension_Example.framework */ = {isa = PBXFileReference; explicitFileType = wrapper.framework; includeInIndex = 0; path = Pods_HWExtension_Example.framework; sourceTree = BUILT_PRODUCTS_DIR; };
		71719F9E1E33DC2100824A3D /* Base */ = {isa = PBXFileReference; lastKnownFileType = file.storyboard; name = Base; path = Base.lproj/LaunchScreen.storyboard; sourceTree = "<group>"; };
		7CB1FE25F73CF540978F8D0C /* Pods-HWExtension_Example.release.xcconfig */ = {isa = PBXFileReference; includeInIndex = 1; lastKnownFileType = text.xcconfig; name = "Pods-HWExtension_Example.release.xcconfig"; path = "Pods/Target Support Files/Pods-HWExtension_Example/Pods-HWExtension_Example.release.xcconfig"; sourceTree = "<group>"; };
		873B8AEA1B1F5CCA007FD442 /* Main.storyboard */ = {isa = PBXFileReference; fileEncoding = 4; lastKnownFileType = file.storyboard; name = Main.storyboard; path = Base.lproj/Main.storyboard; sourceTree = "<group>"; };
		994230EAEC37E09DC490AD61 /* HWExtension.podspec */ = {isa = PBXFileReference; includeInIndex = 1; lastKnownFileType = text; name = HWExtension.podspec; path = ../HWExtension.podspec; sourceTree = "<group>"; xcLanguageSpecificationIdentifier = xcode.lang.ruby; };
		D6EBF08E5B80CB83815053D5 /* Pods-HWExtension_Example.debug.xcconfig */ = {isa = PBXFileReference; includeInIndex = 1; lastKnownFileType = text.xcconfig; name = "Pods-HWExtension_Example.debug.xcconfig"; path = "Pods/Target Support Files/Pods-HWExtension_Example/Pods-HWExtension_Example.debug.xcconfig"; sourceTree = "<group>"; };
		E97EF5B26AC82232D8E66A62 /* README.md */ = {isa = PBXFileReference; includeInIndex = 1; lastKnownFileType = net.daringfireball.markdown; name = README.md; path = ../README.md; sourceTree = "<group>"; };
		FD5C99D83DBE25687467D07D /* Pods-HWExtension_Tests.release.xcconfig */ = {isa = PBXFileReference; includeInIndex = 1; lastKnownFileType = text.xcconfig; name = "Pods-HWExtension_Tests.release.xcconfig"; path = "Pods/Target Support Files/Pods-HWExtension_Tests/Pods-HWExtension_Tests.release.xcconfig"; sourceTree = "<group>"; };
/* End PBXFileReference section */

/* Begin PBXFrameworksBuildPhase section */
		6003F587195388D20070C39A /* Frameworks */ = {
			isa = PBXFrameworksBuildPhase;
			buildActionMask = 2147483647;
			files = (
				6003F590195388D20070C39A /* CoreGraphics.framework in Frameworks */,
				6003F592195388D20070C39A /* UIKit.framework in Frameworks */,
				6003F58E195388D20070C39A /* Foundation.framework in Frameworks */,
				A1783BB8DA644F88DDC9A7E6 /* Pods_HWExtension_Example.framework in Frameworks */,
			);
			runOnlyForDeploymentPostprocessing = 0;
		};
		6003F5AB195388D20070C39A /* Frameworks */ = {
			isa = PBXFrameworksBuildPhase;
			buildActionMask = 2147483647;
			files = (
				6003F5B0195388D20070C39A /* XCTest.framework in Frameworks */,
				6003F5B2195388D20070C39A /* UIKit.framework in Frameworks */,
				6003F5B1195388D20070C39A /* Foundation.framework in Frameworks */,
				725FF6F6DBA16653447C2345 /* Pods_HWExtension_Tests.framework in Frameworks */,
			);
			runOnlyForDeploymentPostprocessing = 0;
		};
/* End PBXFrameworksBuildPhase section */

/* Begin PBXGroup section */
		11F8E4D09546919409AC5709 /* Pods */ = {
			isa = PBXGroup;
			children = (
				D6EBF08E5B80CB83815053D5 /* Pods-HWExtension_Example.debug.xcconfig */,
				7CB1FE25F73CF540978F8D0C /* Pods-HWExtension_Example.release.xcconfig */,
				19D44659F49D27AABC24C560 /* Pods-HWExtension_Tests.debug.xcconfig */,
				FD5C99D83DBE25687467D07D /* Pods-HWExtension_Tests.release.xcconfig */,
			);
			name = Pods;
			sourceTree = "<group>";
		};
		5D121F2724892D120016E773 /* DB */ = {
			isa = PBXGroup;
			children = (
				5D121F2D24892D120016E773 /* HWDB.h */,
				5D121F2824892D120016E773 /* HWDB.m */,
				5D121F2924892D120016E773 /* HWDBTypes.h */,
				5D121F2C24892D120016E773 /* HWDBTypes.m */,
				5D121F2A24892D120016E773 /* HWDB+NSObject.h */,
				5D121F2E24892D120016E773 /* HWDB+NSObject.m */,
				5D121F2B24892D120016E773 /* NSString+SQL.h */,
				5D121F2F24892D120016E773 /* NSString+SQL.m */,
			);
			name = DB;
			path = ../HWExtension/DB;
			sourceTree = "<group>";
		};
		5D121F34248936390016E773 /* Router */ = {
			isa = PBXGroup;
			children = (
				5D121F35248936390016E773 /* HWRouter.h */,
				5D121F36248936390016E773 /* HWRouter.m */,
			);
			name = Router;
			path = ../HWExtension/Router;
			sourceTree = "<group>";
		};
		5D2F6BBC21FAF13E00105E55 /* Web */ = {
			isa = PBXGroup;
			children = (
				5D2F6BD121FAFDC300105E55 /* JSBundle.bundle */,
				5D2F6BEE21FB038800105E55 /* HWWebViewControllerHeader.h */,
				5D2F6BEA21FB038700105E55 /* HWHTTPCookieRuntimeSupport.h */,
				5D2F6BEB21FB038700105E55 /* HWEvaluateJavaScriptError.h */,
				5D2F6BCF21FAFDC300105E55 /* HWWebViewController.h */,
				5D2F6BCA21FAFDC300105E55 /* HWWebViewController.m */,
				5D2F6BF321FB038900105E55 /* HWWebViewController+JavaScript.h */,
				5D2F6BE721FB038700105E55 /* HWWebViewController+JavaScript.m */,
				5D2F6BE821FB038700105E55 /* HWWebViewController+Cookie.h */,
				5D2F6BED21FB038800105E55 /* HWWebViewController+Cookie.m */,
				5D2F6BEF21FB038800105E55 /* HWWebViewController+Router.h */,
				5D2F6BF121FB038900105E55 /* HWWebViewController+Router.m */,
				5D2F6BF021FB038800105E55 /* HWWebViewController+UIGestureRecognizer.h */,
				5D2F6BE921FB038700105E55 /* HWWebViewController+UIGestureRecognizer.m */,
				5D2F6BCC21FAFDC300105E55 /* UIWebView+Category.h */,
				5D2F6BD821FAFDC400105E55 /* UIWebView+Category.m */,
				5D2F6BDC21FAFDC400105E55 /* WKWebView+Category.h */,
				5D2F6BDD21FAFDC400105E55 /* WKWebView+Category.m */,
			);
			path = Web;
			sourceTree = "<group>";
		};
		5D32E74C204958B000ED235A /* UI */ = {
			isa = PBXGroup;
			children = (
				5D2F6BBC21FAF13E00105E55 /* Web */,
				5DB0A7072489EBEA00B1D263 /* HWTabBar.h */,
				5DB0A7062489EBEA00B1D263 /* HWTabBar.m */,
				5D32E769204958B000ED235A /* HWDatePicker.h */,
				5D32E758204958B000ED235A /* HWDatePicker.m */,
				5D32E76B204958B000ED235A /* HWCountDownButton.h */,
				5D32E75A204958B000ED235A /* HWCountDownButton.m */,
				5D32E762204958B000ED235A /* Graphic */,
				5D32E75B204958B000ED235A /* ModalTransition */,
				5D32E74D204958B000ED235A /* UITableView+ViewModel */,
			);
			name = UI;
			path = ../HWExtension/UI;
			sourceTree = "<group>";
		};
		5D32E74D204958B000ED235A /* UITableView+ViewModel */ = {
			isa = PBXGroup;
			children = (
				5D32E755204958B000ED235A /* HWTableViewBlocks.h */,
				5D32E752204958B000ED235A /* HWTableViewDataSource.h */,
				5D32E74E204958B000ED235A /* HWTableViewDataSource.m */,
				5D32E750204958B000ED235A /* HWTableViewDelegate.h */,
				5D32E754204958B000ED235A /* HWTableViewDelegate.m */,
				5D32E753204958B000ED235A /* HWTableViewViewModel.h */,
				5D32E74F204958B000ED235A /* HWTableViewViewModel.m */,
				5D32E756204958B000ED235A /* UITableView+ViewModel.m */,
				5D32E751204958B000ED235A /* UITableView+ViewModel.h */,
			);
			path = "UITableView+ViewModel";
			sourceTree = "<group>";
		};
		5D32E75B204958B000ED235A /* ModalTransition */ = {
			isa = PBXGroup;
			children = (
				5D32E760204958B000ED235A /* HWInteractiveModalTransition.h */,
				5D32E75E204958B000ED235A /* HWInteractiveModalTransition.m */,
				5D32E761204958B000ED235A /* HWInteractiveModalTransitionViewController.h */,
				5D32E75D204958B000ED235A /* HWInteractiveModalTransitionViewController.m */,
				5D32E75C204958B000ED235A /* HWInteractiveModalTransitionNavigationController.h */,
				5D32E75F204958B000ED235A /* HWInteractiveModalTransitionNavigationController.m */,
			);
			path = ModalTransition;
			sourceTree = "<group>";
		};
		5D32E762204958B000ED235A /* Graphic */ = {
			isa = PBXGroup;
			children = (
				5D32E765204958B000ED235A /* HWXYGraphHostingView.h */,
				5D32E768204958B000ED235A /* HWXYGraphHostingView.m */,
				5D32E763204958B000ED235A /* HWXYGraphInteractionView.h */,
				5D32E767204958B000ED235A /* HWXYGraphInteractionView.m */,
				5D32E764204958B000ED235A /* CPTXYAxis+Category.h */,
				5D32E766204958B000ED235A /* CPTXYAxis+Category.m */,
			);
			path = Graphic;
			sourceTree = "<group>";
		};
		5D32E76D204958B000ED235A /* Category */ = {
			isa = PBXGroup;
			children = (
				5D32E794204958B000ED235A /* HWCategorys.h */,
				5D121F252488F0AE0016E773 /* NSObject+Rumtime.h */,
				5D121F242488F0AE0016E773 /* NSObject+Rumtime.m */,
				5D32E782204958B000ED235A /* NSObject+Category.h */,
				5D32E79B204958B100ED235A /* NSObject+Category.m */,
				5D32E770204958B000ED235A /* NSData+Category.h */,
				5D32E78D204958B000ED235A /* NSData+Category.m */,
				5D32E798204958B100ED235A /* NSArray+Category.h */,
				5D32E776204958B000ED235A /* NSArray+Category.m */,
				5D32E771204958B000ED235A /* NSString+Category.h */,
				5D32E78C204958B000ED235A /* NSString+Category.m */,
				5D32E78F204958B000ED235A /* NSMutableString+Category.h */,
				5D32E76E204958B000ED235A /* NSMutableString+Category.m */,
				5D32E77C204958B000ED235A /* NSAttributedString+Category.h */,
				5D32E7A0204958B100ED235A /* NSAttributedString+Category.m */,
				5D32E788204958B000ED235A /* NSMutableAttributedString+Category.h */,
				5D32E7A2204958B100ED235A /* NSMutableAttributedString+Category.m */,
				5D32E789204958B000ED235A /* NSDate+Category.h */,
				5D32E773204958B000ED235A /* NSDate+Category.m */,
				5D32E77D204958B000ED235A /* NSTimer+Category.h */,
				5D32E7A1204958B100ED235A /* NSTimer+Category.m */,
				5D32E7A3204958B100ED235A /* UIDevice+Category.h */,
				5D32E785204958B000ED235A /* UIDevice+Category.m */,
				5D32E772204958B000ED235A /* UIGestureRecognizer+Category.h */,
				5D32E78B204958B000ED235A /* UIGestureRecognizer+Category.m */,
				5D424C01204D395B000214C3 /* UIApplication+Category.h */,
				5D424C02204D395B000214C3 /* UIApplication+Category.m */,
				5D32E783204958B000ED235A /* UIGraphics+Extension.h */,
				5D32E79A204958B100ED235A /* UIGraphics+Extension.m */,
				5D32E78A204958B000ED235A /* UIView+Utils.h */,
				5D32E774204958B000ED235A /* UIView+Utils.m */,
				5D32E79C204958B100ED235A /* UIControl+Category.h */,
				5D32E781204958B000ED235A /* UIControl+Category.m */,
				5D32E79F204958B100ED235A /* UIButton+Category.h */,
				5D32E77E204958B000ED235A /* UIButton+Category.m */,
				5D32E7A4204958B100ED235A /* UIBarButtonItem+Category.h */,
				5D32E787204958B000ED235A /* UIBarButtonItem+Category.m */,
				5D32E780204958B000ED235A /* UIColor+Category.h */,
				5D32E79D204958B100ED235A /* UIColor+Category.m */,
				5D32E795204958B000ED235A /* UIImage+Category.h */,
				5D32E779204958B000ED235A /* UIImage+Category.m */,
				5D32E78E204958B000ED235A /* UIImageView+Category.h */,
				5D32E76F204958B000ED235A /* UIImageView+Category.m */,
				5D32E796204958B000ED235A /* UITableView+Category.h */,
				5D32E778204958B000ED235A /* UITableView+Category.m */,
				5D32E77F204958B000ED235A /* UITableViewCell+Category.h */,
				5D32E79E204958B100ED235A /* UITableViewCell+Category.m */,
				5D32E77B204958B000ED235A /* UIViewController+Category.h */,
				5D32E790204958B000ED235A /* UIViewController+Category.m */,
				5D32E793204958B000ED235A /* UINavigationController+Category.h */,
				5D32E77A204958B000ED235A /* UINavigationController+Category.m */,
			);
			name = Category;
			path = ../HWExtension/Category;
			sourceTree = "<group>";
		};
		5D32E7A6204958B100ED235A /* Tool */ = {
			isa = PBXGroup;
			children = (
				5DEAD574248E33E900D5D595 /* HTTPServer */,
				5DEAD549248E33A300D5D595 /* FileBrower */,
				5D32E7A8204958B100ED235A /* HWDefines.h */,
				5D32E7AD204958B100ED235A /* HWFileHelper.h */,
				5D32E7AA204958B100ED235A /* HWFileHelper.m */,
				5DFF06D520C544270023F3A2 /* HWRunLoopSource.h */,
				5DFF06D620C544270023F3A2 /* HWRunLoopSource.m */,
				5DFF06D320C540FD0023F3A2 /* HWRunLoopObserver.h */,
				5DFF06D220C540FD0023F3A2 /* HWRunLoopObserver.m */,
				5D1A493723CF13F60047DC26 /* BSBacktraceLogger.h */,
				5D1A493623CF13F60047DC26 /* BSBacktraceLogger.m */,
				5D1A493323CEC6200047DC26 /* HWStuckMonitor.h */,
				5D1A493423CEC6200047DC26 /* HWStuckMonitor.m */,
				5D959E9420B2A07700B98F33 /* HWOperationGroup.h */,
				5D959E9520B2A07700B98F33 /* HWOperationGroup.m */,
				5D959E9120B2A05300B98F33 /* HWDirectoryWatcher.h */,
				5D32E7AB204958B100ED235A /* HWDirectoryWatcher.m */,
				5D32E7AC204958B100ED235A /* HWSandboxBrowserViewController.h */,
				5D32E7A7204958B100ED235A /* HWSandboxBrowserViewController.m */,
				5DEAD546248E25DD00D5D595 /* NSObject+Hook.h */,
				5DEAD547248E25DE00D5D595 /* NSObject+Hook.m */,
				5D32E7A9204958B100ED235A /* ToolResources.bundle */,
			);
			name = Tool;
			path = ../HWExtension/Tool;
			sourceTree = "<group>";
		};
		5DEAD549248E33A300D5D595 /* FileBrower */ = {
			isa = PBXGroup;
			children = (
				5DEAD550248E33A300D5D595 /* HWFileBrowserViewController.h */,
				5DEAD54D248E33A300D5D595 /* HWFileBrowserViewController.m */,
				5DEAD54A248E33A300D5D595 /* HWFileContentBrowserViewController.h */,
				5DEAD54E248E33A300D5D595 /* HWFileContentBrowserViewController.m */,
				5DEAD54B248E33A300D5D595 /* ToolResources.bundle */,
			);
			path = FileBrower;
			sourceTree = "<group>";
		};
		5DEAD574248E33E900D5D595 /* HTTPServer */ = {
			isa = PBXGroup;
			children = (
				5DEAD57E248E33E900D5D595 /* ServiceInfo.h */,
				5DEAD575248E33E900D5D595 /* ServiceInfo.m */,
				5DEAD58F248E374E00D5D595 /* HWHTTPServer.h */,
				5DEAD58E248E374E00D5D595 /* HWHTTPServer.m */,
				5DEAD591248E374E00D5D595 /* HWNetServiceBrowser.h */,
				5DEAD58D248E374E00D5D595 /* HWNetServiceBrowser.m */,
				5DEAD58C248E374D00D5D595 /* HWHTTPServerManager.h */,
				5DEAD590248E374E00D5D595 /* HWHTTPServerManager.m */,
				5DEAD57D248E33E900D5D595 /* ServiceInfoViewController.h */,
				5DEAD576248E33E900D5D595 /* ServiceInfoViewController.m */,
				5DEAD57F248E33E900D5D595 /* FindServiceViewController.h */,
				5DEAD579248E33E900D5D595 /* FindServiceViewController.m */,
				5DEAD57A248E33E900D5D595 /* ServerMangerViewController.h */,
				5DEAD582248E33E900D5D595 /* ServerMangerViewController.m */,
				5DEAD577248E33E900D5D595 /* WebServer.bundle */,
			);
			path = HTTPServer;
			sourceTree = "<group>";
		};
		6003F581195388D10070C39A = {
			isa = PBXGroup;
			children = (
				5D51B5F520A72C8B0016B0D2 /* HWExtension_Example.entitlements */,
				60FF7A9C1954A5C5007DD14C /* Podspec Metadata */,
				6003F593195388D20070C39A /* Example for HWExtension */,
				6003F5B5195388D20070C39A /* Tests */,
				6003F58C195388D20070C39A /* Frameworks */,
				6003F58B195388D20070C39A /* Products */,
				11F8E4D09546919409AC5709 /* Pods */,
			);
			sourceTree = "<group>";
		};
		6003F58B195388D20070C39A /* Products */ = {
			isa = PBXGroup;
			children = (
				6003F58A195388D20070C39A /* HWExtension_Example.app */,
				6003F5AE195388D20070C39A /* HWExtension_Tests.xctest */,
			);
			name = Products;
			sourceTree = "<group>";
		};
		6003F58C195388D20070C39A /* Frameworks */ = {
			isa = PBXGroup;
			children = (
				6003F58D195388D20070C39A /* Foundation.framework */,
				6003F58F195388D20070C39A /* CoreGraphics.framework */,
				6003F591195388D20070C39A /* UIKit.framework */,
				6003F5AF195388D20070C39A /* XCTest.framework */,
				659E817D78D874311EA51AC4 /* Pods_HWExtension_Example.framework */,
				4E5D1EBC56FB55219C45FA64 /* Pods_HWExtension_Tests.framework */,
			);
			name = Frameworks;
			sourceTree = "<group>";
		};
		6003F593195388D20070C39A /* Example for HWExtension */ = {
			isa = PBXGroup;
			children = (
				6003F59C195388D20070C39A /* HWAppDelegate.h */,
				6003F59D195388D20070C39A /* HWAppDelegate.m */,
				5DCFDE6E2048FC7A000DF646 /* HWRootViewController.h */,
				5DCFDE6F2048FC7A000DF646 /* HWRootViewController.m */,
				5D57EBED22642C030035112B /* HWWebBrowser.h */,
				5D57EBEE22642C030035112B /* HWWebBrowser.m */,
				5DCFDE712048FD69000DF646 /* HWGraphicViewController.h */,
				5DCFDE722048FD69000DF646 /* HWGraphicViewController.m */,
				5D26D10E204EB23A00DDDEE9 /* HWRouterViewController.h */,
				5D26D10F204EB23A00DDDEE9 /* HWRouterViewController.m */,
				5D26D111204EB5F200DDDEE9 /* HWRouterSubViewController1.h */,
				5D26D112204EB5F200DDDEE9 /* HWRouterSubViewController1.m */,
				5D26D114204EB5FC00DDDEE9 /* HWRouterSubViewController2.h */,
				5D26D115204EB5FC00DDDEE9 /* HWRouterSubViewController2.m */,
				5D26D117204EB60A00DDDEE9 /* HWRouterSubViewController3.h */,
				5D26D118204EB60A00DDDEE9 /* HWRouterSubViewController3.m */,
				6003F5A5195388D20070C39A /* HWViewController.h */,
				6003F5A6195388D20070C39A /* HWViewController.m */,
				873B8AEA1B1F5CCA007FD442 /* Main.storyboard */,
				71719F9D1E33DC2100824A3D /* LaunchScreen.storyboard */,
				6003F5A8195388D20070C39A /* Images.xcassets */,
				6003F594195388D20070C39A /* Supporting Files */,
			);
			name = "Example for HWExtension";
			path = HWExtension;
			sourceTree = "<group>";
		};
		6003F594195388D20070C39A /* Supporting Files */ = {
			isa = PBXGroup;
			children = (
				6003F595195388D20070C39A /* HWExtension-Info.plist */,
				6003F596195388D20070C39A /* InfoPlist.strings */,
				6003F599195388D20070C39A /* main.m */,
				6003F59B195388D20070C39A /* HWExtension-Prefix.pch */,
			);
			name = "Supporting Files";
			sourceTree = "<group>";
		};
		6003F5B5195388D20070C39A /* Tests */ = {
			isa = PBXGroup;
			children = (
				6003F5BB195388D20070C39A /* Tests.m */,
				6003F5B6195388D20070C39A /* Supporting Files */,
			);
			path = Tests;
			sourceTree = "<group>";
		};
		6003F5B6195388D20070C39A /* Supporting Files */ = {
			isa = PBXGroup;
			children = (
				6003F5B7195388D20070C39A /* Tests-Info.plist */,
				6003F5B8195388D20070C39A /* InfoPlist.strings */,
				606FC2411953D9B200FFA9A0 /* Tests-Prefix.pch */,
			);
			name = "Supporting Files";
			sourceTree = "<group>";
		};
		60FF7A9C1954A5C5007DD14C /* Podspec Metadata */ = {
			isa = PBXGroup;
			children = (
				5D32E76D204958B000ED235A /* Category */,
				5D121F2724892D120016E773 /* DB */,
				5D32E7A6204958B100ED235A /* Tool */,
				5D121F34248936390016E773 /* Router */,
				5D32E74C204958B000ED235A /* UI */,
				994230EAEC37E09DC490AD61 /* HWExtension.podspec */,
				E97EF5B26AC82232D8E66A62 /* README.md */,
				49BDB3F65C92762D1D6E1480 /* LICENSE */,
			);
			name = "Podspec Metadata";
			sourceTree = "<group>";
		};
/* End PBXGroup section */

/* Begin PBXNativeTarget section */
		6003F589195388D20070C39A /* HWExtension_Example */ = {
			isa = PBXNativeTarget;
			buildConfigurationList = 6003F5BF195388D20070C39A /* Build configuration list for PBXNativeTarget "HWExtension_Example" */;
			buildPhases = (
				CAB1AD63562BC4E04425127F /* [CP] Check Pods Manifest.lock */,
				6003F586195388D20070C39A /* Sources */,
				6003F587195388D20070C39A /* Frameworks */,
				6003F588195388D20070C39A /* Resources */,
				A7CFC2F4D2446FD36E7E8E9A /* [CP] Embed Pods Frameworks */,
			);
			buildRules = (
			);
			dependencies = (
			);
			name = HWExtension_Example;
			productName = HWExtension;
			productReference = 6003F58A195388D20070C39A /* HWExtension_Example.app */;
			productType = "com.apple.product-type.application";
		};
		6003F5AD195388D20070C39A /* HWExtension_Tests */ = {
			isa = PBXNativeTarget;
			buildConfigurationList = 6003F5C2195388D20070C39A /* Build configuration list for PBXNativeTarget "HWExtension_Tests" */;
			buildPhases = (
				DBA721ED86856953C9B51E71 /* [CP] Check Pods Manifest.lock */,
				6003F5AA195388D20070C39A /* Sources */,
				6003F5AB195388D20070C39A /* Frameworks */,
				6003F5AC195388D20070C39A /* Resources */,
			);
			buildRules = (
			);
			dependencies = (
				6003F5B4195388D20070C39A /* PBXTargetDependency */,
			);
			name = HWExtension_Tests;
			productName = HWExtensionTests;
			productReference = 6003F5AE195388D20070C39A /* HWExtension_Tests.xctest */;
			productType = "com.apple.product-type.bundle.unit-test";
		};
/* End PBXNativeTarget section */

/* Begin PBXProject section */
		6003F582195388D10070C39A /* Project object */ = {
			isa = PBXProject;
			attributes = {
				CLASSPREFIX = HW;
				LastUpgradeCheck = 1140;
				ORGANIZATIONNAME = wanghouwen;
				TargetAttributes = {
					6003F589195388D20070C39A = {
						ProvisioningStyle = Manual;
						SystemCapabilities = {
							com.apple.BackgroundModes = {
								enabled = 0;
							};
							com.apple.Keychain = {
								enabled = 0;
							};
						};
					};
					6003F5AD195388D20070C39A = {
						TestTargetID = 6003F589195388D20070C39A;
					};
				};
			};
			buildConfigurationList = 6003F585195388D10070C39A /* Build configuration list for PBXProject "HWExtension" */;
			compatibilityVersion = "Xcode 3.2";
			developmentRegion = English;
			hasScannedForEncodings = 0;
			knownRegions = (
				English,
				en,
				Base,
			);
			mainGroup = 6003F581195388D10070C39A;
			productRefGroup = 6003F58B195388D20070C39A /* Products */;
			projectDirPath = "";
			projectRoot = "";
			targets = (
				6003F589195388D20070C39A /* HWExtension_Example */,
				6003F5AD195388D20070C39A /* HWExtension_Tests */,
			);
		};
/* End PBXProject section */

/* Begin PBXResourcesBuildPhase section */
		6003F588195388D20070C39A /* Resources */ = {
			isa = PBXResourcesBuildPhase;
			buildActionMask = 2147483647;
			files = (
				873B8AEB1B1F5CCA007FD442 /* Main.storyboard in Resources */,
				71719F9F1E33DC2100824A3D /* LaunchScreen.storyboard in Resources */,
				6003F5A9195388D20070C39A /* Images.xcassets in Resources */,
				6003F598195388D20070C39A /* InfoPlist.strings in Resources */,
				5D2F6BE021FAFDC400105E55 /* JSBundle.bundle in Resources */,
				5DEAD586248E33E900D5D595 /* WebServer.bundle in Resources */,
				5DEAD566248E33A400D5D595 /* ToolResources.bundle in Resources */,
				5D32E7D9204958B100ED235A /* ToolResources.bundle in Resources */,
			);
			runOnlyForDeploymentPostprocessing = 0;
		};
		6003F5AC195388D20070C39A /* Resources */ = {
			isa = PBXResourcesBuildPhase;
			buildActionMask = 2147483647;
			files = (
				6003F5BA195388D20070C39A /* InfoPlist.strings in Resources */,
			);
			runOnlyForDeploymentPostprocessing = 0;
		};
/* End PBXResourcesBuildPhase section */

/* Begin PBXShellScriptBuildPhase section */
		A7CFC2F4D2446FD36E7E8E9A /* [CP] Embed Pods Frameworks */ = {
			isa = PBXShellScriptBuildPhase;
			buildActionMask = 2147483647;
			files = (
			);
			inputPaths = (
				"${PODS_ROOT}/Target Support Files/Pods-HWExtension_Example/Pods-HWExtension_Example-frameworks.sh",
				"${BUILT_PRODUCTS_DIR}/CorePlot/CorePlot.framework",
				"${BUILT_PRODUCTS_DIR}/FMDB/FMDB.framework",
				"${BUILT_PRODUCTS_DIR}/HWExtension/HWExtension.framework",
				"${BUILT_PRODUCTS_DIR}/JLRoutes/JLRoutes.framework",
			);
			name = "[CP] Embed Pods Frameworks";
			outputPaths = (
				"${TARGET_BUILD_DIR}/${FRAMEWORKS_FOLDER_PATH}/CorePlot.framework",
				"${TARGET_BUILD_DIR}/${FRAMEWORKS_FOLDER_PATH}/FMDB.framework",
				"${TARGET_BUILD_DIR}/${FRAMEWORKS_FOLDER_PATH}/HWExtension.framework",
				"${TARGET_BUILD_DIR}/${FRAMEWORKS_FOLDER_PATH}/JLRoutes.framework",
			);
			runOnlyForDeploymentPostprocessing = 0;
			shellPath = /bin/sh;
			shellScript = "\"${PODS_ROOT}/Target Support Files/Pods-HWExtension_Example/Pods-HWExtension_Example-frameworks.sh\"\n";
			showEnvVarsInLog = 0;
		};
		CAB1AD63562BC4E04425127F /* [CP] Check Pods Manifest.lock */ = {
			isa = PBXShellScriptBuildPhase;
			buildActionMask = 2147483647;
			files = (
			);
			inputPaths = (
				"${PODS_PODFILE_DIR_PATH}/Podfile.lock",
				"${PODS_ROOT}/Manifest.lock",
			);
			name = "[CP] Check Pods Manifest.lock";
			outputPaths = (
				"$(DERIVED_FILE_DIR)/Pods-HWExtension_Example-checkManifestLockResult.txt",
			);
			runOnlyForDeploymentPostprocessing = 0;
			shellPath = /bin/sh;
			shellScript = "diff \"${PODS_PODFILE_DIR_PATH}/Podfile.lock\" \"${PODS_ROOT}/Manifest.lock\" > /dev/null\nif [ $? != 0 ] ; then\n    # print error to STDERR\n    echo \"error: The sandbox is not in sync with the Podfile.lock. Run 'pod install' or update your CocoaPods installation.\" >&2\n    exit 1\nfi\n# This output is used by Xcode 'outputs' to avoid re-running this script phase.\necho \"SUCCESS\" > \"${SCRIPT_OUTPUT_FILE_0}\"\n";
			showEnvVarsInLog = 0;
		};
		DBA721ED86856953C9B51E71 /* [CP] Check Pods Manifest.lock */ = {
			isa = PBXShellScriptBuildPhase;
			buildActionMask = 2147483647;
			files = (
			);
			inputPaths = (
				"${PODS_PODFILE_DIR_PATH}/Podfile.lock",
				"${PODS_ROOT}/Manifest.lock",
			);
			name = "[CP] Check Pods Manifest.lock";
			outputPaths = (
				"$(DERIVED_FILE_DIR)/Pods-HWExtension_Tests-checkManifestLockResult.txt",
			);
			runOnlyForDeploymentPostprocessing = 0;
			shellPath = /bin/sh;
			shellScript = "diff \"${PODS_PODFILE_DIR_PATH}/Podfile.lock\" \"${PODS_ROOT}/Manifest.lock\" > /dev/null\nif [ $? != 0 ] ; then\n    # print error to STDERR\n    echo \"error: The sandbox is not in sync with the Podfile.lock. Run 'pod install' or update your CocoaPods installation.\" >&2\n    exit 1\nfi\n# This output is used by Xcode 'outputs' to avoid re-running this script phase.\necho \"SUCCESS\" > \"${SCRIPT_OUTPUT_FILE_0}\"\n";
			showEnvVarsInLog = 0;
		};
/* End PBXShellScriptBuildPhase section */

/* Begin PBXSourcesBuildPhase section */
		6003F586195388D20070C39A /* Sources */ = {
			isa = PBXSourcesBuildPhase;
			buildActionMask = 2147483647;
			files = (
				5D32E7CD204958B100ED235A /* NSData+Category.m in Sources */,
				5D121F3024892D120016E773 /* HWDB.m in Sources */,
				5D26D110204EB23A00DDDEE9 /* HWRouterViewController.m in Sources */,
				5D32E7BD204958B100ED235A /* NSMutableString+Category.m in Sources */,
				5D32E7CB204958B100ED235A /* UIGestureRecognizer+Category.m in Sources */,
				5D121F3224892D120016E773 /* HWDB+NSObject.m in Sources */,
				5DCFDE702048FC7A000DF646 /* HWRootViewController.m in Sources */,
				5D2F6BF421FB038900105E55 /* HWWebViewController+JavaScript.m in Sources */,
				5DEAD584248E33E900D5D595 /* ServiceInfo.m in Sources */,
				5D26D116204EB5FC00DDDEE9 /* HWRouterSubViewController2.m in Sources */,
				5D32E7B2204958B100ED235A /* UITableView+ViewModel.m in Sources */,
				5DEAD548248E25DE00D5D595 /* NSObject+Hook.m in Sources */,
				5D32E7AF204958B100ED235A /* HWTableViewDataSource.m in Sources */,
				5D32E7BA204958B100ED235A /* HWXYGraphInteractionView.m in Sources */,
				5D32E7D2204958B100ED235A /* NSObject+Category.m in Sources */,
				5D2F6BE321FAFDC400105E55 /* UIWebView+Category.m in Sources */,
				5DEAD58B248E33E900D5D595 /* ServerMangerViewController.m in Sources */,
				5D32E7C9204958B100ED235A /* UIDevice+Category.m in Sources */,
				5D32E7C0204958B100ED235A /* UIView+Utils.m in Sources */,
				5D32E7BB204958B100ED235A /* HWXYGraphHostingView.m in Sources */,
				5D121F262488F0AE0016E773 /* NSObject+Rumtime.m in Sources */,
				5D32E7DA204958B100ED235A /* HWFileHelper.m in Sources */,
				5D32E7D6204958B100ED235A /* NSTimer+Category.m in Sources */,
				5D32E7B6204958B100ED235A /* HWInteractiveModalTransitionViewController.m in Sources */,
				5D32E7D4204958B100ED235A /* UITableViewCell+Category.m in Sources */,
				5D32E7C7204958B100ED235A /* UIControl+Category.m in Sources */,
				5D32E7B0204958B100ED235A /* HWTableViewViewModel.m in Sources */,
				5D32E7D3204958B100ED235A /* UIColor+Category.m in Sources */,
				5D26D113204EB5F200DDDEE9 /* HWRouterSubViewController1.m in Sources */,
				5D2F6BDE21FAFDC400105E55 /* HWWebViewController.m in Sources */,
				5D32E7BF204958B100ED235A /* NSDate+Category.m in Sources */,
				5D32E7B9204958B100ED235A /* CPTXYAxis+Category.m in Sources */,
				5DEAD593248E374E00D5D595 /* HWHTTPServer.m in Sources */,
				5DEAD585248E33E900D5D595 /* ServiceInfoViewController.m in Sources */,
				5D424C03204D395B000214C3 /* UIApplication+Category.m in Sources */,
				6003F59E195388D20070C39A /* HWAppDelegate.m in Sources */,
				6003F5A7195388D20070C39A /* HWViewController.m in Sources */,
				5D32E7B1204958B100ED235A /* HWTableViewDelegate.m in Sources */,
				5D32E7C6204958B100ED235A /* UIButton+Category.m in Sources */,
				5D2F6BF721FB038900105E55 /* HWWebViewController+Router.m in Sources */,
				5D32E7CA204958B100ED235A /* UIBarButtonItem+Category.m in Sources */,
				5D1A493823CF13F60047DC26 /* BSBacktraceLogger.m in Sources */,
				5D2F6BF521FB038900105E55 /* HWWebViewController+UIGestureRecognizer.m in Sources */,
				5D32E7D8204958B100ED235A /* HWSandboxBrowserViewController.m in Sources */,
				5D2F6BF621FB038900105E55 /* HWWebViewController+Cookie.m in Sources */,
				5DEAD594248E374E00D5D595 /* HWHTTPServerManager.m in Sources */,
				5D26D119204EB60A00DDDEE9 /* HWRouterSubViewController3.m in Sources */,
				5D32E7D7204958B100ED235A /* NSMutableAttributedString+Category.m in Sources */,
				5DEAD569248E33A400D5D595 /* HWFileContentBrowserViewController.m in Sources */,
				5DEAD592248E374E00D5D595 /* HWNetServiceBrowser.m in Sources */,
				5D32E7D5204958B100ED235A /* NSAttributedString+Category.m in Sources */,
				5DB0A7082489EBEA00B1D263 /* HWTabBar.m in Sources */,
				5D121F37248936390016E773 /* HWRouter.m in Sources */,
				5DCFDE732048FD69000DF646 /* HWGraphicViewController.m in Sources */,
				5D32E7DB204958B100ED235A /* HWDirectoryWatcher.m in Sources */,
				5D32E7B7204958B100ED235A /* HWInteractiveModalTransition.m in Sources */,
				5D32E7B4204958B100ED235A /* HWDatePicker.m in Sources */,
				5DEAD588248E33E900D5D595 /* FindServiceViewController.m in Sources */,
				5D32E7B5204958B100ED235A /* HWCountDownButton.m in Sources */,
				5D1A493523CEC6200047DC26 /* HWStuckMonitor.m in Sources */,
				5DFF06D420C540FD0023F3A2 /* HWRunLoopObserver.m in Sources */,
				6003F59A195388D20070C39A /* main.m in Sources */,
				5DFF06D720C544270023F3A2 /* HWRunLoopSource.m in Sources */,
				5DEAD568248E33A400D5D595 /* HWFileBrowserViewController.m in Sources */,
				5D32E7CE204958B100ED235A /* UIViewController+Category.m in Sources */,
				5D32E7CC204958B100ED235A /* NSString+Category.m in Sources */,
				5D32E7BE204958B100ED235A /* UIImageView+Category.m in Sources */,
				5D32E7C4204958B100ED235A /* UIImage+Category.m in Sources */,
				5D121F3324892D120016E773 /* NSString+SQL.m in Sources */,
				5D32E7C3204958B100ED235A /* UITableView+Category.m in Sources */,
				5D32E7C5204958B100ED235A /* UINavigationController+Category.m in Sources */,
				5D32E7D1204958B100ED235A /* UIGraphics+Extension.m in Sources */,
				5D32E7C1204958B100ED235A /* NSArray+Category.m in Sources */,
				5D121F3124892D120016E773 /* HWDBTypes.m in Sources */,
				5D2F6BE621FAFDC400105E55 /* WKWebView+Category.m in Sources */,
				5D959E9620B2A07800B98F33 /* HWOperationGroup.m in Sources */,
				5D57EBEF22642C030035112B /* HWWebBrowser.m in Sources */,
				5D32E7B8204958B100ED235A /* HWInteractiveModalTransitionNavigationController.m in Sources */,
			);
			runOnlyForDeploymentPostprocessing = 0;
		};
		6003F5AA195388D20070C39A /* Sources */ = {
			isa = PBXSourcesBuildPhase;
			buildActionMask = 2147483647;
			files = (
				6003F5BC195388D20070C39A /* Tests.m in Sources */,
			);
			runOnlyForDeploymentPostprocessing = 0;
		};
/* End PBXSourcesBuildPhase section */

/* Begin PBXTargetDependency section */
		6003F5B4195388D20070C39A /* PBXTargetDependency */ = {
			isa = PBXTargetDependency;
			target = 6003F589195388D20070C39A /* HWExtension_Example */;
			targetProxy = 6003F5B3195388D20070C39A /* PBXContainerItemProxy */;
		};
/* End PBXTargetDependency section */

/* Begin PBXVariantGroup section */
		6003F596195388D20070C39A /* InfoPlist.strings */ = {
			isa = PBXVariantGroup;
			children = (
				6003F597195388D20070C39A /* en */,
			);
			name = InfoPlist.strings;
			sourceTree = "<group>";
		};
		6003F5B8195388D20070C39A /* InfoPlist.strings */ = {
			isa = PBXVariantGroup;
			children = (
				6003F5B9195388D20070C39A /* en */,
			);
			name = InfoPlist.strings;
			sourceTree = "<group>";
		};
		71719F9D1E33DC2100824A3D /* LaunchScreen.storyboard */ = {
			isa = PBXVariantGroup;
			children = (
				71719F9E1E33DC2100824A3D /* Base */,
			);
			name = LaunchScreen.storyboard;
			sourceTree = "<group>";
		};
/* End PBXVariantGroup section */

/* Begin XCBuildConfiguration section */
		6003F5BD195388D20070C39A /* Debug */ = {
			isa = XCBuildConfiguration;
			buildSettings = {
				ALWAYS_SEARCH_USER_PATHS = "$(inherited)";
				CLANG_ANALYZER_LOCALIZABILITY_NONLOCALIZED = YES;
				CLANG_CXX_LANGUAGE_STANDARD = "gnu++0x";
				CLANG_CXX_LIBRARY = "libc++";
				CLANG_ENABLE_MODULES = YES;
				CLANG_ENABLE_OBJC_ARC = YES;
				CLANG_WARN_BLOCK_CAPTURE_AUTORELEASING = YES;
				CLANG_WARN_BOOL_CONVERSION = YES;
				CLANG_WARN_COMMA = YES;
				CLANG_WARN_CONSTANT_CONVERSION = YES;
				CLANG_WARN_DEPRECATED_OBJC_IMPLEMENTATIONS = YES;
				CLANG_WARN_DIRECT_OBJC_ISA_USAGE = YES_ERROR;
				CLANG_WARN_EMPTY_BODY = YES;
				CLANG_WARN_ENUM_CONVERSION = YES;
				CLANG_WARN_INFINITE_RECURSION = YES;
				CLANG_WARN_INT_CONVERSION = YES;
				CLANG_WARN_NON_LITERAL_NULL_CONVERSION = YES;
				CLANG_WARN_OBJC_IMPLICIT_RETAIN_SELF = YES;
				CLANG_WARN_OBJC_LITERAL_CONVERSION = YES;
				CLANG_WARN_OBJC_ROOT_CLASS = YES_ERROR;
				CLANG_WARN_RANGE_LOOP_ANALYSIS = YES;
				CLANG_WARN_STRICT_PROTOTYPES = YES;
				CLANG_WARN_SUSPICIOUS_MOVE = YES;
				CLANG_WARN_UNREACHABLE_CODE = YES;
				CLANG_WARN__DUPLICATE_METHOD_MATCH = YES;
				"CODE_SIGN_IDENTITY[sdk=iphoneos*]" = "iPhone Developer";
				COPY_PHASE_STRIP = NO;
				ENABLE_STRICT_OBJC_MSGSEND = YES;
				ENABLE_TESTABILITY = YES;
				GCC_C_LANGUAGE_STANDARD = gnu99;
				GCC_DYNAMIC_NO_PIC = NO;
				GCC_NO_COMMON_BLOCKS = YES;
				GCC_OPTIMIZATION_LEVEL = 0;
				GCC_PREPROCESSOR_DEFINITIONS = (
					"DEBUG=1",
					"$(inherited)",
				);
				GCC_SYMBOLS_PRIVATE_EXTERN = NO;
				GCC_WARN_64_TO_32_BIT_CONVERSION = YES;
				GCC_WARN_ABOUT_RETURN_TYPE = YES_ERROR;
				GCC_WARN_UNDECLARED_SELECTOR = YES;
				GCC_WARN_UNINITIALIZED_AUTOS = YES_AGGRESSIVE;
				GCC_WARN_UNUSED_FUNCTION = YES;
				GCC_WARN_UNUSED_VARIABLE = YES;
				IPHONEOS_DEPLOYMENT_TARGET = 8.0;
				ONLY_ACTIVE_ARCH = YES;
				SDKROOT = iphoneos;
				TARGETED_DEVICE_FAMILY = "1,2";
			};
			name = Debug;
		};
		6003F5BE195388D20070C39A /* Release */ = {
			isa = XCBuildConfiguration;
			buildSettings = {
				ALWAYS_SEARCH_USER_PATHS = "$(inherited)";
				CLANG_ANALYZER_LOCALIZABILITY_NONLOCALIZED = YES;
				CLANG_CXX_LANGUAGE_STANDARD = "gnu++0x";
				CLANG_CXX_LIBRARY = "libc++";
				CLANG_ENABLE_MODULES = YES;
				CLANG_ENABLE_OBJC_ARC = YES;
				CLANG_WARN_BLOCK_CAPTURE_AUTORELEASING = YES;
				CLANG_WARN_BOOL_CONVERSION = YES;
				CLANG_WARN_COMMA = YES;
				CLANG_WARN_CONSTANT_CONVERSION = YES;
				CLANG_WARN_DEPRECATED_OBJC_IMPLEMENTATIONS = YES;
				CLANG_WARN_DIRECT_OBJC_ISA_USAGE = YES_ERROR;
				CLANG_WARN_EMPTY_BODY = YES;
				CLANG_WARN_ENUM_CONVERSION = YES;
				CLANG_WARN_INFINITE_RECURSION = YES;
				CLANG_WARN_INT_CONVERSION = YES;
				CLANG_WARN_NON_LITERAL_NULL_CONVERSION = YES;
				CLANG_WARN_OBJC_IMPLICIT_RETAIN_SELF = YES;
				CLANG_WARN_OBJC_LITERAL_CONVERSION = YES;
				CLANG_WARN_OBJC_ROOT_CLASS = YES_ERROR;
				CLANG_WARN_RANGE_LOOP_ANALYSIS = YES;
				CLANG_WARN_STRICT_PROTOTYPES = YES;
				CLANG_WARN_SUSPICIOUS_MOVE = YES;
				CLANG_WARN_UNREACHABLE_CODE = YES;
				CLANG_WARN__DUPLICATE_METHOD_MATCH = YES;
				"CODE_SIGN_IDENTITY[sdk=iphoneos*]" = "iPhone Developer";
				COPY_PHASE_STRIP = YES;
				ENABLE_NS_ASSERTIONS = NO;
				ENABLE_STRICT_OBJC_MSGSEND = YES;
				GCC_C_LANGUAGE_STANDARD = gnu99;
				GCC_NO_COMMON_BLOCKS = YES;
				GCC_WARN_64_TO_32_BIT_CONVERSION = YES;
				GCC_WARN_ABOUT_RETURN_TYPE = YES_ERROR;
				GCC_WARN_UNDECLARED_SELECTOR = YES;
				GCC_WARN_UNINITIALIZED_AUTOS = YES_AGGRESSIVE;
				GCC_WARN_UNUSED_FUNCTION = YES;
				GCC_WARN_UNUSED_VARIABLE = YES;
				IPHONEOS_DEPLOYMENT_TARGET = 8.0;
				SDKROOT = iphoneos;
				TARGETED_DEVICE_FAMILY = "1,2";
				VALIDATE_PRODUCT = YES;
			};
			name = Release;
		};
		6003F5C0195388D20070C39A /* Debug */ = {
			isa = XCBuildConfiguration;
			baseConfigurationReference = D6EBF08E5B80CB83815053D5 /* Pods-HWExtension_Example.debug.xcconfig */;
			buildSettings = {
				ALWAYS_SEARCH_USER_PATHS = "$(inherited)";
				ASSETCATALOG_COMPILER_APPICON_NAME = AppIcon;
				CODE_SIGN_IDENTITY = "Apple Development";
				CODE_SIGN_STYLE = Manual;
				DEVELOPMENT_TEAM = "";
				GCC_PRECOMPILE_PREFIX_HEADER = YES;
				GCC_PREFIX_HEADER = "HWExtension/HWExtension-Prefix.pch";
				INFOPLIST_FILE = "HWExtension/HWExtension-Info.plist";
				IPHONEOS_DEPLOYMENT_TARGET = 8.0;
				MODULE_NAME = ExampleApp;
				PRODUCT_BUNDLE_IDENTIFIER = com.HWExtension;
				PRODUCT_NAME = "$(TARGET_NAME)";
				PROVISIONING_PROFILE_SPECIFIER = "";
				USER_HEADER_SEARCH_PATHS = "";
				WRAPPER_EXTENSION = app;
			};
			name = Debug;
		};
		6003F5C1195388D20070C39A /* Release */ = {
			isa = XCBuildConfiguration;
			baseConfigurationReference = 7CB1FE25F73CF540978F8D0C /* Pods-HWExtension_Example.release.xcconfig */;
			buildSettings = {
				ALWAYS_SEARCH_USER_PATHS = "$(inherited)";
				ASSETCATALOG_COMPILER_APPICON_NAME = AppIcon;
				CODE_SIGN_IDENTITY = "Apple Development";
				CODE_SIGN_STYLE = Manual;
				DEVELOPMENT_TEAM = "";
				GCC_PRECOMPILE_PREFIX_HEADER = YES;
				GCC_PREFIX_HEADER = "HWExtension/HWExtension-Prefix.pch";
				INFOPLIST_FILE = "HWExtension/HWExtension-Info.plist";
				IPHONEOS_DEPLOYMENT_TARGET = 8.0;
				MODULE_NAME = ExampleApp;
				PRODUCT_BUNDLE_IDENTIFIER = com.HWExtension;
				PRODUCT_NAME = "$(TARGET_NAME)";
				PROVISIONING_PROFILE_SPECIFIER = "";
				USER_HEADER_SEARCH_PATHS = "";
				WRAPPER_EXTENSION = app;
			};
			name = Release;
		};
		6003F5C3195388D20070C39A /* Debug */ = {
			isa = XCBuildConfiguration;
			baseConfigurationReference = 19D44659F49D27AABC24C560 /* Pods-HWExtension_Tests.debug.xcconfig */;
			buildSettings = {
				BUNDLE_LOADER = "$(TEST_HOST)";
				FRAMEWORK_SEARCH_PATHS = (
					"$(SDKROOT)/Developer/Library/Frameworks",
					"$(inherited)",
					"$(DEVELOPER_FRAMEWORKS_DIR)",
				);
				GCC_PRECOMPILE_PREFIX_HEADER = YES;
				GCC_PREFIX_HEADER = "Tests/Tests-Prefix.pch";
				GCC_PREPROCESSOR_DEFINITIONS = (
					"DEBUG=1",
					"$(inherited)",
				);
				INFOPLIST_FILE = "Tests/Tests-Info.plist";
				PRODUCT_BUNDLE_IDENTIFIER = "org.cocoapods.demo.${PRODUCT_NAME:rfc1034identifier}";
				PRODUCT_NAME = "$(TARGET_NAME)";
				TEST_HOST = "$(BUILT_PRODUCTS_DIR)/HWExtension_Example.app/HWExtension_Example";
				WRAPPER_EXTENSION = xctest;
			};
			name = Debug;
		};
		6003F5C4195388D20070C39A /* Release */ = {
			isa = XCBuildConfiguration;
			baseConfigurationReference = FD5C99D83DBE25687467D07D /* Pods-HWExtension_Tests.release.xcconfig */;
			buildSettings = {
				BUNDLE_LOADER = "$(TEST_HOST)";
				FRAMEWORK_SEARCH_PATHS = (
					"$(SDKROOT)/Developer/Library/Frameworks",
					"$(inherited)",
					"$(DEVELOPER_FRAMEWORKS_DIR)",
				);
				GCC_PRECOMPILE_PREFIX_HEADER = YES;
				GCC_PREFIX_HEADER = "Tests/Tests-Prefix.pch";
				INFOPLIST_FILE = "Tests/Tests-Info.plist";
				PRODUCT_BUNDLE_IDENTIFIER = "org.cocoapods.demo.${PRODUCT_NAME:rfc1034identifier}";
				PRODUCT_NAME = "$(TARGET_NAME)";
				TEST_HOST = "$(BUILT_PRODUCTS_DIR)/HWExtension_Example.app/HWExtension_Example";
				WRAPPER_EXTENSION = xctest;
			};
			name = Release;
		};
/* End XCBuildConfiguration section */

/* Begin XCConfigurationList section */
		6003F585195388D10070C39A /* Build configuration list for PBXProject "HWExtension" */ = {
			isa = XCConfigurationList;
			buildConfigurations = (
				6003F5BD195388D20070C39A /* Debug */,
				6003F5BE195388D20070C39A /* Release */,
			);
			defaultConfigurationIsVisible = 0;
			defaultConfigurationName = Release;
		};
		6003F5BF195388D20070C39A /* Build configuration list for PBXNativeTarget "HWExtension_Example" */ = {
			isa = XCConfigurationList;
			buildConfigurations = (
				6003F5C0195388D20070C39A /* Debug */,
				6003F5C1195388D20070C39A /* Release */,
			);
			defaultConfigurationIsVisible = 0;
			defaultConfigurationName = Release;
		};
		6003F5C2195388D20070C39A /* Build configuration list for PBXNativeTarget "HWExtension_Tests" */ = {
			isa = XCConfigurationList;
			buildConfigurations = (
				6003F5C3195388D20070C39A /* Debug */,
				6003F5C4195388D20070C39A /* Release */,
			);
			defaultConfigurationIsVisible = 0;
			defaultConfigurationName = Release;
		};
/* End XCConfigurationList section */
	};
	rootObject = 6003F582195388D10070C39A /* Project object */;
}
